<?xml version="1.0" encoding="utf-8"?>
<Project ToolsVersion="4.0" xmlns="http://schemas.microsoft.com/developer/msbuild/2003">
  <ItemGroup>
    <Filter Include="source">
      <UniqueIdentifier>{b284cbb7-06b7-4f93-a57f-41c37cfa34b8}</UniqueIdentifier>
    </Filter>
    <Filter Include="documents">
      <UniqueIdentifier>{7806b15f-b184-4d37-b876-dcb054d46e60}</UniqueIdentifier>
    </Filter>
    <Filter Include="documents\doc">
      <UniqueIdentifier>{0d6a0a70-c6e3-4708-b40a-5925e01172c3}</UniqueIdentifier>
    </Filter>
    <Filter Include="documents\res">
      <UniqueIdentifier>{dc756de2-0408-4d7d-b7e5-44e9b18b6353}</UniqueIdentifier>
    </Filter>
  </ItemGroup>
  <ItemGroup>
    <ClCompile Include="$(MSBuildThisFileDirectory)..\..\nfSupportingCode\fatfs\source\ff.c">
      <Filter>source</Filter>
    </ClCompile>
    <ClCompile Include="$(MSBuildThisFileDirectory)..\..\nfSupportingCode\fatfs\source\ffsystem.c">
      <Filter>source</Filter>
    </ClCompile>
    <ClCompile Include="$(MSBuildThisFileDirectory)..\..\nfSupportingCode\fatfs\source\ffunicode.c">
      <Filter>source</Filter>
    </ClCompile>
    <ClCompile Include="$(MSBuildThisFileDirectory)..\..\nfSupportingCode\fatfs\source\diskio.c">
      <Filter>source</Filter>
    </ClCompile>
    <ClCompile Include="$(MSBuildThisFileDirectory)..\..\nfSupportingCode\fatfs\documents\res\app3.c">
      <Filter>documents\res</Filter>
    </ClCompile>
    <ClCompile Include="$(MSBuildThisFileDirectory)..\..\nfSupportingCode\fatfs\documents\res\app4.c">
      <Filter>documents\res</Filter>
    </ClCompile>
    <ClCompile Include="$(MSBuildThisFileDirectory)..\..\nfSupportingCode\fatfs\documents\res\app5.c">
      <Filter>documents\res</Filter>
    </ClCompile>
    <ClCompile Include="$(MSBuildThisFileDirectory)..\..\nfSupportingCode\fatfs\documents\res\app6.c">
      <Filter>documents\res</Filter>
    </ClCompile>
    <ClCompile Include="$(MSBuildThisFileDirectory)..\..\nfSupportingCode\fatfs\documents\res\app1.c">
      <Filter>documents\res</Filter>
    </ClCompile>
    <ClCompile Include="$(MSBuildThisFileDirectory)..\..\nfSupportingCode\fatfs\documents\res\app2.c">
      <Filter>documents\res</Filter>
    </ClCompile>
  </ItemGroup>
  <ItemGroup>
    <ClInclude Include="$(MSBuildThisFileDirectory)..\..\nfSupportingCode\fatfs\source\ff.h">
      <Filter>source</Filter>
    </ClInclude>
    <ClInclude Include="$(MSBuildThisFileDirectory)..\..\nfSupportingCode\fatfs\source\ffconf.h">
      <Filter>source</Filter>
    </ClInclude>
    <ClInclude Include="$(MSBuildThisFileDirectory)..\..\nfSupportingCode\fatfs\source\diskio.h">
      <Filter>source</Filter>
    </ClInclude>
  </ItemGroup>
  <ItemGroup>
    <Text Include="$(MSBuildThisFileDirectory)..\..\nfSupportingCode\fatfs\source\00history.txt">
      <Filter>source</Filter>
    </Text>
    <Text Include="$(MSBuildThisFileDirectory)..\..\nfSupportingCode\fatfs\source\00readme.txt">
      <Filter>source</Filter>
    </Text>
    <Text Include="$(MSBuildThisFileDirectory)..\..\nfSupportingCode\fatfs\documents\updates.txt">
      <Filter>documents</Filter>
    </Text>
    <Text Include="$(MSBuildThisFileDirectory)..\..\nfSupportingCode\fatfs\LICENSE.txt" />
  </ItemGroup>
  <ItemGroup>
    <None Include="$(MSBuildThisFileDirectory)..\..\nfSupportingCode\fatfs\documents\00index_e.html">
      <Filter>documents</Filter>
    </None>
    <None Include="$(MSBuildThisFileDirectory)..\..\nfSupportingCode\fatfs\documents\css_e.css">
      <Filter>documents</Filter>
    </None>
    <None Include="$(MSBuildThisFileDirectory)..\..\nfSupportingCode\fatfs\documents\doc\appnote.html">
      <Filter>documents\doc</Filter>
    </None>
    <None Include="$(MSBuildThisFileDirectory)..\..\nfSupportingCode\fatfs\documents\doc\chdir.html">
      <Filter>documents\doc</Filter>
    </None>
    <None Include="$(MSBuildThisFileDirectory)..\..\nfSupportingCode\fatfs\documents\doc\chdrive.html">
      <Filter>documents\doc</Filter>
    </None>
    <None Include="$(MSBuildThisFileDirectory)..\..\nfSupportingCode\fatfs\documents\doc\chmod.html">
      <Filter>documents\doc</Filter>
    </None>
    <None Include="$(MSBuildThisFileDirectory)..\..\nfSupportingCode\fatfs\documents\doc\close.html">
      <Filter>documents\doc</Filter>
    </None>
    <None Include="$(MSBuildThisFileDirectory)..\..\nfSupportingCode\fatfs\documents\doc\closedir.html">
      <Filter>documents\doc</Filter>
    </None>
    <None Include="$(MSBuildThisFileDirectory)..\..\nfSupportingCode\fatfs\documents\doc\config.html">
      <Filter>documents\doc</Filter>
    </None>
    <None Include="$(MSBuildThisFileDirectory)..\..\nfSupportingCode\fatfs\documents\doc\dinit.html">
      <Filter>documents\doc</Filter>
    </None>
    <None Include="$(MSBuildThisFileDirectory)..\..\nfSupportingCode\fatfs\documents\doc\dioctl.html">
      <Filter>documents\doc</Filter>
    </None>
    <None Include="$(MSBuildThisFileDirectory)..\..\nfSupportingCode\fatfs\documents\doc\dread.html">
      <Filter>documents\doc</Filter>
    </None>
    <None Include="$(MSBuildThisFileDirectory)..\..\nfSupportingCode\fatfs\documents\doc\dstat.html">
      <Filter>documents\doc</Filter>
    </None>
    <None Include="$(MSBuildThisFileDirectory)..\..\nfSupportingCode\fatfs\documents\doc\dwrite.html">
      <Filter>documents\doc</Filter>
    </None>
    <None Include="$(MSBuildThisFileDirectory)..\..\nfSupportingCode\fatfs\documents\doc\eof.html">
      <Filter>documents\doc</Filter>
    </None>
    <None Include="$(MSBuildThisFileDirectory)..\..\nfSupportingCode\fatfs\documents\doc\error.html">
      <Filter>documents\doc</Filter>
    </None>
    <None Include="$(MSBuildThisFileDirectory)..\..\nfSupportingCode\fatfs\documents\doc\expand.html">
      <Filter>documents\doc</Filter>
    </None>
    <None Include="$(MSBuildThisFileDirectory)..\..\nfSupportingCode\fatfs\documents\doc\fattime.html">
      <Filter>documents\doc</Filter>
    </None>
    <None Include="$(MSBuildThisFileDirectory)..\..\nfSupportingCode\fatfs\documents\doc\fdisk.html">
      <Filter>documents\doc</Filter>
    </None>
    <None Include="$(MSBuildThisFileDirectory)..\..\nfSupportingCode\fatfs\documents\doc\filename.html">
      <Filter>documents\doc</Filter>
    </None>
    <None Include="$(MSBuildThisFileDirectory)..\..\nfSupportingCode\fatfs\documents\doc\findfirst.html">
      <Filter>documents\doc</Filter>
    </None>
    <None Include="$(MSBuildThisFileDirectory)..\..\nfSupportingCode\fatfs\documents\doc\findnext.html">
      <Filter>documents\doc</Filter>
    </None>
    <None Include="$(MSBuildThisFileDirectory)..\..\nfSupportingCode\fatfs\documents\doc\forward.html">
      <Filter>documents\doc</Filter>
    </None>
    <None Include="$(MSBuildThisFileDirectory)..\..\nfSupportingCode\fatfs\documents\doc\getcwd.html">
      <Filter>documents\doc</Filter>
    </None>
    <None Include="$(MSBuildThisFileDirectory)..\..\nfSupportingCode\fatfs\documents\doc\getfree.html">
      <Filter>documents\doc</Filter>
    </None>
    <None Include="$(MSBuildThisFileDirectory)..\..\nfSupportingCode\fatfs\documents\doc\getlabel.html">
      <Filter>documents\doc</Filter>
    </None>
    <None Include="$(MSBuildThisFileDirectory)..\..\nfSupportingCode\fatfs\documents\doc\gets.html">
      <Filter>documents\doc</Filter>
    </None>
    <None Include="$(MSBuildThisFileDirectory)..\..\nfSupportingCode\fatfs\documents\doc\lseek.html">
      <Filter>documents\doc</Filter>
    </None>
    <None Include="$(MSBuildThisFileDirectory)..\..\nfSupportingCode\fatfs\documents\doc\mkdir.html">
      <Filter>documents\doc</Filter>
    </None>
    <None Include="$(MSBuildThisFileDirectory)..\..\nfSupportingCode\fatfs\documents\doc\mkfs.html">
      <Filter>documents\doc</Filter>
    </None>
    <None Include="$(MSBuildThisFileDirectory)..\..\nfSupportingCode\fatfs\documents\doc\mount.html">
      <Filter>documents\doc</Filter>
    </None>
    <None Include="$(MSBuildThisFileDirectory)..\..\nfSupportingCode\fatfs\documents\doc\open.html">
      <Filter>documents\doc</Filter>
    </None>
    <None Include="$(MSBuildThisFileDirectory)..\..\nfSupportingCode\fatfs\documents\doc\opendir.html">
      <Filter>documents\doc</Filter>
    </None>
    <None Include="$(MSBuildThisFileDirectory)..\..\nfSupportingCode\fatfs\documents\doc\printf.html">
      <Filter>documents\doc</Filter>
    </None>
    <None Include="$(MSBuildThisFileDirectory)..\..\nfSupportingCode\fatfs\documents\doc\putc.html">
      <Filter>documents\doc</Filter>
    </None>
    <None Include="$(MSBuildThisFileDirectory)..\..\nfSupportingCode\fatfs\documents\doc\puts.html">
      <Filter>documents\doc</Filter>
    </None>
    <None Include="$(MSBuildThisFileDirectory)..\..\nfSupportingCode\fatfs\documents\doc\rc.html">
      <Filter>documents\doc</Filter>
    </None>
    <None Include="$(MSBuildThisFileDirectory)..\..\nfSupportingCode\fatfs\documents\doc\read.html">
      <Filter>documents\doc</Filter>
    </None>
    <None Include="$(MSBuildThisFileDirectory)..\..\nfSupportingCode\fatfs\documents\doc\readdir.html">
      <Filter>documents\doc</Filter>
    </None>
    <None Include="$(MSBuildThisFileDirectory)..\..\nfSupportingCode\fatfs\documents\doc\rename.html">
      <Filter>documents\doc</Filter>
    </None>
    <None Include="$(MSBuildThisFileDirectory)..\..\nfSupportingCode\fatfs\documents\doc\sdir.html">
      <Filter>documents\doc</Filter>
    </None>
    <None Include="$(MSBuildThisFileDirectory)..\..\nfSupportingCode\fatfs\documents\doc\setcp.html">
      <Filter>documents\doc</Filter>
    </None>
    <None Include="$(MSBuildThisFileDirectory)..\..\nfSupportingCode\fatfs\documents\doc\setlabel.html">
      <Filter>documents\doc</Filter>
    </None>
    <None Include="$(MSBuildThisFileDirectory)..\..\nfSupportingCode\fatfs\documents\doc\sfatfs.html">
      <Filter>documents\doc</Filter>
    </None>
    <None Include="$(MSBuildThisFileDirectory)..\..\nfSupportingCode\fatfs\documents\doc\sfile.html">
      <Filter>documents\doc</Filter>
    </None>
    <None Include="$(MSBuildThisFileDirectory)..\..\nfSupportingCode\fatfs\documents\doc\sfileinfo.html">
      <Filter>documents\doc</Filter>
    </None>
    <None Include="$(MSBuildThisFileDirectory)..\..\nfSupportingCode\fatfs\documents\doc\size.html">
      <Filter>documents\doc</Filter>
    </None>
    <None Include="$(MSBuildThisFileDirectory)..\..\nfSupportingCode\fatfs\documents\doc\stat.html">
      <Filter>documents\doc</Filter>
    </None>
    <None Include="$(MSBuildThisFileDirectory)..\..\nfSupportingCode\fatfs\documents\doc\sync.html">
      <Filter>documents\doc</Filter>
    </None>
    <None Include="$(MSBuildThisFileDirectory)..\..\nfSupportingCode\fatfs\documents\doc\tell.html">
      <Filter>documents\doc</Filter>
    </None>
    <None Include="$(MSBuildThisFileDirectory)..\..\nfSupportingCode\fatfs\documents\doc\truncate.html">
      <Filter>documents\doc</Filter>
    </None>
    <None Include="$(MSBuildThisFileDirectory)..\..\nfSupportingCode\fatfs\documents\doc\unlink.html">
      <Filter>documents\doc</Filter>
    </None>
    <None Include="$(MSBuildThisFileDirectory)..\..\nfSupportingCode\fatfs\documents\doc\utime.html">
      <Filter>documents\doc</Filter>
    </None>
    <None Include="$(MSBuildThisFileDirectory)..\..\nfSupportingCode\fatfs\documents\doc\write.html">
      <Filter>documents\doc</Filter>
    </None>
    <None Include="$(MSBuildThisFileDirectory)..\..\nfSupportingCode\fatfs\documents\res\mkfatimg.zip">
      <Filter>documents\res</Filter>
    </None>
    <None Include="$(MSBuildThisFileDirectory)..\..\nfSupportingCode\fatfs\documents\res\mkfs.xlsx">
      <Filter>documents\res</Filter>
    </None>
    <None Include="$(MSBuildThisFileDirectory)..\..\nfSupportingCode\fatfs\README.md" />
  </ItemGroup>
  <ItemGroup>
    <Image Include="$(MSBuildThisFileDirectory)..\..\nfSupportingCode\fatfs\documents\res\f1.png">
      <Filter>documents\res</Filter>
    </Image>
    <Image Include="$(MSBuildThisFileDirectory)..\..\nfSupportingCode\fatfs\documents\res\f2.png">
      <Filter>documents\res</Filter>
    </Image>
    <Image Include="$(MSBuildThisFileDirectory)..\..\nfSupportingCode\fatfs\documents\res\f3.png">
      <Filter>documents\res</Filter>
    </Image>
    <Image Include="$(MSBuildThisFileDirectory)..\..\nfSupportingCode\fatfs\documents\res\f4.png">
      <Filter>documents\res</Filter>
    </Image>
    <Image Include="$(MSBuildThisFileDirectory)..\..\nfSupportingCode\fatfs\documents\res\f5.png">
      <Filter>documents\res</Filter>
    </Image>
    <Image Include="$(MSBuildThisFileDirectory)..\..\nfSupportingCode\fatfs\documents\res\f6.png">
      <Filter>documents\res</Filter>
    </Image>
    <Image Include="$(MSBuildThisFileDirectory)..\..\nfSupportingCode\fatfs\documents\res\f7.png">
      <Filter>documents\res</Filter>
    </Image>
    <Image Include="$(MSBuildThisFileDirectory)..\..\nfSupportingCode\fatfs\documents\res\funcs.png">
      <Filter>documents\res</Filter>
    </Image>
    <Image Include="$(MSBuildThisFileDirectory)..\..\nfSupportingCode\fatfs\documents\res\layers.png">
      <Filter>documents\res</Filter>
    </Image>
    <Image Include="$(MSBuildThisFileDirectory)..\..\nfSupportingCode\fatfs\documents\res\layers1.png">
      <Filter>documents\res</Filter>
    </Image>
    <Image Include="$(MSBuildThisFileDirectory)..\..\nfSupportingCode\fatfs\documents\res\layers2.png">
      <Filter>documents\res</Filter>
    </Image>
    <Image Include="$(MSBuildThisFileDirectory)..\..\nfSupportingCode\fatfs\documents\res\layers3.png">
      <Filter>documents\res</Filter>
    </Image>
    <Image Include="$(MSBuildThisFileDirectory)..\..\nfSupportingCode\fatfs\documents\res\modules.png">
      <Filter>documents\res</Filter>
    </Image>
    <Image Include="$(MSBuildThisFileDirectory)..\..\nfSupportingCode\fatfs\documents\res\rwtest1.png">
      <Filter>documents\res</Filter>
    </Image>
    <Image Include="$(MSBuildThisFileDirectory)..\..\nfSupportingCode\fatfs\documents\res\rwtest2.png">
      <Filter>documents\res</Filter>
    </Image>
    <Image Include="$(MSBuildThisFileDirectory)..\..\nfSupportingCode\fatfs\documents\res\rwtest3.png">
      <Filter>documents\res</Filter>
    </Image>
  </ItemGroup>
</Project>