<?xml version="1.0" encoding="utf-8"?>
<Project ToolsVersion="4.0" xmlns="http://schemas.microsoft.com/developer/msbuild/2003">
  <ItemGroup>
    <Filter Include="Source files">
      <UniqueIdentifier>{3f34694c-0c28-42bb-a1d6-b928808f6281}</UniqueIdentifier>
      <Extensions>cpp;c;cc;cxx;def;odl;idl;hpj;bat;asm;asmx</Extensions>
    </Filter>
    <Filter Include="Header files">
      <UniqueIdentifier>{15f05c0f-5530-4b83-981c-02e74112b00f}</UniqueIdentifier>
      <Extensions>h;hpp;hxx;hm;inl;inc;xsd</Extensions>
    </Filter>
    <Filter Include="Resource files">
      <UniqueIdentifier>{e96a21d5-7c83-42b3-9c3f-b2d8bbd176bd}</UniqueIdentifier>
      <Extensions>rc;ico;cur;bmp;dlg;rc2;rct;bin;rgs;gif;jpg;jpeg;jpe;resx;tiff;tif;png;wav</Extensions>
    </Filter>
    <Filter Include="Source files\Doc">
      <UniqueIdentifier>{68263146-9d89-44b1-afb9-def350257a25}</UniqueIdentifier>
    </Filter>
    <Filter Include="Source files\Drivers">
      <UniqueIdentifier>{f000477d-603c-4dc3-8a40-defb5dd7b534}</UniqueIdentifier>
    </Filter>
    <Filter Include="Source files\Drivers\CMSIS">
      <UniqueIdentifier>{f98ac441-021a-45f4-9bb1-625030aef8c8}</UniqueIdentifier>
    </Filter>
    <Filter Include="Source files\Drivers\STM32H7xx_HAL_Driver">
      <UniqueIdentifier>{f6f124a6-46a9-4d9e-b23d-e1b855df4854}</UniqueIdentifier>
    </Filter>
    <Filter Include="Source files\Drivers\BSP">
      <UniqueIdentifier>{4b4b5731-f2d2-4e85-9379-f197e25979a6}</UniqueIdentifier>
    </Filter>
    <Filter Include="Source files\Drivers\BSP\Components">
      <UniqueIdentifier>{7d20fd60-d37d-4124-b560-fa385a2fab82}</UniqueIdentifier>
    </Filter>
    <Filter Include="Source files\Drivers\BSP\STM32H7B3I-DK">
      <UniqueIdentifier>{9999503e-034c-4e53-b29b-51013759362b}</UniqueIdentifier>
    </Filter>
    <Filter Include="Source files\Example">
      <UniqueIdentifier>{c058d9bc-4d0e-4229-ad96-a70d9191e1ba}</UniqueIdentifier>
    </Filter>
    <Filter Include="Source files\Example\User">
      <UniqueIdentifier>{79c72952-fc11-4094-b4b0-5e3b40efb573}</UniqueIdentifier>
    </Filter>
    <Filter Include="Source files\Device-specific files">
      <UniqueIdentifier>{ceeb3db7-26d4-4ff0-8f07-52fd4a103820}</UniqueIdentifier>
    </Filter>
    <Filter Include="Header files\Doc">
      <UniqueIdentifier>{e88758c0-9ce9-4c32-8456-63f7fd1e4022}</UniqueIdentifier>
    </Filter>
    <Filter Include="Header files\Drivers">
      <UniqueIdentifier>{acc604d4-0782-4d3a-9c15-4e1a6a2ca45e}</UniqueIdentifier>
    </Filter>
    <Filter Include="Header files\Drivers\CMSIS">
      <UniqueIdentifier>{73468d30-3582-4453-ab8a-8e3835e2e445}</UniqueIdentifier>
    </Filter>
    <Filter Include="Header files\Drivers\STM32H7xx_HAL_Driver">
      <UniqueIdentifier>{327a8e99-4133-4b81-b93b-06d19c3d4ae3}</UniqueIdentifier>
    </Filter>
    <Filter Include="Header files\Drivers\BSP">
      <UniqueIdentifier>{888b3182-bf14-4c7c-8681-ee883ce40d3a}</UniqueIdentifier>
    </Filter>
    <Filter Include="Header files\Drivers\BSP\Components">
      <UniqueIdentifier>{c0c1d1f0-062f-43b4-8ca3-b1a804269390}</UniqueIdentifier>
    </Filter>
    <Filter Include="Header files\Drivers\BSP\STM32H7B3I-DK">
      <UniqueIdentifier>{955cbccd-eb7e-405a-af1a-727b27d3885a}</UniqueIdentifier>
    </Filter>
    <Filter Include="Header files\Example">
      <UniqueIdentifier>{87a51cad-5722-49e5-9135-e718d904f0c4}</UniqueIdentifier>
    </Filter>
    <Filter Include="Header files\Example\User">
      <UniqueIdentifier>{ab2d6013-0f39-45ae-acf5-7f5febe6af9b}</UniqueIdentifier>
    </Filter>
    <Filter Include="Header files\Device-specific files">
      <UniqueIdentifier>{36ab9266-429c-434d-87c9-45e86f792f2b}</UniqueIdentifier>
    </Filter>
    <Filter Include="VisualGDB settings">
      <UniqueIdentifier>{b5e4a071-c027-4b91-8c2e-cbb3ecf4cc6d}</UniqueIdentifier>
    </Filter>
  </ItemGroup>
  <ItemGroup>
    <None Include="..\ExternalRepositories\STM32CubeH7\Projects\STM32H7B3I-DK\Examples_MIX\DMA2D\DMA2D_MemToMemWithLCD\readme.txt">
      <Filter>Source files\Doc</Filter>
    </None>
    <ClCompile Include="..\ExternalRepositories\STM32CubeH7\Projects\STM32H7B3I-DK\Examples_MIX\DMA2D\DMA2D_MemToMemWithLCD\Src\system_stm32h7xx.c">
      <Filter>Source files\Drivers\CMSIS</Filter>
    </ClCompile>
    <ClCompile Include="..\ExternalRepositories\STM32CubeH7\Drivers\STM32H7xx_HAL_Driver\Src\stm32h7xx_hal.c">
      <Filter>Source files\Drivers\STM32H7xx_HAL_Driver</Filter>
    </ClCompile>
    <ClCompile Include="..\ExternalRepositories\STM32CubeH7\Drivers\STM32H7xx_HAL_Driver\Src\stm32h7xx_hal_cortex.c">
      <Filter>Source files\Drivers\STM32H7xx_HAL_Driver</Filter>
    </ClCompile>
    <ClCompile Include="..\ExternalRepositories\STM32CubeH7\Drivers\STM32H7xx_HAL_Driver\Src\stm32h7xx_hal_dma.c">
      <Filter>Source files\Drivers\STM32H7xx_HAL_Driver</Filter>
    </ClCompile>
    <ClCompile Include="..\ExternalRepositories\STM32CubeH7\Drivers\STM32H7xx_HAL_Driver\Src\stm32h7xx_hal_dma_ex.c">
      <Filter>Source files\Drivers\STM32H7xx_HAL_Driver</Filter>
    </ClCompile>
    <ClCompile Include="..\ExternalRepositories\STM32CubeH7\Drivers\STM32H7xx_HAL_Driver\Src\stm32h7xx_hal_exti.c">
      <Filter>Source files\Drivers\STM32H7xx_HAL_Driver</Filter>
    </ClCompile>
    <ClCompile Include="..\ExternalRepositories\STM32CubeH7\Drivers\STM32H7xx_HAL_Driver\Src\stm32h7xx_hal_gpio.c">
      <Filter>Source files\Drivers\STM32H7xx_HAL_Driver</Filter>
    </ClCompile>
    <ClCompile Include="..\ExternalRepositories\STM32CubeH7\Drivers\STM32H7xx_HAL_Driver\Src\stm32h7xx_hal_i2c.c">
      <Filter>Source files\Drivers\STM32H7xx_HAL_Driver</Filter>
    </ClCompile>
    <ClCompile Include="..\ExternalRepositories\STM32CubeH7\Drivers\STM32H7xx_HAL_Driver\Src\stm32h7xx_hal_i2c_ex.c">
      <Filter>Source files\Drivers\STM32H7xx_HAL_Driver</Filter>
    </ClCompile>
    <ClCompile Include="..\ExternalRepositories\STM32CubeH7\Drivers\STM32H7xx_HAL_Driver\Src\stm32h7xx_hal_ltdc.c">
      <Filter>Source files\Drivers\STM32H7xx_HAL_Driver</Filter>
    </ClCompile>
    <ClCompile Include="..\ExternalRepositories\STM32CubeH7\Drivers\STM32H7xx_HAL_Driver\Src\stm32h7xx_hal_ltdc_ex.c">
      <Filter>Source files\Drivers\STM32H7xx_HAL_Driver</Filter>
    </ClCompile>
    <ClCompile Include="..\ExternalRepositories\STM32CubeH7\Drivers\STM32H7xx_HAL_Driver\Src\stm32h7xx_hal_mdma.c">
      <Filter>Source files\Drivers\STM32H7xx_HAL_Driver</Filter>
    </ClCompile>
    <ClCompile Include="..\ExternalRepositories\STM32CubeH7\Drivers\STM32H7xx_HAL_Driver\Src\stm32h7xx_hal_pwr.c">
      <Filter>Source files\Drivers\STM32H7xx_HAL_Driver</Filter>
    </ClCompile>
    <ClCompile Include="..\ExternalRepositories\STM32CubeH7\Drivers\STM32H7xx_HAL_Driver\Src\stm32h7xx_hal_pwr_ex.c">
      <Filter>Source files\Drivers\STM32H7xx_HAL_Driver</Filter>
    </ClCompile>
    <ClCompile Include="..\ExternalRepositories\STM32CubeH7\Drivers\STM32H7xx_HAL_Driver\Src\stm32h7xx_hal_rcc.c">
      <Filter>Source files\Drivers\STM32H7xx_HAL_Driver</Filter>
    </ClCompile>
    <ClCompile Include="..\ExternalRepositories\STM32CubeH7\Drivers\STM32H7xx_HAL_Driver\Src\stm32h7xx_hal_rcc_ex.c">
      <Filter>Source files\Drivers\STM32H7xx_HAL_Driver</Filter>
    </ClCompile>
    <ClCompile Include="..\ExternalRepositories\STM32CubeH7\Drivers\STM32H7xx_HAL_Driver\Src\stm32h7xx_hal_sdram.c">
      <Filter>Source files\Drivers\STM32H7xx_HAL_Driver</Filter>
    </ClCompile>
    <ClCompile Include="..\ExternalRepositories\STM32CubeH7\Drivers\STM32H7xx_HAL_Driver\Src\stm32h7xx_hal_tim.c">
      <Filter>Source files\Drivers\STM32H7xx_HAL_Driver</Filter>
    </ClCompile>
    <ClCompile Include="..\ExternalRepositories\STM32CubeH7\Drivers\STM32H7xx_HAL_Driver\Src\stm32h7xx_hal_tim_ex.c">
      <Filter>Source files\Drivers\STM32H7xx_HAL_Driver</Filter>
    </ClCompile>
    <ClCompile Include="..\ExternalRepositories\STM32CubeH7\Drivers\STM32H7xx_HAL_Driver\Src\stm32h7xx_ll_dma2d.c">
      <Filter>Source files\Drivers\STM32H7xx_HAL_Driver</Filter>
    </ClCompile>
    <ClCompile Include="..\ExternalRepositories\STM32CubeH7\Drivers\STM32H7xx_HAL_Driver\Src\stm32h7xx_ll_fmc.c">
      <Filter>Source files\Drivers\STM32H7xx_HAL_Driver</Filter>
    </ClCompile>
    <ClCompile Include="..\ExternalRepositories\STM32CubeH7\Drivers\BSP\Components\ft5336\ft5336.c">
      <Filter>Source files\Drivers\BSP\Components</Filter>
    </ClCompile>
    <ClCompile Include="..\ExternalRepositories\STM32CubeH7\Drivers\BSP\Components\ft5336\ft5336_reg.c">
      <Filter>Source files\Drivers\BSP\Components</Filter>
    </ClCompile>
    <ClCompile Include="..\ExternalRepositories\STM32CubeH7\Drivers\BSP\Components\is42s16800j\is42s16800j.c">
      <Filter>Source files\Drivers\BSP\Components</Filter>
    </ClCompile>
    <ClCompile Include="..\ExternalRepositories\STM32CubeH7\Drivers\BSP\STM32H7B3I-DK\stm32h7b3i_discovery.c">
      <Filter>Source files\Drivers\BSP\STM32H7B3I-DK</Filter>
    </ClCompile>
    <ClCompile Include="..\ExternalRepositories\STM32CubeH7\Drivers\BSP\STM32H7B3I-DK\stm32h7b3i_discovery_bus.c">
      <Filter>Source files\Drivers\BSP\STM32H7B3I-DK</Filter>
    </ClCompile>
    <ClCompile Include="..\ExternalRepositories\STM32CubeH7\Drivers\BSP\STM32H7B3I-DK\stm32h7b3i_discovery_lcd.c">
      <Filter>Source files\Drivers\BSP\STM32H7B3I-DK</Filter>
    </ClCompile>
    <ClCompile Include="..\ExternalRepositories\STM32CubeH7\Drivers\BSP\STM32H7B3I-DK\stm32h7b3i_discovery_sdram.c">
      <Filter>Source files\Drivers\BSP\STM32H7B3I-DK</Filter>
    </ClCompile>
    <ClCompile Include="..\ExternalRepositories\STM32CubeH7\Projects\STM32H7B3I-DK\Examples_MIX\DMA2D\DMA2D_MemToMemWithLCD\Src\main.c">
      <Filter>Source files\Example\User</Filter>
    </ClCompile>
    <ClCompile Include="..\ExternalRepositories\STM32CubeH7\Projects\STM32H7B3I-DK\Examples_MIX\DMA2D\DMA2D_MemToMemWithLCD\Src\stm32h7xx_hal_msp.c">
      <Filter>Source files\Example\User</Filter>
    </ClCompile>
    <ClCompile Include="..\ExternalRepositories\STM32CubeH7\Projects\STM32H7B3I-DK\Examples_MIX\DMA2D\DMA2D_MemToMemWithLCD\Src\stm32h7xx_it.c">
      <Filter>Source files\Example\User</Filter>
    </ClCompile>
    <None Include="stm32.props">
      <Filter>Source files\Device-specific files</Filter>
    </None>
    <ClCompile Include="$(BSP_ROOT)\STM32H7xxxx\StartupFiles\startup_stm32h7b3xxq.c">
      <Filter>Source files\Device-specific files</Filter>
    </ClCompile>
    <ClInclude Include="..\ExternalRepositories\STM32CubeH7\Drivers\STM32H7xx_HAL_Driver\Inc\Legacy\stm32_hal_legacy.h">
      <Filter>Header files</Filter>
    </ClInclude>
    <ClInclude Include="..\ExternalRepositories\STM32CubeH7\Drivers\STM32H7xx_HAL_Driver\Inc\stm32h7xx_hal.h">
      <Filter>Header files\Drivers\STM32H7xx_HAL_Driver</Filter>
    </ClInclude>
    <ClInclude Include="..\ExternalRepositories\STM32CubeH7\Drivers\STM32H7xx_HAL_Driver\Inc\stm32h7xx_hal_adc.h">
      <Filter>Header files\Drivers\STM32H7xx_HAL_Driver</Filter>
    </ClInclude>
    <ClInclude Include="..\ExternalRepositories\STM32CubeH7\Drivers\STM32H7xx_HAL_Driver\Inc\stm32h7xx_hal_adc_ex.h">
      <Filter>Header files\Drivers\STM32H7xx_HAL_Driver</Filter>
    </ClInclude>
    <ClInclude Include="..\ExternalRepositories\STM32CubeH7\Drivers\STM32H7xx_HAL_Driver\Inc\stm32h7xx_hal_cec.h">
      <Filter>Header files\Drivers\STM32H7xx_HAL_Driver</Filter>
    </ClInclude>
    <ClInclude Include="..\ExternalRepositories\STM32CubeH7\Drivers\STM32H7xx_HAL_Driver\Inc\stm32h7xx_hal_comp.h">
      <Filter>Header files\Drivers\STM32H7xx_HAL_Driver</Filter>
    </ClInclude>
    <ClInclude Include="..\ExternalRepositories\STM32CubeH7\Drivers\STM32H7xx_HAL_Driver\Inc\stm32h7xx_hal_conf_template.h">
      <Filter>Header files\Drivers\STM32H7xx_HAL_Driver</Filter>
    </ClInclude>
    <ClInclude Include="..\ExternalRepositories\STM32CubeH7\Drivers\STM32H7xx_HAL_Driver\Inc\stm32h7xx_hal_cordic.h">
      <Filter>Header files\Drivers\STM32H7xx_HAL_Driver</Filter>
    </ClInclude>
    <ClInclude Include="..\ExternalRepositories\STM32CubeH7\Drivers\STM32H7xx_HAL_Driver\Inc\stm32h7xx_hal_cortex.h">
      <Filter>Header files\Drivers\STM32H7xx_HAL_Driver</Filter>
    </ClInclude>
    <ClInclude Include="..\ExternalRepositories\STM32CubeH7\Drivers\STM32H7xx_HAL_Driver\Inc\stm32h7xx_hal_crc.h">
      <Filter>Header files\Drivers\STM32H7xx_HAL_Driver</Filter>
    </ClInclude>
    <ClInclude Include="..\ExternalRepositories\STM32CubeH7\Drivers\STM32H7xx_HAL_Driver\Inc\stm32h7xx_hal_crc_ex.h">
      <Filter>Header files\Drivers\STM32H7xx_HAL_Driver</Filter>
    </ClInclude>
    <ClInclude Include="..\ExternalRepositories\STM32CubeH7\Drivers\STM32H7xx_HAL_Driver\Inc\stm32h7xx_hal_cryp.h">
      <Filter>Header files\Drivers\STM32H7xx_HAL_Driver</Filter>
    </ClInclude>
    <ClInclude Include="..\ExternalRepositories\STM32CubeH7\Drivers\STM32H7xx_HAL_Driver\Inc\stm32h7xx_hal_cryp_ex.h">
      <Filter>Header files\Drivers\STM32H7xx_HAL_Driver</Filter>
    </ClInclude>
    <ClInclude Include="..\ExternalRepositories\STM32CubeH7\Drivers\STM32H7xx_HAL_Driver\Inc\stm32h7xx_hal_dac.h">
      <Filter>Header files\Drivers\STM32H7xx_HAL_Driver</Filter>
    </ClInclude>
    <ClInclude Include="..\ExternalRepositories\STM32CubeH7\Drivers\STM32H7xx_HAL_Driver\Inc\stm32h7xx_hal_dac_ex.h">
      <Filter>Header files\Drivers\STM32H7xx_HAL_Driver</Filter>
    </ClInclude>
    <ClInclude Include="..\ExternalRepositories\STM32CubeH7\Drivers\STM32H7xx_HAL_Driver\Inc\stm32h7xx_hal_dcmi.h">
      <Filter>Header files\Drivers\STM32H7xx_HAL_Driver</Filter>
    </ClInclude>
    <ClInclude Include="..\ExternalRepositories\STM32CubeH7\Drivers\STM32H7xx_HAL_Driver\Inc\stm32h7xx_hal_def.h">
      <Filter>Header files\Drivers\STM32H7xx_HAL_Driver</Filter>
    </ClInclude>
    <ClInclude Include="..\ExternalRepositories\STM32CubeH7\Drivers\STM32H7xx_HAL_Driver\Inc\stm32h7xx_hal_dfsdm.h">
      <Filter>Header files\Drivers\STM32H7xx_HAL_Driver</Filter>
    </ClInclude>
    <ClInclude Include="..\ExternalRepositories\STM32CubeH7\Drivers\STM32H7xx_HAL_Driver\Inc\stm32h7xx_hal_dfsdm_ex.h">
      <Filter>Header files\Drivers\STM32H7xx_HAL_Driver</Filter>
    </ClInclude>
    <ClInclude Include="..\ExternalRepositories\STM32CubeH7\Drivers\STM32H7xx_HAL_Driver\Inc\stm32h7xx_hal_dma.h">
      <Filter>Header files\Drivers\STM32H7xx_HAL_Driver</Filter>
    </ClInclude>
    <ClInclude Include="..\ExternalRepositories\STM32CubeH7\Drivers\STM32H7xx_HAL_Driver\Inc\stm32h7xx_hal_dma2d.h">
      <Filter>Header files\Drivers\STM32H7xx_HAL_Driver</Filter>
    </ClInclude>
    <ClInclude Include="..\ExternalRepositories\STM32CubeH7\Drivers\STM32H7xx_HAL_Driver\Inc\stm32h7xx_hal_dma_ex.h">
      <Filter>Header files\Drivers\STM32H7xx_HAL_Driver</Filter>
    </ClInclude>
    <ClInclude Include="..\ExternalRepositories\STM32CubeH7\Drivers\STM32H7xx_HAL_Driver\Inc\stm32h7xx_hal_dsi.h">
      <Filter>Header files\Drivers\STM32H7xx_HAL_Driver</Filter>
    </ClInclude>
    <ClInclude Include="..\ExternalRepositories\STM32CubeH7\Drivers\STM32H7xx_HAL_Driver\Inc\stm32h7xx_hal_dts.h">
      <Filter>Header files\Drivers\STM32H7xx_HAL_Driver</Filter>
    </ClInclude>
    <ClInclude Include="..\ExternalRepositories\STM32CubeH7\Drivers\STM32H7xx_HAL_Driver\Inc\stm32h7xx_hal_eth.h">
      <Filter>Header files\Drivers\STM32H7xx_HAL_Driver</Filter>
    </ClInclude>
    <ClInclude Include="..\ExternalRepositories\STM32CubeH7\Drivers\STM32H7xx_HAL_Driver\Inc\stm32h7xx_hal_eth_ex.h">
      <Filter>Header files\Drivers\STM32H7xx_HAL_Driver</Filter>
    </ClInclude>
    <ClInclude Include="..\ExternalRepositories\STM32CubeH7\Drivers\STM32H7xx_HAL_Driver\Inc\stm32h7xx_hal_exti.h">
      <Filter>Header files\Drivers\STM32H7xx_HAL_Driver</Filter>
    </ClInclude>
    <ClInclude Include="..\ExternalRepositories\STM32CubeH7\Drivers\STM32H7xx_HAL_Driver\Inc\stm32h7xx_hal_fdcan.h">
      <Filter>Header files\Drivers\STM32H7xx_HAL_Driver</Filter>
    </ClInclude>
    <ClInclude Include="..\ExternalRepositories\STM32CubeH7\Drivers\STM32H7xx_HAL_Driver\Inc\stm32h7xx_hal_flash.h">
      <Filter>Header files\Drivers\STM32H7xx_HAL_Driver</Filter>
    </ClInclude>
    <ClInclude Include="..\ExternalRepositories\STM32CubeH7\Drivers\STM32H7xx_HAL_Driver\Inc\stm32h7xx_hal_flash_ex.h">
      <Filter>Header files\Drivers\STM32H7xx_HAL_Driver</Filter>
    </ClInclude>
    <ClInclude Include="..\ExternalRepositories\STM32CubeH7\Drivers\STM32H7xx_HAL_Driver\Inc\stm32h7xx_hal_fmac.h">
      <Filter>Header files\Drivers\STM32H7xx_HAL_Driver</Filter>
    </ClInclude>
    <ClInclude Include="..\ExternalRepositories\STM32CubeH7\Drivers\STM32H7xx_HAL_Driver\Inc\stm32h7xx_hal_gfxmmu.h">
      <Filter>Header files\Drivers\STM32H7xx_HAL_Driver</Filter>
    </ClInclude>
    <ClInclude Include="..\ExternalRepositories\STM32CubeH7\Drivers\STM32H7xx_HAL_Driver\Inc\stm32h7xx_hal_gpio.h">
      <Filter>Header files\Drivers\STM32H7xx_HAL_Driver</Filter>
    </ClInclude>
    <ClInclude Include="..\ExternalRepositories\STM32CubeH7\Drivers\STM32H7xx_HAL_Driver\Inc\stm32h7xx_hal_gpio_ex.h">
      <Filter>Header files\Drivers\STM32H7xx_HAL_Driver</Filter>
    </ClInclude>
    <ClInclude Include="..\ExternalRepositories\STM32CubeH7\Drivers\STM32H7xx_HAL_Driver\Inc\stm32h7xx_hal_hash.h">
      <Filter>Header files\Drivers\STM32H7xx_HAL_Driver</Filter>
    </ClInclude>
    <ClInclude Include="..\ExternalRepositories\STM32CubeH7\Drivers\STM32H7xx_HAL_Driver\Inc\stm32h7xx_hal_hash_ex.h">
      <Filter>Header files\Drivers\STM32H7xx_HAL_Driver</Filter>
    </ClInclude>
    <ClInclude Include="..\ExternalRepositories\STM32CubeH7\Drivers\STM32H7xx_HAL_Driver\Inc\stm32h7xx_hal_hcd.h">
      <Filter>Header files\Drivers\STM32H7xx_HAL_Driver</Filter>
    </ClInclude>
    <ClInclude Include="..\ExternalRepositories\STM32CubeH7\Drivers\STM32H7xx_HAL_Driver\Inc\stm32h7xx_hal_hrtim.h">
      <Filter>Header files\Drivers\STM32H7xx_HAL_Driver</Filter>
    </ClInclude>
    <ClInclude Include="..\ExternalRepositories\STM32CubeH7\Drivers\STM32H7xx_HAL_Driver\Inc\stm32h7xx_hal_hsem.h">
      <Filter>Header files\Drivers\STM32H7xx_HAL_Driver</Filter>
    </ClInclude>
    <ClInclude Include="..\ExternalRepositories\STM32CubeH7\Drivers\STM32H7xx_HAL_Driver\Inc\stm32h7xx_hal_i2c.h">
      <Filter>Header files\Drivers\STM32H7xx_HAL_Driver</Filter>
    </ClInclude>
    <ClInclude Include="..\ExternalRepositories\STM32CubeH7\Drivers\STM32H7xx_HAL_Driver\Inc\stm32h7xx_hal_i2c_ex.h">
      <Filter>Header files\Drivers\STM32H7xx_HAL_Driver</Filter>
    </ClInclude>
    <ClInclude Include="..\ExternalRepositories\STM32CubeH7\Drivers\STM32H7xx_HAL_Driver\Inc\stm32h7xx_hal_i2s.h">
      <Filter>Header files\Drivers\STM32H7xx_HAL_Driver</Filter>
    </ClInclude>
    <ClInclude Include="..\ExternalRepositories\STM32CubeH7\Drivers\STM32H7xx_HAL_Driver\Inc\stm32h7xx_hal_i2s_ex.h">
      <Filter>Header files\Drivers\STM32H7xx_HAL_Driver</Filter>
    </ClInclude>
    <ClInclude Include="..\ExternalRepositories\STM32CubeH7\Drivers\STM32H7xx_HAL_Driver\Inc\stm32h7xx_hal_irda.h">
      <Filter>Header files\Drivers\STM32H7xx_HAL_Driver</Filter>
    </ClInclude>
    <ClInclude Include="..\ExternalRepositories\STM32CubeH7\Drivers\STM32H7xx_HAL_Driver\Inc\stm32h7xx_hal_irda_ex.h">
      <Filter>Header files\Drivers\STM32H7xx_HAL_Driver</Filter>
    </ClInclude>
    <ClInclude Include="..\ExternalRepositories\STM32CubeH7\Drivers\STM32H7xx_HAL_Driver\Inc\stm32h7xx_hal_iwdg.h">
      <Filter>Header files\Drivers\STM32H7xx_HAL_Driver</Filter>
    </ClInclude>
    <ClInclude Include="..\ExternalRepositories\STM32CubeH7\Drivers\STM32H7xx_HAL_Driver\Inc\stm32h7xx_hal_jpeg.h">
      <Filter>Header files\Drivers\STM32H7xx_HAL_Driver</Filter>
    </ClInclude>
    <ClInclude Include="..\ExternalRepositories\STM32CubeH7\Drivers\STM32H7xx_HAL_Driver\Inc\stm32h7xx_hal_lptim.h">
      <Filter>Header files\Drivers\STM32H7xx_HAL_Driver</Filter>
    </ClInclude>
    <ClInclude Include="..\ExternalRepositories\STM32CubeH7\Drivers\STM32H7xx_HAL_Driver\Inc\stm32h7xx_hal_ltdc.h">
      <Filter>Header files\Drivers\STM32H7xx_HAL_Driver</Filter>
    </ClInclude>
    <ClInclude Include="..\ExternalRepositories\STM32CubeH7\Drivers\STM32H7xx_HAL_Driver\Inc\stm32h7xx_hal_ltdc_ex.h">
      <Filter>Header files\Drivers\STM32H7xx_HAL_Driver</Filter>
    </ClInclude>
    <ClInclude Include="..\ExternalRepositories\STM32CubeH7\Drivers\STM32H7xx_HAL_Driver\Inc\stm32h7xx_hal_mdios.h">
      <Filter>Header files\Drivers\STM32H7xx_HAL_Driver</Filter>
    </ClInclude>
    <ClInclude Include="..\ExternalRepositories\STM32CubeH7\Drivers\STM32H7xx_HAL_Driver\Inc\stm32h7xx_hal_mdma.h">
      <Filter>Header files\Drivers\STM32H7xx_HAL_Driver</Filter>
    </ClInclude>
    <ClInclude Include="..\ExternalRepositories\STM32CubeH7\Drivers\STM32H7xx_HAL_Driver\Inc\stm32h7xx_hal_mmc.h">
      <Filter>Header files\Drivers\STM32H7xx_HAL_Driver</Filter>
    </ClInclude>
    <ClInclude Include="..\ExternalRepositories\STM32CubeH7\Drivers\STM32H7xx_HAL_Driver\Inc\stm32h7xx_hal_mmc_ex.h">
      <Filter>Header files\Drivers\STM32H7xx_HAL_Driver</Filter>
    </ClInclude>
    <ClInclude Include="..\ExternalRepositories\STM32CubeH7\Drivers\STM32H7xx_HAL_Driver\Inc\stm32h7xx_hal_nand.h">
      <Filter>Header files\Drivers\STM32H7xx_HAL_Driver</Filter>
    </ClInclude>
    <ClInclude Include="..\ExternalRepositories\STM32CubeH7\Drivers\STM32H7xx_HAL_Driver\Inc\stm32h7xx_hal_nor.h">
      <Filter>Header files\Drivers\STM32H7xx_HAL_Driver</Filter>
    </ClInclude>
    <ClInclude Include="..\ExternalRepositories\STM32CubeH7\Drivers\STM32H7xx_HAL_Driver\Inc\stm32h7xx_hal_opamp.h">
      <Filter>Header files\Drivers\STM32H7xx_HAL_Driver</Filter>
    </ClInclude>
    <ClInclude Include="..\ExternalRepositories\STM32CubeH7\Drivers\STM32H7xx_HAL_Driver\Inc\stm32h7xx_hal_opamp_ex.h">
      <Filter>Header files\Drivers\STM32H7xx_HAL_Driver</Filter>
    </ClInclude>
    <ClInclude Include="..\ExternalRepositories\STM32CubeH7\Drivers\STM32H7xx_HAL_Driver\Inc\stm32h7xx_hal_ospi.h">
      <Filter>Header files\Drivers\STM32H7xx_HAL_Driver</Filter>
    </ClInclude>
    <ClInclude Include="..\ExternalRepositories\STM32CubeH7\Drivers\STM32H7xx_HAL_Driver\Inc\stm32h7xx_hal_otfdec.h">
      <Filter>Header files\Drivers\STM32H7xx_HAL_Driver</Filter>
    </ClInclude>
    <ClInclude Include="..\ExternalRepositories\STM32CubeH7\Drivers\STM32H7xx_HAL_Driver\Inc\stm32h7xx_hal_pcd.h">
      <Filter>Header files\Drivers\STM32H7xx_HAL_Driver</Filter>
    </ClInclude>
    <ClInclude Include="..\ExternalRepositories\STM32CubeH7\Drivers\STM32H7xx_HAL_Driver\Inc\stm32h7xx_hal_pcd_ex.h">
      <Filter>Header files\Drivers\STM32H7xx_HAL_Driver</Filter>
    </ClInclude>
    <ClInclude Include="..\ExternalRepositories\STM32CubeH7\Drivers\STM32H7xx_HAL_Driver\Inc\stm32h7xx_hal_pssi.h">
      <Filter>Header files\Drivers\STM32H7xx_HAL_Driver</Filter>
    </ClInclude>
    <ClInclude Include="..\ExternalRepositories\STM32CubeH7\Drivers\STM32H7xx_HAL_Driver\Inc\stm32h7xx_hal_pwr.h">
      <Filter>Header files\Drivers\STM32H7xx_HAL_Driver</Filter>
    </ClInclude>
    <ClInclude Include="..\ExternalRepositories\STM32CubeH7\Drivers\STM32H7xx_HAL_Driver\Inc\stm32h7xx_hal_pwr_ex.h">
      <Filter>Header files\Drivers\STM32H7xx_HAL_Driver</Filter>
    </ClInclude>
    <ClInclude Include="..\ExternalRepositories\STM32CubeH7\Drivers\STM32H7xx_HAL_Driver\Inc\stm32h7xx_hal_qspi.h">
      <Filter>Header files\Drivers\STM32H7xx_HAL_Driver</Filter>
    </ClInclude>
    <ClInclude Include="..\ExternalRepositories\STM32CubeH7\Drivers\STM32H7xx_HAL_Driver\Inc\stm32h7xx_hal_ramecc.h">
      <Filter>Header files\Drivers\STM32H7xx_HAL_Driver</Filter>
    </ClInclude>
    <ClInclude Include="..\ExternalRepositories\STM32CubeH7\Drivers\STM32H7xx_HAL_Driver\Inc\stm32h7xx_hal_rcc.h">
      <Filter>Header files\Drivers\STM32H7xx_HAL_Driver</Filter>
    </ClInclude>
    <ClInclude Include="..\ExternalRepositories\STM32CubeH7\Drivers\STM32H7xx_HAL_Driver\Inc\stm32h7xx_hal_rcc_ex.h">
      <Filter>Header files\Drivers\STM32H7xx_HAL_Driver</Filter>
    </ClInclude>
    <ClInclude Include="..\ExternalRepositories\STM32CubeH7\Drivers\STM32H7xx_HAL_Driver\Inc\stm32h7xx_hal_rng.h">
      <Filter>Header files\Drivers\STM32H7xx_HAL_Driver</Filter>
    </ClInclude>
    <ClInclude Include="..\ExternalRepositories\STM32CubeH7\Drivers\STM32H7xx_HAL_Driver\Inc\stm32h7xx_hal_rng_ex.h">
      <Filter>Header files\Drivers\STM32H7xx_HAL_Driver</Filter>
    </ClInclude>
    <ClInclude Include="..\ExternalRepositories\STM32CubeH7\Drivers\STM32H7xx_HAL_Driver\Inc\stm32h7xx_hal_rtc.h">
      <Filter>Header files\Drivers\STM32H7xx_HAL_Driver</Filter>
    </ClInclude>
    <ClInclude Include="..\ExternalRepositories\STM32CubeH7\Drivers\STM32H7xx_HAL_Driver\Inc\stm32h7xx_hal_rtc_ex.h">
      <Filter>Header files\Drivers\STM32H7xx_HAL_Driver</Filter>
    </ClInclude>
    <ClInclude Include="..\ExternalRepositories\STM32CubeH7\Drivers\STM32H7xx_HAL_Driver\Inc\stm32h7xx_hal_sai.h">
      <Filter>Header files\Drivers\STM32H7xx_HAL_Driver</Filter>
    </ClInclude>
    <ClInclude Include="..\ExternalRepositories\STM32CubeH7\Drivers\STM32H7xx_HAL_Driver\Inc\stm32h7xx_hal_sai_ex.h">
      <Filter>Header files\Drivers\STM32H7xx_HAL_Driver</Filter>
    </ClInclude>
    <ClInclude Include="..\ExternalRepositories\STM32CubeH7\Drivers\STM32H7xx_HAL_Driver\Inc\stm32h7xx_hal_sd.h">
      <Filter>Header files\Drivers\STM32H7xx_HAL_Driver</Filter>
    </ClInclude>
    <ClInclude Include="..\ExternalRepositories\STM32CubeH7\Drivers\STM32H7xx_HAL_Driver\Inc\stm32h7xx_hal_sdram.h">
      <Filter>Header files\Drivers\STM32H7xx_HAL_Driver</Filter>
    </ClInclude>
    <ClInclude Include="..\ExternalRepositories\STM32CubeH7\Drivers\STM32H7xx_HAL_Driver\Inc\stm32h7xx_hal_sd_ex.h">
      <Filter>Header files\Drivers\STM32H7xx_HAL_Driver</Filter>
    </ClInclude>
    <ClInclude Include="..\ExternalRepositories\STM32CubeH7\Drivers\STM32H7xx_HAL_Driver\Inc\stm32h7xx_hal_smartcard.h">
      <Filter>Header files\Drivers\STM32H7xx_HAL_Driver</Filter>
    </ClInclude>
    <ClInclude Include="..\ExternalRepositories\STM32CubeH7\Drivers\STM32H7xx_HAL_Driver\Inc\stm32h7xx_hal_smartcard_ex.h">
      <Filter>Header files\Drivers\STM32H7xx_HAL_Driver</Filter>
    </ClInclude>
    <ClInclude Include="..\ExternalRepositories\STM32CubeH7\Drivers\STM32H7xx_HAL_Driver\Inc\stm32h7xx_hal_smbus.h">
      <Filter>Header files\Drivers\STM32H7xx_HAL_Driver</Filter>
    </ClInclude>
    <ClInclude Include="..\ExternalRepositories\STM32CubeH7\Drivers\STM32H7xx_HAL_Driver\Inc\stm32h7xx_hal_spdifrx.h">
      <Filter>Header files\Drivers\STM32H7xx_HAL_Driver</Filter>
    </ClInclude>
    <ClInclude Include="..\ExternalRepositories\STM32CubeH7\Drivers\STM32H7xx_HAL_Driver\Inc\stm32h7xx_hal_spi.h">
      <Filter>Header files\Drivers\STM32H7xx_HAL_Driver</Filter>
    </ClInclude>
    <ClInclude Include="..\ExternalRepositories\STM32CubeH7\Drivers\STM32H7xx_HAL_Driver\Inc\stm32h7xx_hal_spi_ex.h">
      <Filter>Header files\Drivers\STM32H7xx_HAL_Driver</Filter>
    </ClInclude>
    <ClInclude Include="..\ExternalRepositories\STM32CubeH7\Drivers\STM32H7xx_HAL_Driver\Inc\stm32h7xx_hal_sram.h">
      <Filter>Header files\Drivers\STM32H7xx_HAL_Driver</Filter>
    </ClInclude>
    <ClInclude Include="..\ExternalRepositories\STM32CubeH7\Drivers\STM32H7xx_HAL_Driver\Inc\stm32h7xx_hal_swpmi.h">
      <Filter>Header files\Drivers\STM32H7xx_HAL_Driver</Filter>
    </ClInclude>
    <ClInclude Include="..\ExternalRepositories\STM32CubeH7\Drivers\STM32H7xx_HAL_Driver\Inc\stm32h7xx_hal_tim.h">
      <Filter>Header files\Drivers\STM32H7xx_HAL_Driver</Filter>
    </ClInclude>
    <ClInclude Include="..\ExternalRepositories\STM32CubeH7\Drivers\STM32H7xx_HAL_Driver\Inc\stm32h7xx_hal_tim_ex.h">
      <Filter>Header files\Drivers\STM32H7xx_HAL_Driver</Filter>
    </ClInclude>
    <ClInclude Include="..\ExternalRepositories\STM32CubeH7\Drivers\STM32H7xx_HAL_Driver\Inc\stm32h7xx_hal_uart.h">
      <Filter>Header files\Drivers\STM32H7xx_HAL_Driver</Filter>
    </ClInclude>
    <ClInclude Include="..\ExternalRepositories\STM32CubeH7\Drivers\STM32H7xx_HAL_Driver\Inc\stm32h7xx_hal_uart_ex.h">
      <Filter>Header files\Drivers\STM32H7xx_HAL_Driver</Filter>
    </ClInclude>
    <ClInclude Include="..\ExternalRepositories\STM32CubeH7\Drivers\STM32H7xx_HAL_Driver\Inc\stm32h7xx_hal_usart.h">
      <Filter>Header files\Drivers\STM32H7xx_HAL_Driver</Filter>
    </ClInclude>
    <ClInclude Include="..\ExternalRepositories\STM32CubeH7\Drivers\STM32H7xx_HAL_Driver\Inc\stm32h7xx_hal_usart_ex.h">
      <Filter>Header files\Drivers\STM32H7xx_HAL_Driver</Filter>
    </ClInclude>
    <ClInclude Include="..\ExternalRepositories\STM32CubeH7\Drivers\STM32H7xx_HAL_Driver\Inc\stm32h7xx_hal_wwdg.h">
      <Filter>Header files\Drivers\STM32H7xx_HAL_Driver</Filter>
    </ClInclude>
    <ClInclude Include="..\ExternalRepositories\STM32CubeH7\Drivers\STM32H7xx_HAL_Driver\Inc\stm32h7xx_ll_adc.h">
      <Filter>Header files\Drivers\STM32H7xx_HAL_Driver</Filter>
    </ClInclude>
    <ClInclude Include="..\ExternalRepositories\STM32CubeH7\Drivers\STM32H7xx_HAL_Driver\Inc\stm32h7xx_ll_bdma.h">
      <Filter>Header files\Drivers\STM32H7xx_HAL_Driver</Filter>
    </ClInclude>
    <ClInclude Include="..\ExternalRepositories\STM32CubeH7\Drivers\STM32H7xx_HAL_Driver\Inc\stm32h7xx_ll_bus.h">
      <Filter>Header files\Drivers\STM32H7xx_HAL_Driver</Filter>
    </ClInclude>
    <ClInclude Include="..\ExternalRepositories\STM32CubeH7\Drivers\STM32H7xx_HAL_Driver\Inc\stm32h7xx_ll_comp.h">
      <Filter>Header files\Drivers\STM32H7xx_HAL_Driver</Filter>
    </ClInclude>
    <ClInclude Include="..\ExternalRepositories\STM32CubeH7\Drivers\STM32H7xx_HAL_Driver\Inc\stm32h7xx_ll_cordic.h">
      <Filter>Header files\Drivers\STM32H7xx_HAL_Driver</Filter>
    </ClInclude>
    <ClInclude Include="..\ExternalRepositories\STM32CubeH7\Drivers\STM32H7xx_HAL_Driver\Inc\stm32h7xx_ll_cortex.h">
      <Filter>Header files\Drivers\STM32H7xx_HAL_Driver</Filter>
    </ClInclude>
    <ClInclude Include="..\ExternalRepositories\STM32CubeH7\Drivers\STM32H7xx_HAL_Driver\Inc\stm32h7xx_ll_crc.h">
      <Filter>Header files\Drivers\STM32H7xx_HAL_Driver</Filter>
    </ClInclude>
    <ClInclude Include="..\ExternalRepositories\STM32CubeH7\Drivers\STM32H7xx_HAL_Driver\Inc\stm32h7xx_ll_crs.h">
      <Filter>Header files\Drivers\STM32H7xx_HAL_Driver</Filter>
    </ClInclude>
    <ClInclude Include="..\ExternalRepositories\STM32CubeH7\Drivers\STM32H7xx_HAL_Driver\Inc\stm32h7xx_ll_dac.h">
      <Filter>Header files\Drivers\STM32H7xx_HAL_Driver</Filter>
    </ClInclude>
    <ClInclude Include="..\ExternalRepositories\STM32CubeH7\Drivers\STM32H7xx_HAL_Driver\Inc\stm32h7xx_ll_delayblock.h">
      <Filter>Header files\Drivers\STM32H7xx_HAL_Driver</Filter>
    </ClInclude>
    <ClInclude Include="..\ExternalRepositories\STM32CubeH7\Drivers\STM32H7xx_HAL_Driver\Inc\stm32h7xx_ll_dma.h">
      <Filter>Header files\Drivers\STM32H7xx_HAL_Driver</Filter>
    </ClInclude>
    <ClInclude Include="..\ExternalRepositories\STM32CubeH7\Drivers\STM32H7xx_HAL_Driver\Inc\stm32h7xx_ll_dma2d.h">
      <Filter>Header files\Drivers\STM32H7xx_HAL_Driver</Filter>
    </ClInclude>
    <ClInclude Include="..\ExternalRepositories\STM32CubeH7\Drivers\STM32H7xx_HAL_Driver\Inc\stm32h7xx_ll_dmamux.h">
      <Filter>Header files\Drivers\STM32H7xx_HAL_Driver</Filter>
    </ClInclude>
    <ClInclude Include="..\ExternalRepositories\STM32CubeH7\Drivers\STM32H7xx_HAL_Driver\Inc\stm32h7xx_ll_exti.h">
      <Filter>Header files\Drivers\STM32H7xx_HAL_Driver</Filter>
    </ClInclude>
    <ClInclude Include="..\ExternalRepositories\STM32CubeH7\Drivers\STM32H7xx_HAL_Driver\Inc\stm32h7xx_ll_fmac.h">
      <Filter>Header files\Drivers\STM32H7xx_HAL_Driver</Filter>
    </ClInclude>
    <ClInclude Include="..\ExternalRepositories\STM32CubeH7\Drivers\STM32H7xx_HAL_Driver\Inc\stm32h7xx_ll_fmc.h">
      <Filter>Header files\Drivers\STM32H7xx_HAL_Driver</Filter>
    </ClInclude>
    <ClInclude Include="..\ExternalRepositories\STM32CubeH7\Drivers\STM32H7xx_HAL_Driver\Inc\stm32h7xx_ll_gpio.h">
      <Filter>Header files\Drivers\STM32H7xx_HAL_Driver</Filter>
    </ClInclude>
    <ClInclude Include="..\ExternalRepositories\STM32CubeH7\Drivers\STM32H7xx_HAL_Driver\Inc\stm32h7xx_ll_hrtim.h">
      <Filter>Header files\Drivers\STM32H7xx_HAL_Driver</Filter>
    </ClInclude>
    <ClInclude Include="..\ExternalRepositories\STM32CubeH7\Drivers\STM32H7xx_HAL_Driver\Inc\stm32h7xx_ll_hsem.h">
      <Filter>Header files\Drivers\STM32H7xx_HAL_Driver</Filter>
    </ClInclude>
    <ClInclude Include="..\ExternalRepositories\STM32CubeH7\Drivers\STM32H7xx_HAL_Driver\Inc\stm32h7xx_ll_i2c.h">
      <Filter>Header files\Drivers\STM32H7xx_HAL_Driver</Filter>
    </ClInclude>
    <ClInclude Include="..\ExternalRepositories\STM32CubeH7\Drivers\STM32H7xx_HAL_Driver\Inc\stm32h7xx_ll_iwdg.h">
      <Filter>Header files\Drivers\STM32H7xx_HAL_Driver</Filter>
    </ClInclude>
    <ClInclude Include="..\ExternalRepositories\STM32CubeH7\Drivers\STM32H7xx_HAL_Driver\Inc\stm32h7xx_ll_lptim.h">
      <Filter>Header files\Drivers\STM32H7xx_HAL_Driver</Filter>
    </ClInclude>
    <ClInclude Include="..\ExternalRepositories\STM32CubeH7\Drivers\STM32H7xx_HAL_Driver\Inc\stm32h7xx_ll_lpuart.h">
      <Filter>Header files\Drivers\STM32H7xx_HAL_Driver</Filter>
    </ClInclude>
    <ClInclude Include="..\ExternalRepositories\STM32CubeH7\Drivers\STM32H7xx_HAL_Driver\Inc\stm32h7xx_ll_mdma.h">
      <Filter>Header files\Drivers\STM32H7xx_HAL_Driver</Filter>
    </ClInclude>
    <ClInclude Include="..\ExternalRepositories\STM32CubeH7\Drivers\STM32H7xx_HAL_Driver\Inc\stm32h7xx_ll_opamp.h">
      <Filter>Header files\Drivers\STM32H7xx_HAL_Driver</Filter>
    </ClInclude>
    <ClInclude Include="..\ExternalRepositories\STM32CubeH7\Drivers\STM32H7xx_HAL_Driver\Inc\stm32h7xx_ll_pwr.h">
      <Filter>Header files\Drivers\STM32H7xx_HAL_Driver</Filter>
    </ClInclude>
    <ClInclude Include="..\ExternalRepositories\STM32CubeH7\Drivers\STM32H7xx_HAL_Driver\Inc\stm32h7xx_ll_rcc.h">
      <Filter>Header files\Drivers\STM32H7xx_HAL_Driver</Filter>
    </ClInclude>
    <ClInclude Include="..\ExternalRepositories\STM32CubeH7\Drivers\STM32H7xx_HAL_Driver\Inc\stm32h7xx_ll_rng.h">
      <Filter>Header files\Drivers\STM32H7xx_HAL_Driver</Filter>
    </ClInclude>
    <ClInclude Include="..\ExternalRepositories\STM32CubeH7\Drivers\STM32H7xx_HAL_Driver\Inc\stm32h7xx_ll_rtc.h">
      <Filter>Header files\Drivers\STM32H7xx_HAL_Driver</Filter>
    </ClInclude>
    <ClInclude Include="..\ExternalRepositories\STM32CubeH7\Drivers\STM32H7xx_HAL_Driver\Inc\stm32h7xx_ll_sdmmc.h">
      <Filter>Header files\Drivers\STM32H7xx_HAL_Driver</Filter>
    </ClInclude>
    <ClInclude Include="..\ExternalRepositories\STM32CubeH7\Drivers\STM32H7xx_HAL_Driver\Inc\stm32h7xx_ll_spi.h">
      <Filter>Header files\Drivers\STM32H7xx_HAL_Driver</Filter>
    </ClInclude>
    <ClInclude Include="..\ExternalRepositories\STM32CubeH7\Drivers\STM32H7xx_HAL_Driver\Inc\stm32h7xx_ll_swpmi.h">
      <Filter>Header files\Drivers\STM32H7xx_HAL_Driver</Filter>
    </ClInclude>
    <ClInclude Include="..\ExternalRepositories\STM32CubeH7\Drivers\STM32H7xx_HAL_Driver\Inc\stm32h7xx_ll_system.h">
      <Filter>Header files\Drivers\STM32H7xx_HAL_Driver</Filter>
    </ClInclude>
    <ClInclude Include="..\ExternalRepositories\STM32CubeH7\Drivers\STM32H7xx_HAL_Driver\Inc\stm32h7xx_ll_tim.h">
      <Filter>Header files\Drivers\STM32H7xx_HAL_Driver</Filter>
    </ClInclude>
    <ClInclude Include="..\ExternalRepositories\STM32CubeH7\Drivers\STM32H7xx_HAL_Driver\Inc\stm32h7xx_ll_usart.h">
      <Filter>Header files\Drivers\STM32H7xx_HAL_Driver</Filter>
    </ClInclude>
    <ClInclude Include="..\ExternalRepositories\STM32CubeH7\Drivers\STM32H7xx_HAL_Driver\Inc\stm32h7xx_ll_usb.h">
      <Filter>Header files\Drivers\STM32H7xx_HAL_Driver</Filter>
    </ClInclude>
    <ClInclude Include="..\ExternalRepositories\STM32CubeH7\Drivers\STM32H7xx_HAL_Driver\Inc\stm32h7xx_ll_utils.h">
      <Filter>Header files\Drivers\STM32H7xx_HAL_Driver</Filter>
    </ClInclude>
    <ClInclude Include="..\ExternalRepositories\STM32CubeH7\Drivers\STM32H7xx_HAL_Driver\Inc\stm32h7xx_ll_wwdg.h">
      <Filter>Header files\Drivers\STM32H7xx_HAL_Driver</Filter>
    </ClInclude>
    <ClInclude Include="..\ExternalRepositories\STM32CubeH7\Drivers\STM32H7xx_HAL_Driver\Inc\stm32_assert_template.h">
      <Filter>Header files\Drivers\STM32H7xx_HAL_Driver</Filter>
    </ClInclude>
    <ClInclude Include="..\ExternalRepositories\STM32CubeH7\Projects\STM32H7B3I-DK\Examples_MIX\DMA2D\DMA2D_MemToMemWithLCD\Inc\ft5336_conf.h">
      <Filter>Header files\Example\User</Filter>
    </ClInclude>
    <ClInclude Include="..\ExternalRepositories\STM32CubeH7\Projects\STM32H7B3I-DK\Examples_MIX\DMA2D\DMA2D_MemToMemWithLCD\Inc\is42s16800j_conf.h">
      <Filter>Header files\Example\User</Filter>
    </ClInclude>
    <ClInclude Include="..\ExternalRepositories\STM32CubeH7\Projects\STM32H7B3I-DK\Examples_MIX\DMA2D\DMA2D_MemToMemWithLCD\Inc\main.h">
      <Filter>Header files\Example\User</Filter>
    </ClInclude>
    <ClInclude Include="..\ExternalRepositories\STM32CubeH7\Projects\STM32H7B3I-DK\Examples_MIX\DMA2D\DMA2D_MemToMemWithLCD\Inc\RGB565_240x160.h">
      <Filter>Header files\Example\User</Filter>
    </ClInclude>
    <ClInclude Include="..\ExternalRepositories\STM32CubeH7\Projects\STM32H7B3I-DK\Examples_MIX\DMA2D\DMA2D_MemToMemWithLCD\Inc\stm32h7b3i_discovery_conf.h">
      <Filter>Header files\Example\User</Filter>
    </ClInclude>
    <ClInclude Include="..\ExternalRepositories\STM32CubeH7\Projects\STM32H7B3I-DK\Examples_MIX\DMA2D\DMA2D_MemToMemWithLCD\Inc\stm32h7xx_hal_conf.h">
      <Filter>Header files\Example\User</Filter>
    </ClInclude>
    <ClInclude Include="..\ExternalRepositories\STM32CubeH7\Projects\STM32H7B3I-DK\Examples_MIX\DMA2D\DMA2D_MemToMemWithLCD\Inc\stm32h7xx_it.h">
      <Filter>Header files\Example\User</Filter>
    </ClInclude>
    <None Include="LcdDmaTest-Debug.vgdbsettings">
      <Filter>VisualGDB settings</Filter>
    </None>
    <None Include="LcdDmaTest-Release.vgdbsettings">
      <Filter>VisualGDB settings</Filter>
    </None>
    <None Include="stm32.xml">
      <Filter>VisualGDB settings</Filter>
    </None>
  </ItemGroup>
</Project>