<?xml version="1.0" encoding="utf-8"?>
<Project ToolsVersion="4.0" xmlns="http://schemas.microsoft.com/developer/msbuild/2003">
  <ItemGroup>
    <Filter Include="VisualGDB settings">
      <UniqueIdentifier>{7769669a-ec0d-4132-9979-5b20292779c4}</UniqueIdentifier>
    </Filter>
    <Filter Include="STM32H7Cube">
      <UniqueIdentifier>{9a9c9578-9e62-47c9-9cb2-a73cfba80b25}</UniqueIdentifier>
    </Filter>
    <Filter Include="Configuration">
      <UniqueIdentifier>{068b4e50-9498-46f9-bb08-165c8cd862fc}</UniqueIdentifier>
    </Filter>
    <Filter Include="STM32H7Cube\STM32H7xxxx">
      <UniqueIdentifier>{d62f4a2a-8fe4-4fc7-bf0e-7e39670f1542}</UniqueIdentifier>
    </Filter>
    <Filter Include="STM32H7Cube\STM32H7xxxx\STM32H7xx_HAL_Driver">
      <UniqueIdentifier>{79739c5d-8348-4af2-994a-91c797a7c275}</UniqueIdentifier>
    </Filter>
    <Filter Include="STM32H7Cube\STM32H7xxxx\STM32H7xx_HAL_Driver\Inc">
      <UniqueIdentifier>{297a96e9-9e4a-40f7-866b-6440acff354a}</UniqueIdentifier>
    </Filter>
    <Filter Include="STM32H7Cube\STM32H7xxxx\STM32H7xx_HAL_Driver\CMSIS_HAL">
      <UniqueIdentifier>{e014f1e0-cbba-4173-86d1-ed1d6ac7258f}</UniqueIdentifier>
    </Filter>
    <Filter Include="STM32H7Cube\STM32H7xxxx\STM32H7xx_HAL_Driver\CMSIS_HAL\Include">
      <UniqueIdentifier>{8d00efc6-58f3-4e84-9013-60e1b2428138}</UniqueIdentifier>
    </Filter>
    <Filter Include="STM32H7Cube\STM32H7xxxx\STM32H7xx_HAL_Driver\CMSIS_HAL\RTOS">
      <UniqueIdentifier>{81ee8ba9-d444-41a4-863d-0c75d76bb62d}</UniqueIdentifier>
    </Filter>
    <Filter Include="STM32H7Cube\STM32H7xxxx\STM32H7xx_HAL_Driver\CMSIS_HAL\Device">
      <UniqueIdentifier>{736ea9c7-3f61-4db4-8902-65c45cc8f5cb}</UniqueIdentifier>
    </Filter>
    <Filter Include="STM32H7Cube\STM32H7xxxx\STM32H7xx_HAL_Driver\CMSIS_HAL\Device\ST">
      <UniqueIdentifier>{03b825d3-9ff1-4283-a96c-f24ccbb6adb0}</UniqueIdentifier>
    </Filter>
    <Filter Include="STM32H7Cube\STM32H7xxxx\STM32H7xx_HAL_Driver\CMSIS_HAL\Device\ST\STM32H7xx">
      <UniqueIdentifier>{581c566b-39f9-4473-a91b-e8ef961d2ab9}</UniqueIdentifier>
    </Filter>
    <Filter Include="STM32H7Cube\STM32H7xxxx\STM32H7xx_HAL_Driver\CMSIS_HAL\Device\ST\STM32H7xx\Include">
      <UniqueIdentifier>{859ab0da-6e3b-457c-9a0b-f905b0773817}</UniqueIdentifier>
    </Filter>
    <Filter Include="STM32H7Cube\STM32H7xxxx\STM32H7xx_HAL_Driver\CMSIS_HAL\Core">
      <UniqueIdentifier>{22797bfd-9252-431f-854c-c26ad4d71d24}</UniqueIdentifier>
    </Filter>
    <Filter Include="STM32H7Cube\STM32H7xxxx\STM32H7xx_HAL_Driver\CMSIS_HAL\Core\Include">
      <UniqueIdentifier>{cb97a8d3-9862-4d18-be76-9167659ac8ff}</UniqueIdentifier>
    </Filter>
    <Filter Include="STM32H7Cube\STM32H7xxxx\STM32H7xx_HAL_Driver\Src">
      <UniqueIdentifier>{82b9995b-d4bc-4ee1-aceb-1b77edefcad7}</UniqueIdentifier>
    </Filter>
    <Filter Include="Source">
      <UniqueIdentifier>{54d05378-50a3-4f02-bbae-33b974105d4f}</UniqueIdentifier>
    </Filter>
    <Filter Include="Include">
      <UniqueIdentifier>{9070320d-521a-4dbe-8caa-eb7c465af988}</UniqueIdentifier>
    </Filter>
    <Filter Include="RIOS">
      <UniqueIdentifier>{ebc66f11-c365-4855-82a4-1a805baa77f1}</UniqueIdentifier>
    </Filter>
  </ItemGroup>
  <ItemGroup>
    <None Include="stm32.xml">
      <Filter>VisualGDB settings</Filter>
    </None>
    <ClCompile Include="$(BSP_ROOT)\STM32H7xxxx\STM32H7xx_HAL_Driver\Src\stm32h7xx_ll_utils.c">
      <Filter>STM32H7Cube\STM32H7xxxx\STM32H7xx_HAL_Driver\Src</Filter>
    </ClCompile>
    <ClCompile Include="$(BSP_ROOT)\STM32H7xxxx\STM32H7xx_HAL_Driver\Src\stm32h7xx_hal.c">
      <Filter>STM32H7Cube\STM32H7xxxx\STM32H7xx_HAL_Driver\Src</Filter>
    </ClCompile>
    <ClCompile Include="$(BSP_ROOT)\STM32H7xxxx\STM32H7xx_HAL_Driver\Src\stm32h7xx_hal_adc.c">
      <Filter>STM32H7Cube\STM32H7xxxx\STM32H7xx_HAL_Driver\Src</Filter>
    </ClCompile>
    <ClCompile Include="$(BSP_ROOT)\STM32H7xxxx\STM32H7xx_HAL_Driver\Src\stm32h7xx_hal_adc_ex.c">
      <Filter>STM32H7Cube\STM32H7xxxx\STM32H7xx_HAL_Driver\Src</Filter>
    </ClCompile>
    <ClCompile Include="$(BSP_ROOT)\STM32H7xxxx\STM32H7xx_HAL_Driver\Src\stm32h7xx_hal_cec.c">
      <Filter>STM32H7Cube\STM32H7xxxx\STM32H7xx_HAL_Driver\Src</Filter>
    </ClCompile>
    <ClCompile Include="$(BSP_ROOT)\STM32H7xxxx\STM32H7xx_HAL_Driver\Src\stm32h7xx_hal_comp.c">
      <Filter>STM32H7Cube\STM32H7xxxx\STM32H7xx_HAL_Driver\Src</Filter>
    </ClCompile>
    <ClCompile Include="$(BSP_ROOT)\STM32H7xxxx\STM32H7xx_HAL_Driver\Src\stm32h7xx_hal_cordic.c">
      <Filter>STM32H7Cube\STM32H7xxxx\STM32H7xx_HAL_Driver\Src</Filter>
    </ClCompile>
    <ClCompile Include="$(BSP_ROOT)\STM32H7xxxx\STM32H7xx_HAL_Driver\Src\stm32h7xx_hal_cortex.c">
      <Filter>STM32H7Cube\STM32H7xxxx\STM32H7xx_HAL_Driver\Src</Filter>
    </ClCompile>
    <ClCompile Include="$(BSP_ROOT)\STM32H7xxxx\STM32H7xx_HAL_Driver\Src\stm32h7xx_hal_crc.c">
      <Filter>STM32H7Cube\STM32H7xxxx\STM32H7xx_HAL_Driver\Src</Filter>
    </ClCompile>
    <ClCompile Include="$(BSP_ROOT)\STM32H7xxxx\STM32H7xx_HAL_Driver\Src\stm32h7xx_hal_crc_ex.c">
      <Filter>STM32H7Cube\STM32H7xxxx\STM32H7xx_HAL_Driver\Src</Filter>
    </ClCompile>
    <ClCompile Include="$(BSP_ROOT)\STM32H7xxxx\STM32H7xx_HAL_Driver\Src\stm32h7xx_hal_cryp.c">
      <Filter>STM32H7Cube\STM32H7xxxx\STM32H7xx_HAL_Driver\Src</Filter>
    </ClCompile>
    <ClCompile Include="$(BSP_ROOT)\STM32H7xxxx\STM32H7xx_HAL_Driver\Src\stm32h7xx_hal_cryp_ex.c">
      <Filter>STM32H7Cube\STM32H7xxxx\STM32H7xx_HAL_Driver\Src</Filter>
    </ClCompile>
    <ClCompile Include="$(BSP_ROOT)\STM32H7xxxx\STM32H7xx_HAL_Driver\Src\stm32h7xx_hal_dac.c">
      <Filter>STM32H7Cube\STM32H7xxxx\STM32H7xx_HAL_Driver\Src</Filter>
    </ClCompile>
    <ClCompile Include="$(BSP_ROOT)\STM32H7xxxx\STM32H7xx_HAL_Driver\Src\stm32h7xx_hal_dac_ex.c">
      <Filter>STM32H7Cube\STM32H7xxxx\STM32H7xx_HAL_Driver\Src</Filter>
    </ClCompile>
    <ClCompile Include="$(BSP_ROOT)\STM32H7xxxx\STM32H7xx_HAL_Driver\Src\stm32h7xx_hal_dcmi.c">
      <Filter>STM32H7Cube\STM32H7xxxx\STM32H7xx_HAL_Driver\Src</Filter>
    </ClCompile>
    <ClCompile Include="$(BSP_ROOT)\STM32H7xxxx\STM32H7xx_HAL_Driver\Src\stm32h7xx_hal_dfsdm.c">
      <Filter>STM32H7Cube\STM32H7xxxx\STM32H7xx_HAL_Driver\Src</Filter>
    </ClCompile>
    <ClCompile Include="$(BSP_ROOT)\STM32H7xxxx\STM32H7xx_HAL_Driver\Src\stm32h7xx_hal_dfsdm_ex.c">
      <Filter>STM32H7Cube\STM32H7xxxx\STM32H7xx_HAL_Driver\Src</Filter>
    </ClCompile>
    <ClCompile Include="$(BSP_ROOT)\STM32H7xxxx\STM32H7xx_HAL_Driver\Src\stm32h7xx_hal_dma.c">
      <Filter>STM32H7Cube\STM32H7xxxx\STM32H7xx_HAL_Driver\Src</Filter>
    </ClCompile>
    <ClCompile Include="$(BSP_ROOT)\STM32H7xxxx\STM32H7xx_HAL_Driver\Src\stm32h7xx_hal_dma_ex.c">
      <Filter>STM32H7Cube\STM32H7xxxx\STM32H7xx_HAL_Driver\Src</Filter>
    </ClCompile>
    <ClCompile Include="$(BSP_ROOT)\STM32H7xxxx\STM32H7xx_HAL_Driver\Src\stm32h7xx_hal_dma2d.c">
      <Filter>STM32H7Cube\STM32H7xxxx\STM32H7xx_HAL_Driver\Src</Filter>
    </ClCompile>
    <ClCompile Include="$(BSP_ROOT)\STM32H7xxxx\STM32H7xx_HAL_Driver\Src\stm32h7xx_hal_dsi.c">
      <Filter>STM32H7Cube\STM32H7xxxx\STM32H7xx_HAL_Driver\Src</Filter>
    </ClCompile>
    <ClCompile Include="$(BSP_ROOT)\STM32H7xxxx\STM32H7xx_HAL_Driver\Src\stm32h7xx_hal_dts.c">
      <Filter>STM32H7Cube\STM32H7xxxx\STM32H7xx_HAL_Driver\Src</Filter>
    </ClCompile>
    <ClCompile Include="$(BSP_ROOT)\STM32H7xxxx\STM32H7xx_HAL_Driver\Src\stm32h7xx_hal_eth.c">
      <Filter>STM32H7Cube\STM32H7xxxx\STM32H7xx_HAL_Driver\Src</Filter>
    </ClCompile>
    <ClCompile Include="$(BSP_ROOT)\STM32H7xxxx\STM32H7xx_HAL_Driver\Src\stm32h7xx_hal_eth_ex.c">
      <Filter>STM32H7Cube\STM32H7xxxx\STM32H7xx_HAL_Driver\Src</Filter>
    </ClCompile>
    <ClCompile Include="$(BSP_ROOT)\STM32H7xxxx\STM32H7xx_HAL_Driver\Src\stm32h7xx_hal_exti.c">
      <Filter>STM32H7Cube\STM32H7xxxx\STM32H7xx_HAL_Driver\Src</Filter>
    </ClCompile>
    <ClCompile Include="$(BSP_ROOT)\STM32H7xxxx\STM32H7xx_HAL_Driver\Src\stm32h7xx_hal_fdcan.c">
      <Filter>STM32H7Cube\STM32H7xxxx\STM32H7xx_HAL_Driver\Src</Filter>
    </ClCompile>
    <ClCompile Include="$(BSP_ROOT)\STM32H7xxxx\STM32H7xx_HAL_Driver\Src\stm32h7xx_hal_flash.c">
      <Filter>STM32H7Cube\STM32H7xxxx\STM32H7xx_HAL_Driver\Src</Filter>
    </ClCompile>
    <ClCompile Include="$(BSP_ROOT)\STM32H7xxxx\STM32H7xx_HAL_Driver\Src\stm32h7xx_hal_flash_ex.c">
      <Filter>STM32H7Cube\STM32H7xxxx\STM32H7xx_HAL_Driver\Src</Filter>
    </ClCompile>
    <ClCompile Include="$(BSP_ROOT)\STM32H7xxxx\STM32H7xx_HAL_Driver\Src\stm32h7xx_hal_fmac.c">
      <Filter>STM32H7Cube\STM32H7xxxx\STM32H7xx_HAL_Driver\Src</Filter>
    </ClCompile>
    <ClCompile Include="$(BSP_ROOT)\STM32H7xxxx\STM32H7xx_HAL_Driver\Src\stm32h7xx_hal_gfxmmu.c">
      <Filter>STM32H7Cube\STM32H7xxxx\STM32H7xx_HAL_Driver\Src</Filter>
    </ClCompile>
    <ClCompile Include="$(BSP_ROOT)\STM32H7xxxx\STM32H7xx_HAL_Driver\Src\stm32h7xx_hal_gpio.c">
      <Filter>STM32H7Cube\STM32H7xxxx\STM32H7xx_HAL_Driver\Src</Filter>
    </ClCompile>
    <ClCompile Include="$(BSP_ROOT)\STM32H7xxxx\STM32H7xx_HAL_Driver\Src\stm32h7xx_hal_hash.c">
      <Filter>STM32H7Cube\STM32H7xxxx\STM32H7xx_HAL_Driver\Src</Filter>
    </ClCompile>
    <ClCompile Include="$(BSP_ROOT)\STM32H7xxxx\STM32H7xx_HAL_Driver\Src\stm32h7xx_hal_hash_ex.c">
      <Filter>STM32H7Cube\STM32H7xxxx\STM32H7xx_HAL_Driver\Src</Filter>
    </ClCompile>
    <ClCompile Include="$(BSP_ROOT)\STM32H7xxxx\STM32H7xx_HAL_Driver\Src\stm32h7xx_hal_hcd.c">
      <Filter>STM32H7Cube\STM32H7xxxx\STM32H7xx_HAL_Driver\Src</Filter>
    </ClCompile>
    <ClCompile Include="$(BSP_ROOT)\STM32H7xxxx\STM32H7xx_HAL_Driver\Src\stm32h7xx_hal_hrtim.c">
      <Filter>STM32H7Cube\STM32H7xxxx\STM32H7xx_HAL_Driver\Src</Filter>
    </ClCompile>
    <ClCompile Include="$(BSP_ROOT)\STM32H7xxxx\STM32H7xx_HAL_Driver\Src\stm32h7xx_hal_hsem.c">
      <Filter>STM32H7Cube\STM32H7xxxx\STM32H7xx_HAL_Driver\Src</Filter>
    </ClCompile>
    <ClCompile Include="$(BSP_ROOT)\STM32H7xxxx\STM32H7xx_HAL_Driver\Src\stm32h7xx_hal_i2c.c">
      <Filter>STM32H7Cube\STM32H7xxxx\STM32H7xx_HAL_Driver\Src</Filter>
    </ClCompile>
    <ClCompile Include="$(BSP_ROOT)\STM32H7xxxx\STM32H7xx_HAL_Driver\Src\stm32h7xx_hal_i2c_ex.c">
      <Filter>STM32H7Cube\STM32H7xxxx\STM32H7xx_HAL_Driver\Src</Filter>
    </ClCompile>
    <ClCompile Include="$(BSP_ROOT)\STM32H7xxxx\STM32H7xx_HAL_Driver\Src\stm32h7xx_hal_i2s.c">
      <Filter>STM32H7Cube\STM32H7xxxx\STM32H7xx_HAL_Driver\Src</Filter>
    </ClCompile>
    <ClCompile Include="$(BSP_ROOT)\STM32H7xxxx\STM32H7xx_HAL_Driver\Src\stm32h7xx_hal_i2s_ex.c">
      <Filter>STM32H7Cube\STM32H7xxxx\STM32H7xx_HAL_Driver\Src</Filter>
    </ClCompile>
    <ClCompile Include="$(BSP_ROOT)\STM32H7xxxx\STM32H7xx_HAL_Driver\Src\stm32h7xx_hal_irda.c">
      <Filter>STM32H7Cube\STM32H7xxxx\STM32H7xx_HAL_Driver\Src</Filter>
    </ClCompile>
    <ClCompile Include="$(BSP_ROOT)\STM32H7xxxx\STM32H7xx_HAL_Driver\Src\stm32h7xx_hal_iwdg.c">
      <Filter>STM32H7Cube\STM32H7xxxx\STM32H7xx_HAL_Driver\Src</Filter>
    </ClCompile>
    <ClCompile Include="$(BSP_ROOT)\STM32H7xxxx\STM32H7xx_HAL_Driver\Src\stm32h7xx_hal_jpeg.c">
      <Filter>STM32H7Cube\STM32H7xxxx\STM32H7xx_HAL_Driver\Src</Filter>
    </ClCompile>
    <ClCompile Include="$(BSP_ROOT)\STM32H7xxxx\STM32H7xx_HAL_Driver\Src\stm32h7xx_hal_lptim.c">
      <Filter>STM32H7Cube\STM32H7xxxx\STM32H7xx_HAL_Driver\Src</Filter>
    </ClCompile>
    <ClCompile Include="$(BSP_ROOT)\STM32H7xxxx\STM32H7xx_HAL_Driver\Src\stm32h7xx_hal_ltdc.c">
      <Filter>STM32H7Cube\STM32H7xxxx\STM32H7xx_HAL_Driver\Src</Filter>
    </ClCompile>
    <ClCompile Include="$(BSP_ROOT)\STM32H7xxxx\STM32H7xx_HAL_Driver\Src\stm32h7xx_hal_ltdc_ex.c">
      <Filter>STM32H7Cube\STM32H7xxxx\STM32H7xx_HAL_Driver\Src</Filter>
    </ClCompile>
    <ClCompile Include="$(BSP_ROOT)\STM32H7xxxx\STM32H7xx_HAL_Driver\Src\stm32h7xx_hal_mdios.c">
      <Filter>STM32H7Cube\STM32H7xxxx\STM32H7xx_HAL_Driver\Src</Filter>
    </ClCompile>
    <ClCompile Include="$(BSP_ROOT)\STM32H7xxxx\STM32H7xx_HAL_Driver\Src\stm32h7xx_hal_mdma.c">
      <Filter>STM32H7Cube\STM32H7xxxx\STM32H7xx_HAL_Driver\Src</Filter>
    </ClCompile>
    <ClCompile Include="$(BSP_ROOT)\STM32H7xxxx\STM32H7xx_HAL_Driver\Src\stm32h7xx_hal_mmc.c">
      <Filter>STM32H7Cube\STM32H7xxxx\STM32H7xx_HAL_Driver\Src</Filter>
    </ClCompile>
    <ClCompile Include="$(BSP_ROOT)\STM32H7xxxx\STM32H7xx_HAL_Driver\Src\stm32h7xx_hal_mmc_ex.c">
      <Filter>STM32H7Cube\STM32H7xxxx\STM32H7xx_HAL_Driver\Src</Filter>
    </ClCompile>
    <ClCompile Include="$(BSP_ROOT)\STM32H7xxxx\STM32H7xx_HAL_Driver\Src\stm32h7xx_hal_nand.c">
      <Filter>STM32H7Cube\STM32H7xxxx\STM32H7xx_HAL_Driver\Src</Filter>
    </ClCompile>
    <ClCompile Include="$(BSP_ROOT)\STM32H7xxxx\STM32H7xx_HAL_Driver\Src\stm32h7xx_hal_nor.c">
      <Filter>STM32H7Cube\STM32H7xxxx\STM32H7xx_HAL_Driver\Src</Filter>
    </ClCompile>
    <ClCompile Include="$(BSP_ROOT)\STM32H7xxxx\STM32H7xx_HAL_Driver\Src\stm32h7xx_hal_opamp.c">
      <Filter>STM32H7Cube\STM32H7xxxx\STM32H7xx_HAL_Driver\Src</Filter>
    </ClCompile>
    <ClCompile Include="$(BSP_ROOT)\STM32H7xxxx\STM32H7xx_HAL_Driver\Src\stm32h7xx_hal_opamp_ex.c">
      <Filter>STM32H7Cube\STM32H7xxxx\STM32H7xx_HAL_Driver\Src</Filter>
    </ClCompile>
    <ClCompile Include="$(BSP_ROOT)\STM32H7xxxx\STM32H7xx_HAL_Driver\Src\stm32h7xx_hal_ospi.c">
      <Filter>STM32H7Cube\STM32H7xxxx\STM32H7xx_HAL_Driver\Src</Filter>
    </ClCompile>
    <ClCompile Include="$(BSP_ROOT)\STM32H7xxxx\STM32H7xx_HAL_Driver\Src\stm32h7xx_hal_otfdec.c">
      <Filter>STM32H7Cube\STM32H7xxxx\STM32H7xx_HAL_Driver\Src</Filter>
    </ClCompile>
    <ClCompile Include="$(BSP_ROOT)\STM32H7xxxx\STM32H7xx_HAL_Driver\Src\stm32h7xx_hal_pcd.c">
      <Filter>STM32H7Cube\STM32H7xxxx\STM32H7xx_HAL_Driver\Src</Filter>
    </ClCompile>
    <ClCompile Include="$(BSP_ROOT)\STM32H7xxxx\STM32H7xx_HAL_Driver\Src\stm32h7xx_hal_pcd_ex.c">
      <Filter>STM32H7Cube\STM32H7xxxx\STM32H7xx_HAL_Driver\Src</Filter>
    </ClCompile>
    <ClCompile Include="$(BSP_ROOT)\STM32H7xxxx\STM32H7xx_HAL_Driver\Src\stm32h7xx_hal_pssi.c">
      <Filter>STM32H7Cube\STM32H7xxxx\STM32H7xx_HAL_Driver\Src</Filter>
    </ClCompile>
    <ClCompile Include="$(BSP_ROOT)\STM32H7xxxx\STM32H7xx_HAL_Driver\Src\stm32h7xx_hal_pwr.c">
      <Filter>STM32H7Cube\STM32H7xxxx\STM32H7xx_HAL_Driver\Src</Filter>
    </ClCompile>
    <ClCompile Include="$(BSP_ROOT)\STM32H7xxxx\STM32H7xx_HAL_Driver\Src\stm32h7xx_hal_pwr_ex.c">
      <Filter>STM32H7Cube\STM32H7xxxx\STM32H7xx_HAL_Driver\Src</Filter>
    </ClCompile>
    <ClCompile Include="$(BSP_ROOT)\STM32H7xxxx\STM32H7xx_HAL_Driver\Src\stm32h7xx_hal_qspi.c">
      <Filter>STM32H7Cube\STM32H7xxxx\STM32H7xx_HAL_Driver\Src</Filter>
    </ClCompile>
    <ClCompile Include="$(BSP_ROOT)\STM32H7xxxx\STM32H7xx_HAL_Driver\Src\stm32h7xx_hal_ramecc.c">
      <Filter>STM32H7Cube\STM32H7xxxx\STM32H7xx_HAL_Driver\Src</Filter>
    </ClCompile>
    <ClCompile Include="$(BSP_ROOT)\STM32H7xxxx\STM32H7xx_HAL_Driver\Src\stm32h7xx_hal_rcc.c">
      <Filter>STM32H7Cube\STM32H7xxxx\STM32H7xx_HAL_Driver\Src</Filter>
    </ClCompile>
    <ClCompile Include="$(BSP_ROOT)\STM32H7xxxx\STM32H7xx_HAL_Driver\Src\stm32h7xx_hal_rcc_ex.c">
      <Filter>STM32H7Cube\STM32H7xxxx\STM32H7xx_HAL_Driver\Src</Filter>
    </ClCompile>
    <ClCompile Include="$(BSP_ROOT)\STM32H7xxxx\STM32H7xx_HAL_Driver\Src\stm32h7xx_hal_rng.c">
      <Filter>STM32H7Cube\STM32H7xxxx\STM32H7xx_HAL_Driver\Src</Filter>
    </ClCompile>
    <ClCompile Include="$(BSP_ROOT)\STM32H7xxxx\STM32H7xx_HAL_Driver\Src\stm32h7xx_hal_rng_ex.c">
      <Filter>STM32H7Cube\STM32H7xxxx\STM32H7xx_HAL_Driver\Src</Filter>
    </ClCompile>
    <ClCompile Include="$(BSP_ROOT)\STM32H7xxxx\STM32H7xx_HAL_Driver\Src\stm32h7xx_hal_rtc.c">
      <Filter>STM32H7Cube\STM32H7xxxx\STM32H7xx_HAL_Driver\Src</Filter>
    </ClCompile>
    <ClCompile Include="$(BSP_ROOT)\STM32H7xxxx\STM32H7xx_HAL_Driver\Src\stm32h7xx_hal_rtc_ex.c">
      <Filter>STM32H7Cube\STM32H7xxxx\STM32H7xx_HAL_Driver\Src</Filter>
    </ClCompile>
    <ClCompile Include="$(BSP_ROOT)\STM32H7xxxx\STM32H7xx_HAL_Driver\Src\stm32h7xx_hal_sai.c">
      <Filter>STM32H7Cube\STM32H7xxxx\STM32H7xx_HAL_Driver\Src</Filter>
    </ClCompile>
    <ClCompile Include="$(BSP_ROOT)\STM32H7xxxx\STM32H7xx_HAL_Driver\Src\stm32h7xx_hal_sai_ex.c">
      <Filter>STM32H7Cube\STM32H7xxxx\STM32H7xx_HAL_Driver\Src</Filter>
    </ClCompile>
    <ClCompile Include="$(BSP_ROOT)\STM32H7xxxx\STM32H7xx_HAL_Driver\Src\stm32h7xx_hal_sd.c">
      <Filter>STM32H7Cube\STM32H7xxxx\STM32H7xx_HAL_Driver\Src</Filter>
    </ClCompile>
    <ClCompile Include="$(BSP_ROOT)\STM32H7xxxx\STM32H7xx_HAL_Driver\Src\stm32h7xx_hal_sd_ex.c">
      <Filter>STM32H7Cube\STM32H7xxxx\STM32H7xx_HAL_Driver\Src</Filter>
    </ClCompile>
    <ClCompile Include="$(BSP_ROOT)\STM32H7xxxx\STM32H7xx_HAL_Driver\Src\stm32h7xx_hal_sdram.c">
      <Filter>STM32H7Cube\STM32H7xxxx\STM32H7xx_HAL_Driver\Src</Filter>
    </ClCompile>
    <ClCompile Include="$(BSP_ROOT)\STM32H7xxxx\STM32H7xx_HAL_Driver\Src\stm32h7xx_hal_smartcard.c">
      <Filter>STM32H7Cube\STM32H7xxxx\STM32H7xx_HAL_Driver\Src</Filter>
    </ClCompile>
    <ClCompile Include="$(BSP_ROOT)\STM32H7xxxx\STM32H7xx_HAL_Driver\Src\stm32h7xx_hal_smartcard_ex.c">
      <Filter>STM32H7Cube\STM32H7xxxx\STM32H7xx_HAL_Driver\Src</Filter>
    </ClCompile>
    <ClCompile Include="$(BSP_ROOT)\STM32H7xxxx\STM32H7xx_HAL_Driver\Src\stm32h7xx_hal_smbus.c">
      <Filter>STM32H7Cube\STM32H7xxxx\STM32H7xx_HAL_Driver\Src</Filter>
    </ClCompile>
    <ClCompile Include="$(BSP_ROOT)\STM32H7xxxx\STM32H7xx_HAL_Driver\Src\stm32h7xx_hal_spdifrx.c">
      <Filter>STM32H7Cube\STM32H7xxxx\STM32H7xx_HAL_Driver\Src</Filter>
    </ClCompile>
    <ClCompile Include="$(BSP_ROOT)\STM32H7xxxx\STM32H7xx_HAL_Driver\Src\stm32h7xx_hal_spi.c">
      <Filter>STM32H7Cube\STM32H7xxxx\STM32H7xx_HAL_Driver\Src</Filter>
    </ClCompile>
    <ClCompile Include="$(BSP_ROOT)\STM32H7xxxx\STM32H7xx_HAL_Driver\Src\stm32h7xx_hal_spi_ex.c">
      <Filter>STM32H7Cube\STM32H7xxxx\STM32H7xx_HAL_Driver\Src</Filter>
    </ClCompile>
    <ClCompile Include="$(BSP_ROOT)\STM32H7xxxx\STM32H7xx_HAL_Driver\Src\stm32h7xx_hal_sram.c">
      <Filter>STM32H7Cube\STM32H7xxxx\STM32H7xx_HAL_Driver\Src</Filter>
    </ClCompile>
    <ClCompile Include="$(BSP_ROOT)\STM32H7xxxx\STM32H7xx_HAL_Driver\Src\stm32h7xx_hal_swpmi.c">
      <Filter>STM32H7Cube\STM32H7xxxx\STM32H7xx_HAL_Driver\Src</Filter>
    </ClCompile>
    <ClCompile Include="$(BSP_ROOT)\STM32H7xxxx\STM32H7xx_HAL_Driver\Src\stm32h7xx_hal_tim.c">
      <Filter>STM32H7Cube\STM32H7xxxx\STM32H7xx_HAL_Driver\Src</Filter>
    </ClCompile>
    <ClCompile Include="$(BSP_ROOT)\STM32H7xxxx\STM32H7xx_HAL_Driver\Src\stm32h7xx_hal_tim_ex.c">
      <Filter>STM32H7Cube\STM32H7xxxx\STM32H7xx_HAL_Driver\Src</Filter>
    </ClCompile>
    <ClCompile Include="$(BSP_ROOT)\STM32H7xxxx\STM32H7xx_HAL_Driver\Src\stm32h7xx_hal_uart.c">
      <Filter>STM32H7Cube\STM32H7xxxx\STM32H7xx_HAL_Driver\Src</Filter>
    </ClCompile>
    <ClCompile Include="$(BSP_ROOT)\STM32H7xxxx\STM32H7xx_HAL_Driver\Src\stm32h7xx_hal_uart_ex.c">
      <Filter>STM32H7Cube\STM32H7xxxx\STM32H7xx_HAL_Driver\Src</Filter>
    </ClCompile>
    <ClCompile Include="$(BSP_ROOT)\STM32H7xxxx\STM32H7xx_HAL_Driver\Src\stm32h7xx_hal_usart.c">
      <Filter>STM32H7Cube\STM32H7xxxx\STM32H7xx_HAL_Driver\Src</Filter>
    </ClCompile>
    <ClCompile Include="$(BSP_ROOT)\STM32H7xxxx\STM32H7xx_HAL_Driver\Src\stm32h7xx_hal_usart_ex.c">
      <Filter>STM32H7Cube\STM32H7xxxx\STM32H7xx_HAL_Driver\Src</Filter>
    </ClCompile>
    <ClCompile Include="$(BSP_ROOT)\STM32H7xxxx\STM32H7xx_HAL_Driver\Src\stm32h7xx_hal_wwdg.c">
      <Filter>STM32H7Cube\STM32H7xxxx\STM32H7xx_HAL_Driver\Src</Filter>
    </ClCompile>
    <ClCompile Include="$(BSP_ROOT)\STM32H7xxxx\STM32H7xx_HAL_Driver\Src\stm32h7xx_ll_adc.c">
      <Filter>STM32H7Cube\STM32H7xxxx\STM32H7xx_HAL_Driver\Src</Filter>
    </ClCompile>
    <ClCompile Include="$(BSP_ROOT)\STM32H7xxxx\STM32H7xx_HAL_Driver\Src\stm32h7xx_ll_bdma.c">
      <Filter>STM32H7Cube\STM32H7xxxx\STM32H7xx_HAL_Driver\Src</Filter>
    </ClCompile>
    <ClCompile Include="$(BSP_ROOT)\STM32H7xxxx\STM32H7xx_HAL_Driver\Src\stm32h7xx_ll_comp.c">
      <Filter>STM32H7Cube\STM32H7xxxx\STM32H7xx_HAL_Driver\Src</Filter>
    </ClCompile>
    <ClCompile Include="$(BSP_ROOT)\STM32H7xxxx\STM32H7xx_HAL_Driver\Src\stm32h7xx_ll_cordic.c">
      <Filter>STM32H7Cube\STM32H7xxxx\STM32H7xx_HAL_Driver\Src</Filter>
    </ClCompile>
    <ClCompile Include="$(BSP_ROOT)\STM32H7xxxx\STM32H7xx_HAL_Driver\Src\stm32h7xx_ll_crc.c">
      <Filter>STM32H7Cube\STM32H7xxxx\STM32H7xx_HAL_Driver\Src</Filter>
    </ClCompile>
    <ClCompile Include="$(BSP_ROOT)\STM32H7xxxx\STM32H7xx_HAL_Driver\Src\stm32h7xx_ll_crs.c">
      <Filter>STM32H7Cube\STM32H7xxxx\STM32H7xx_HAL_Driver\Src</Filter>
    </ClCompile>
    <ClCompile Include="$(BSP_ROOT)\STM32H7xxxx\STM32H7xx_HAL_Driver\Src\stm32h7xx_ll_dac.c">
      <Filter>STM32H7Cube\STM32H7xxxx\STM32H7xx_HAL_Driver\Src</Filter>
    </ClCompile>
    <ClCompile Include="$(BSP_ROOT)\STM32H7xxxx\STM32H7xx_HAL_Driver\Src\stm32h7xx_ll_delayblock.c">
      <Filter>STM32H7Cube\STM32H7xxxx\STM32H7xx_HAL_Driver\Src</Filter>
    </ClCompile>
    <ClCompile Include="$(BSP_ROOT)\STM32H7xxxx\STM32H7xx_HAL_Driver\Src\stm32h7xx_ll_dma.c">
      <Filter>STM32H7Cube\STM32H7xxxx\STM32H7xx_HAL_Driver\Src</Filter>
    </ClCompile>
    <ClCompile Include="$(BSP_ROOT)\STM32H7xxxx\STM32H7xx_HAL_Driver\Src\stm32h7xx_ll_dma2d.c">
      <Filter>STM32H7Cube\STM32H7xxxx\STM32H7xx_HAL_Driver\Src</Filter>
    </ClCompile>
    <ClCompile Include="$(BSP_ROOT)\STM32H7xxxx\STM32H7xx_HAL_Driver\Src\stm32h7xx_ll_exti.c">
      <Filter>STM32H7Cube\STM32H7xxxx\STM32H7xx_HAL_Driver\Src</Filter>
    </ClCompile>
    <ClCompile Include="$(BSP_ROOT)\STM32H7xxxx\STM32H7xx_HAL_Driver\Src\stm32h7xx_ll_fmac.c">
      <Filter>STM32H7Cube\STM32H7xxxx\STM32H7xx_HAL_Driver\Src</Filter>
    </ClCompile>
    <ClCompile Include="$(BSP_ROOT)\STM32H7xxxx\STM32H7xx_HAL_Driver\Src\stm32h7xx_ll_fmc.c">
      <Filter>STM32H7Cube\STM32H7xxxx\STM32H7xx_HAL_Driver\Src</Filter>
    </ClCompile>
    <ClCompile Include="$(BSP_ROOT)\STM32H7xxxx\STM32H7xx_HAL_Driver\Src\stm32h7xx_ll_gpio.c">
      <Filter>STM32H7Cube\STM32H7xxxx\STM32H7xx_HAL_Driver\Src</Filter>
    </ClCompile>
    <ClCompile Include="$(BSP_ROOT)\STM32H7xxxx\STM32H7xx_HAL_Driver\Src\stm32h7xx_ll_hrtim.c">
      <Filter>STM32H7Cube\STM32H7xxxx\STM32H7xx_HAL_Driver\Src</Filter>
    </ClCompile>
    <ClCompile Include="$(BSP_ROOT)\STM32H7xxxx\STM32H7xx_HAL_Driver\Src\stm32h7xx_ll_i2c.c">
      <Filter>STM32H7Cube\STM32H7xxxx\STM32H7xx_HAL_Driver\Src</Filter>
    </ClCompile>
    <ClCompile Include="$(BSP_ROOT)\STM32H7xxxx\STM32H7xx_HAL_Driver\Src\stm32h7xx_ll_lptim.c">
      <Filter>STM32H7Cube\STM32H7xxxx\STM32H7xx_HAL_Driver\Src</Filter>
    </ClCompile>
    <ClCompile Include="$(BSP_ROOT)\STM32H7xxxx\STM32H7xx_HAL_Driver\Src\stm32h7xx_ll_lpuart.c">
      <Filter>STM32H7Cube\STM32H7xxxx\STM32H7xx_HAL_Driver\Src</Filter>
    </ClCompile>
    <ClCompile Include="$(BSP_ROOT)\STM32H7xxxx\STM32H7xx_HAL_Driver\Src\stm32h7xx_ll_mdma.c">
      <Filter>STM32H7Cube\STM32H7xxxx\STM32H7xx_HAL_Driver\Src</Filter>
    </ClCompile>
    <ClCompile Include="$(BSP_ROOT)\STM32H7xxxx\STM32H7xx_HAL_Driver\Src\stm32h7xx_ll_opamp.c">
      <Filter>STM32H7Cube\STM32H7xxxx\STM32H7xx_HAL_Driver\Src</Filter>
    </ClCompile>
    <ClCompile Include="$(BSP_ROOT)\STM32H7xxxx\STM32H7xx_HAL_Driver\Src\stm32h7xx_ll_pwr.c">
      <Filter>STM32H7Cube\STM32H7xxxx\STM32H7xx_HAL_Driver\Src</Filter>
    </ClCompile>
    <ClCompile Include="$(BSP_ROOT)\STM32H7xxxx\STM32H7xx_HAL_Driver\Src\stm32h7xx_ll_rcc.c">
      <Filter>STM32H7Cube\STM32H7xxxx\STM32H7xx_HAL_Driver\Src</Filter>
    </ClCompile>
    <ClCompile Include="$(BSP_ROOT)\STM32H7xxxx\STM32H7xx_HAL_Driver\Src\stm32h7xx_ll_rng.c">
      <Filter>STM32H7Cube\STM32H7xxxx\STM32H7xx_HAL_Driver\Src</Filter>
    </ClCompile>
    <ClCompile Include="$(BSP_ROOT)\STM32H7xxxx\STM32H7xx_HAL_Driver\Src\stm32h7xx_ll_rtc.c">
      <Filter>STM32H7Cube\STM32H7xxxx\STM32H7xx_HAL_Driver\Src</Filter>
    </ClCompile>
    <ClCompile Include="$(BSP_ROOT)\STM32H7xxxx\STM32H7xx_HAL_Driver\Src\stm32h7xx_ll_sdmmc.c">
      <Filter>STM32H7Cube\STM32H7xxxx\STM32H7xx_HAL_Driver\Src</Filter>
    </ClCompile>
    <ClCompile Include="$(BSP_ROOT)\STM32H7xxxx\STM32H7xx_HAL_Driver\Src\stm32h7xx_ll_spi.c">
      <Filter>STM32H7Cube\STM32H7xxxx\STM32H7xx_HAL_Driver\Src</Filter>
    </ClCompile>
    <ClCompile Include="$(BSP_ROOT)\STM32H7xxxx\STM32H7xx_HAL_Driver\Src\stm32h7xx_ll_swpmi.c">
      <Filter>STM32H7Cube\STM32H7xxxx\STM32H7xx_HAL_Driver\Src</Filter>
    </ClCompile>
    <ClCompile Include="$(BSP_ROOT)\STM32H7xxxx\STM32H7xx_HAL_Driver\Src\stm32h7xx_ll_tim.c">
      <Filter>STM32H7Cube\STM32H7xxxx\STM32H7xx_HAL_Driver\Src</Filter>
    </ClCompile>
    <ClCompile Include="$(BSP_ROOT)\STM32H7xxxx\STM32H7xx_HAL_Driver\Src\stm32h7xx_ll_usart.c">
      <Filter>STM32H7Cube\STM32H7xxxx\STM32H7xx_HAL_Driver\Src</Filter>
    </ClCompile>
    <ClCompile Include="$(BSP_ROOT)\STM32H7xxxx\STM32H7xx_HAL_Driver\Src\stm32h7xx_ll_usb.c">
      <Filter>STM32H7Cube\STM32H7xxxx\STM32H7xx_HAL_Driver\Src</Filter>
    </ClCompile>
    <ClCompile Include="Source\main.c">
      <Filter>Source</Filter>
    </ClCompile>
    <ClCompile Include="Source\system_stm32h7xx.c">
      <Filter>Source</Filter>
    </ClCompile>
    <ClCompile Include="Source\Receiver_Task.c">
      <Filter>Source</Filter>
    </ClCompile>
    <None Include="RIOS\RIOS.PDF">
      <Filter>RIOS</Filter>
    </None>
  </ItemGroup>
  <ItemGroup>
    <None Include="STM32h735G-DK-Debug.vgdbsettings" />
    <None Include="STM32h735G-DK-Release.vgdbsettings" />
    <None Include=".clang-format" />
    <None Include="stm32.props">
      <Filter>VisualGDB settings</Filter>
    </None>
  </ItemGroup>
  <ItemGroup>
    <LinkerScript Include="Configuration\STM32H735IG_flash.lds">
      <Filter>Configuration</Filter>
    </LinkerScript>
  </ItemGroup>
  <ItemGroup>
    <ClInclude Include="$(BSP_ROOT)\STM32H7xxxx\STM32H7xx_HAL_Driver\Inc\stm32h7xx_ll_cortex.h">
      <Filter>STM32H7Cube\STM32H7xxxx\STM32H7xx_HAL_Driver\Inc</Filter>
    </ClInclude>
    <ClInclude Include="$(BSP_ROOT)\STM32H7xxxx\STM32H7xx_HAL_Driver\Inc\stm32h7xx_ll_crc.h">
      <Filter>STM32H7Cube\STM32H7xxxx\STM32H7xx_HAL_Driver\Inc</Filter>
    </ClInclude>
    <ClInclude Include="$(BSP_ROOT)\STM32H7xxxx\STM32H7xx_HAL_Driver\Inc\stm32h7xx_ll_crs.h">
      <Filter>STM32H7Cube\STM32H7xxxx\STM32H7xx_HAL_Driver\Inc</Filter>
    </ClInclude>
    <ClInclude Include="$(BSP_ROOT)\STM32H7xxxx\STM32H7xx_HAL_Driver\Inc\stm32h7xx_ll_dac.h">
      <Filter>STM32H7Cube\STM32H7xxxx\STM32H7xx_HAL_Driver\Inc</Filter>
    </ClInclude>
    <ClInclude Include="$(BSP_ROOT)\STM32H7xxxx\STM32H7xx_HAL_Driver\Inc\stm32h7xx_ll_delayblock.h">
      <Filter>STM32H7Cube\STM32H7xxxx\STM32H7xx_HAL_Driver\Inc</Filter>
    </ClInclude>
    <ClInclude Include="$(BSP_ROOT)\STM32H7xxxx\STM32H7xx_HAL_Driver\Inc\stm32h7xx_ll_dma.h">
      <Filter>STM32H7Cube\STM32H7xxxx\STM32H7xx_HAL_Driver\Inc</Filter>
    </ClInclude>
    <ClInclude Include="$(BSP_ROOT)\STM32H7xxxx\STM32H7xx_HAL_Driver\Inc\stm32h7xx_ll_dma2d.h">
      <Filter>STM32H7Cube\STM32H7xxxx\STM32H7xx_HAL_Driver\Inc</Filter>
    </ClInclude>
    <ClInclude Include="$(BSP_ROOT)\STM32H7xxxx\STM32H7xx_HAL_Driver\Inc\stm32h7xx_ll_dmamux.h">
      <Filter>STM32H7Cube\STM32H7xxxx\STM32H7xx_HAL_Driver\Inc</Filter>
    </ClInclude>
    <ClInclude Include="$(BSP_ROOT)\STM32H7xxxx\STM32H7xx_HAL_Driver\Inc\stm32h7xx_ll_exti.h">
      <Filter>STM32H7Cube\STM32H7xxxx\STM32H7xx_HAL_Driver\Inc</Filter>
    </ClInclude>
    <ClInclude Include="$(BSP_ROOT)\STM32H7xxxx\STM32H7xx_HAL_Driver\Inc\stm32h7xx_ll_fmac.h">
      <Filter>STM32H7Cube\STM32H7xxxx\STM32H7xx_HAL_Driver\Inc</Filter>
    </ClInclude>
    <ClInclude Include="$(BSP_ROOT)\STM32H7xxxx\STM32H7xx_HAL_Driver\Inc\stm32h7xx_ll_fmc.h">
      <Filter>STM32H7Cube\STM32H7xxxx\STM32H7xx_HAL_Driver\Inc</Filter>
    </ClInclude>
    <ClInclude Include="$(BSP_ROOT)\STM32H7xxxx\STM32H7xx_HAL_Driver\Inc\stm32h7xx_ll_gpio.h">
      <Filter>STM32H7Cube\STM32H7xxxx\STM32H7xx_HAL_Driver\Inc</Filter>
    </ClInclude>
    <ClInclude Include="$(BSP_ROOT)\STM32H7xxxx\STM32H7xx_HAL_Driver\Inc\stm32h7xx_ll_hrtim.h">
      <Filter>STM32H7Cube\STM32H7xxxx\STM32H7xx_HAL_Driver\Inc</Filter>
    </ClInclude>
    <ClInclude Include="$(BSP_ROOT)\STM32H7xxxx\STM32H7xx_HAL_Driver\Inc\stm32h7xx_ll_hsem.h">
      <Filter>STM32H7Cube\STM32H7xxxx\STM32H7xx_HAL_Driver\Inc</Filter>
    </ClInclude>
    <ClInclude Include="$(BSP_ROOT)\STM32H7xxxx\STM32H7xx_HAL_Driver\Inc\stm32h7xx_ll_i2c.h">
      <Filter>STM32H7Cube\STM32H7xxxx\STM32H7xx_HAL_Driver\Inc</Filter>
    </ClInclude>
    <ClInclude Include="$(BSP_ROOT)\STM32H7xxxx\STM32H7xx_HAL_Driver\Inc\stm32h7xx_ll_iwdg.h">
      <Filter>STM32H7Cube\STM32H7xxxx\STM32H7xx_HAL_Driver\Inc</Filter>
    </ClInclude>
    <ClInclude Include="$(BSP_ROOT)\STM32H7xxxx\STM32H7xx_HAL_Driver\Inc\stm32h7xx_ll_lptim.h">
      <Filter>STM32H7Cube\STM32H7xxxx\STM32H7xx_HAL_Driver\Inc</Filter>
    </ClInclude>
    <ClInclude Include="$(BSP_ROOT)\STM32H7xxxx\STM32H7xx_HAL_Driver\Inc\stm32h7xx_ll_lpuart.h">
      <Filter>STM32H7Cube\STM32H7xxxx\STM32H7xx_HAL_Driver\Inc</Filter>
    </ClInclude>
    <ClInclude Include="$(BSP_ROOT)\STM32H7xxxx\STM32H7xx_HAL_Driver\Inc\stm32h7xx_ll_mdma.h">
      <Filter>STM32H7Cube\STM32H7xxxx\STM32H7xx_HAL_Driver\Inc</Filter>
    </ClInclude>
    <ClInclude Include="$(BSP_ROOT)\STM32H7xxxx\STM32H7xx_HAL_Driver\Inc\stm32h7xx_ll_opamp.h">
      <Filter>STM32H7Cube\STM32H7xxxx\STM32H7xx_HAL_Driver\Inc</Filter>
    </ClInclude>
    <ClInclude Include="$(BSP_ROOT)\STM32H7xxxx\STM32H7xx_HAL_Driver\Inc\stm32h7xx_ll_pwr.h">
      <Filter>STM32H7Cube\STM32H7xxxx\STM32H7xx_HAL_Driver\Inc</Filter>
    </ClInclude>
    <ClInclude Include="$(BSP_ROOT)\STM32H7xxxx\STM32H7xx_HAL_Driver\Inc\stm32h7xx_ll_rcc.h">
      <Filter>STM32H7Cube\STM32H7xxxx\STM32H7xx_HAL_Driver\Inc</Filter>
    </ClInclude>
    <ClInclude Include="$(BSP_ROOT)\STM32H7xxxx\STM32H7xx_HAL_Driver\Inc\stm32h7xx_ll_rng.h">
      <Filter>STM32H7Cube\STM32H7xxxx\STM32H7xx_HAL_Driver\Inc</Filter>
    </ClInclude>
    <ClInclude Include="$(BSP_ROOT)\STM32H7xxxx\STM32H7xx_HAL_Driver\Inc\stm32h7xx_ll_rtc.h">
      <Filter>STM32H7Cube\STM32H7xxxx\STM32H7xx_HAL_Driver\Inc</Filter>
    </ClInclude>
    <ClInclude Include="$(BSP_ROOT)\STM32H7xxxx\STM32H7xx_HAL_Driver\Inc\stm32h7xx_ll_sdmmc.h">
      <Filter>STM32H7Cube\STM32H7xxxx\STM32H7xx_HAL_Driver\Inc</Filter>
    </ClInclude>
    <ClInclude Include="$(BSP_ROOT)\STM32H7xxxx\STM32H7xx_HAL_Driver\Inc\stm32h7xx_ll_spi.h">
      <Filter>STM32H7Cube\STM32H7xxxx\STM32H7xx_HAL_Driver\Inc</Filter>
    </ClInclude>
    <ClInclude Include="$(BSP_ROOT)\STM32H7xxxx\STM32H7xx_HAL_Driver\Inc\stm32h7xx_ll_swpmi.h">
      <Filter>STM32H7Cube\STM32H7xxxx\STM32H7xx_HAL_Driver\Inc</Filter>
    </ClInclude>
    <ClInclude Include="$(BSP_ROOT)\STM32H7xxxx\STM32H7xx_HAL_Driver\Inc\stm32h7xx_ll_system.h">
      <Filter>STM32H7Cube\STM32H7xxxx\STM32H7xx_HAL_Driver\Inc</Filter>
    </ClInclude>
    <ClInclude Include="$(BSP_ROOT)\STM32H7xxxx\STM32H7xx_HAL_Driver\Inc\stm32h7xx_ll_tim.h">
      <Filter>STM32H7Cube\STM32H7xxxx\STM32H7xx_HAL_Driver\Inc</Filter>
    </ClInclude>
    <ClInclude Include="$(BSP_ROOT)\STM32H7xxxx\STM32H7xx_HAL_Driver\Inc\stm32h7xx_ll_usart.h">
      <Filter>STM32H7Cube\STM32H7xxxx\STM32H7xx_HAL_Driver\Inc</Filter>
    </ClInclude>
    <ClInclude Include="$(BSP_ROOT)\STM32H7xxxx\STM32H7xx_HAL_Driver\Inc\stm32h7xx_ll_usb.h">
      <Filter>STM32H7Cube\STM32H7xxxx\STM32H7xx_HAL_Driver\Inc</Filter>
    </ClInclude>
    <ClInclude Include="$(BSP_ROOT)\STM32H7xxxx\STM32H7xx_HAL_Driver\Inc\stm32h7xx_ll_utils.h">
      <Filter>STM32H7Cube\STM32H7xxxx\STM32H7xx_HAL_Driver\Inc</Filter>
    </ClInclude>
    <ClInclude Include="$(BSP_ROOT)\STM32H7xxxx\STM32H7xx_HAL_Driver\Inc\stm32h7xx_ll_wwdg.h">
      <Filter>STM32H7Cube\STM32H7xxxx\STM32H7xx_HAL_Driver\Inc</Filter>
    </ClInclude>
    <ClInclude Include="$(BSP_ROOT)\STM32H7xxxx\STM32H7xx_HAL_Driver\Inc\stm32h7xx_hal_sd.h">
      <Filter>STM32H7Cube\STM32H7xxxx\STM32H7xx_HAL_Driver\Inc</Filter>
    </ClInclude>
    <ClInclude Include="$(BSP_ROOT)\STM32H7xxxx\STM32H7xx_HAL_Driver\Inc\stm32h7xx_hal_sd_ex.h">
      <Filter>STM32H7Cube\STM32H7xxxx\STM32H7xx_HAL_Driver\Inc</Filter>
    </ClInclude>
    <ClInclude Include="$(BSP_ROOT)\STM32H7xxxx\STM32H7xx_HAL_Driver\Inc\stm32h7xx_hal_sdram.h">
      <Filter>STM32H7Cube\STM32H7xxxx\STM32H7xx_HAL_Driver\Inc</Filter>
    </ClInclude>
    <ClInclude Include="$(BSP_ROOT)\STM32H7xxxx\STM32H7xx_HAL_Driver\Inc\stm32h7xx_hal_smartcard.h">
      <Filter>STM32H7Cube\STM32H7xxxx\STM32H7xx_HAL_Driver\Inc</Filter>
    </ClInclude>
    <ClInclude Include="$(BSP_ROOT)\STM32H7xxxx\STM32H7xx_HAL_Driver\Inc\stm32h7xx_hal_smartcard_ex.h">
      <Filter>STM32H7Cube\STM32H7xxxx\STM32H7xx_HAL_Driver\Inc</Filter>
    </ClInclude>
    <ClInclude Include="$(BSP_ROOT)\STM32H7xxxx\STM32H7xx_HAL_Driver\Inc\stm32h7xx_hal_smbus.h">
      <Filter>STM32H7Cube\STM32H7xxxx\STM32H7xx_HAL_Driver\Inc</Filter>
    </ClInclude>
    <ClInclude Include="$(BSP_ROOT)\STM32H7xxxx\STM32H7xx_HAL_Driver\Inc\stm32h7xx_hal_spdifrx.h">
      <Filter>STM32H7Cube\STM32H7xxxx\STM32H7xx_HAL_Driver\Inc</Filter>
    </ClInclude>
    <ClInclude Include="$(BSP_ROOT)\STM32H7xxxx\STM32H7xx_HAL_Driver\Inc\stm32h7xx_hal_spi.h">
      <Filter>STM32H7Cube\STM32H7xxxx\STM32H7xx_HAL_Driver\Inc</Filter>
    </ClInclude>
    <ClInclude Include="$(BSP_ROOT)\STM32H7xxxx\STM32H7xx_HAL_Driver\Inc\stm32h7xx_hal_spi_ex.h">
      <Filter>STM32H7Cube\STM32H7xxxx\STM32H7xx_HAL_Driver\Inc</Filter>
    </ClInclude>
    <ClInclude Include="$(BSP_ROOT)\STM32H7xxxx\STM32H7xx_HAL_Driver\Inc\stm32h7xx_hal_sram.h">
      <Filter>STM32H7Cube\STM32H7xxxx\STM32H7xx_HAL_Driver\Inc</Filter>
    </ClInclude>
    <ClInclude Include="$(BSP_ROOT)\STM32H7xxxx\STM32H7xx_HAL_Driver\Inc\stm32h7xx_hal_swpmi.h">
      <Filter>STM32H7Cube\STM32H7xxxx\STM32H7xx_HAL_Driver\Inc</Filter>
    </ClInclude>
    <ClInclude Include="$(BSP_ROOT)\STM32H7xxxx\STM32H7xx_HAL_Driver\Inc\stm32h7xx_hal_tim.h">
      <Filter>STM32H7Cube\STM32H7xxxx\STM32H7xx_HAL_Driver\Inc</Filter>
    </ClInclude>
    <ClInclude Include="$(BSP_ROOT)\STM32H7xxxx\STM32H7xx_HAL_Driver\Inc\stm32h7xx_hal_tim_ex.h">
      <Filter>STM32H7Cube\STM32H7xxxx\STM32H7xx_HAL_Driver\Inc</Filter>
    </ClInclude>
    <ClInclude Include="$(BSP_ROOT)\STM32H7xxxx\STM32H7xx_HAL_Driver\Inc\stm32h7xx_hal_uart.h">
      <Filter>STM32H7Cube\STM32H7xxxx\STM32H7xx_HAL_Driver\Inc</Filter>
    </ClInclude>
    <ClInclude Include="$(BSP_ROOT)\STM32H7xxxx\STM32H7xx_HAL_Driver\Inc\stm32h7xx_hal_uart_ex.h">
      <Filter>STM32H7Cube\STM32H7xxxx\STM32H7xx_HAL_Driver\Inc</Filter>
    </ClInclude>
    <ClInclude Include="$(BSP_ROOT)\STM32H7xxxx\STM32H7xx_HAL_Driver\Inc\stm32h7xx_hal_usart.h">
      <Filter>STM32H7Cube\STM32H7xxxx\STM32H7xx_HAL_Driver\Inc</Filter>
    </ClInclude>
    <ClInclude Include="$(BSP_ROOT)\STM32H7xxxx\STM32H7xx_HAL_Driver\Inc\stm32h7xx_hal_usart_ex.h">
      <Filter>STM32H7Cube\STM32H7xxxx\STM32H7xx_HAL_Driver\Inc</Filter>
    </ClInclude>
    <ClInclude Include="$(BSP_ROOT)\STM32H7xxxx\STM32H7xx_HAL_Driver\Inc\stm32h7xx_hal_wwdg.h">
      <Filter>STM32H7Cube\STM32H7xxxx\STM32H7xx_HAL_Driver\Inc</Filter>
    </ClInclude>
    <ClInclude Include="$(BSP_ROOT)\STM32H7xxxx\STM32H7xx_HAL_Driver\Inc\stm32h7xx_ll_adc.h">
      <Filter>STM32H7Cube\STM32H7xxxx\STM32H7xx_HAL_Driver\Inc</Filter>
    </ClInclude>
    <ClInclude Include="$(BSP_ROOT)\STM32H7xxxx\STM32H7xx_HAL_Driver\Inc\stm32h7xx_ll_bdma.h">
      <Filter>STM32H7Cube\STM32H7xxxx\STM32H7xx_HAL_Driver\Inc</Filter>
    </ClInclude>
    <ClInclude Include="$(BSP_ROOT)\STM32H7xxxx\STM32H7xx_HAL_Driver\Inc\stm32h7xx_ll_bus.h">
      <Filter>STM32H7Cube\STM32H7xxxx\STM32H7xx_HAL_Driver\Inc</Filter>
    </ClInclude>
    <ClInclude Include="$(BSP_ROOT)\STM32H7xxxx\STM32H7xx_HAL_Driver\Inc\stm32h7xx_ll_comp.h">
      <Filter>STM32H7Cube\STM32H7xxxx\STM32H7xx_HAL_Driver\Inc</Filter>
    </ClInclude>
    <ClInclude Include="$(BSP_ROOT)\STM32H7xxxx\STM32H7xx_HAL_Driver\Inc\stm32h7xx_ll_cordic.h">
      <Filter>STM32H7Cube\STM32H7xxxx\STM32H7xx_HAL_Driver\Inc</Filter>
    </ClInclude>
    <ClInclude Include="$(BSP_ROOT)\STM32H7xxxx\STM32H7xx_HAL_Driver\Inc\stm32h7xx_hal_irda.h">
      <Filter>STM32H7Cube\STM32H7xxxx\STM32H7xx_HAL_Driver\Inc</Filter>
    </ClInclude>
    <ClInclude Include="$(BSP_ROOT)\STM32H7xxxx\STM32H7xx_HAL_Driver\Inc\stm32h7xx_hal_irda_ex.h">
      <Filter>STM32H7Cube\STM32H7xxxx\STM32H7xx_HAL_Driver\Inc</Filter>
    </ClInclude>
    <ClInclude Include="$(BSP_ROOT)\STM32H7xxxx\STM32H7xx_HAL_Driver\Inc\stm32h7xx_hal_iwdg.h">
      <Filter>STM32H7Cube\STM32H7xxxx\STM32H7xx_HAL_Driver\Inc</Filter>
    </ClInclude>
    <ClInclude Include="$(BSP_ROOT)\STM32H7xxxx\STM32H7xx_HAL_Driver\Inc\stm32h7xx_hal_jpeg.h">
      <Filter>STM32H7Cube\STM32H7xxxx\STM32H7xx_HAL_Driver\Inc</Filter>
    </ClInclude>
    <ClInclude Include="$(BSP_ROOT)\STM32H7xxxx\STM32H7xx_HAL_Driver\Inc\stm32h7xx_hal_lptim.h">
      <Filter>STM32H7Cube\STM32H7xxxx\STM32H7xx_HAL_Driver\Inc</Filter>
    </ClInclude>
    <ClInclude Include="$(BSP_ROOT)\STM32H7xxxx\STM32H7xx_HAL_Driver\Inc\stm32h7xx_hal_ltdc.h">
      <Filter>STM32H7Cube\STM32H7xxxx\STM32H7xx_HAL_Driver\Inc</Filter>
    </ClInclude>
    <ClInclude Include="$(BSP_ROOT)\STM32H7xxxx\STM32H7xx_HAL_Driver\Inc\stm32h7xx_hal_ltdc_ex.h">
      <Filter>STM32H7Cube\STM32H7xxxx\STM32H7xx_HAL_Driver\Inc</Filter>
    </ClInclude>
    <ClInclude Include="$(BSP_ROOT)\STM32H7xxxx\STM32H7xx_HAL_Driver\Inc\stm32h7xx_hal_mdios.h">
      <Filter>STM32H7Cube\STM32H7xxxx\STM32H7xx_HAL_Driver\Inc</Filter>
    </ClInclude>
    <ClInclude Include="$(BSP_ROOT)\STM32H7xxxx\STM32H7xx_HAL_Driver\Inc\stm32h7xx_hal_mdma.h">
      <Filter>STM32H7Cube\STM32H7xxxx\STM32H7xx_HAL_Driver\Inc</Filter>
    </ClInclude>
    <ClInclude Include="$(BSP_ROOT)\STM32H7xxxx\STM32H7xx_HAL_Driver\Inc\stm32h7xx_hal_mmc.h">
      <Filter>STM32H7Cube\STM32H7xxxx\STM32H7xx_HAL_Driver\Inc</Filter>
    </ClInclude>
    <ClInclude Include="$(BSP_ROOT)\STM32H7xxxx\STM32H7xx_HAL_Driver\Inc\stm32h7xx_hal_mmc_ex.h">
      <Filter>STM32H7Cube\STM32H7xxxx\STM32H7xx_HAL_Driver\Inc</Filter>
    </ClInclude>
    <ClInclude Include="$(BSP_ROOT)\STM32H7xxxx\STM32H7xx_HAL_Driver\Inc\stm32h7xx_hal_nand.h">
      <Filter>STM32H7Cube\STM32H7xxxx\STM32H7xx_HAL_Driver\Inc</Filter>
    </ClInclude>
    <ClInclude Include="$(BSP_ROOT)\STM32H7xxxx\STM32H7xx_HAL_Driver\Inc\stm32h7xx_hal_nor.h">
      <Filter>STM32H7Cube\STM32H7xxxx\STM32H7xx_HAL_Driver\Inc</Filter>
    </ClInclude>
    <ClInclude Include="$(BSP_ROOT)\STM32H7xxxx\STM32H7xx_HAL_Driver\Inc\stm32h7xx_hal_opamp.h">
      <Filter>STM32H7Cube\STM32H7xxxx\STM32H7xx_HAL_Driver\Inc</Filter>
    </ClInclude>
    <ClInclude Include="$(BSP_ROOT)\STM32H7xxxx\STM32H7xx_HAL_Driver\Inc\stm32h7xx_hal_opamp_ex.h">
      <Filter>STM32H7Cube\STM32H7xxxx\STM32H7xx_HAL_Driver\Inc</Filter>
    </ClInclude>
    <ClInclude Include="$(BSP_ROOT)\STM32H7xxxx\STM32H7xx_HAL_Driver\Inc\stm32h7xx_hal_ospi.h">
      <Filter>STM32H7Cube\STM32H7xxxx\STM32H7xx_HAL_Driver\Inc</Filter>
    </ClInclude>
    <ClInclude Include="$(BSP_ROOT)\STM32H7xxxx\STM32H7xx_HAL_Driver\Inc\stm32h7xx_hal_otfdec.h">
      <Filter>STM32H7Cube\STM32H7xxxx\STM32H7xx_HAL_Driver\Inc</Filter>
    </ClInclude>
    <ClInclude Include="$(BSP_ROOT)\STM32H7xxxx\STM32H7xx_HAL_Driver\Inc\stm32h7xx_hal_pcd.h">
      <Filter>STM32H7Cube\STM32H7xxxx\STM32H7xx_HAL_Driver\Inc</Filter>
    </ClInclude>
    <ClInclude Include="$(BSP_ROOT)\STM32H7xxxx\STM32H7xx_HAL_Driver\Inc\stm32h7xx_hal_pcd_ex.h">
      <Filter>STM32H7Cube\STM32H7xxxx\STM32H7xx_HAL_Driver\Inc</Filter>
    </ClInclude>
    <ClInclude Include="$(BSP_ROOT)\STM32H7xxxx\STM32H7xx_HAL_Driver\Inc\stm32h7xx_hal_pssi.h">
      <Filter>STM32H7Cube\STM32H7xxxx\STM32H7xx_HAL_Driver\Inc</Filter>
    </ClInclude>
    <ClInclude Include="$(BSP_ROOT)\STM32H7xxxx\STM32H7xx_HAL_Driver\Inc\stm32h7xx_hal_pwr.h">
      <Filter>STM32H7Cube\STM32H7xxxx\STM32H7xx_HAL_Driver\Inc</Filter>
    </ClInclude>
    <ClInclude Include="$(BSP_ROOT)\STM32H7xxxx\STM32H7xx_HAL_Driver\Inc\stm32h7xx_hal_pwr_ex.h">
      <Filter>STM32H7Cube\STM32H7xxxx\STM32H7xx_HAL_Driver\Inc</Filter>
    </ClInclude>
    <ClInclude Include="$(BSP_ROOT)\STM32H7xxxx\STM32H7xx_HAL_Driver\Inc\stm32h7xx_hal_qspi.h">
      <Filter>STM32H7Cube\STM32H7xxxx\STM32H7xx_HAL_Driver\Inc</Filter>
    </ClInclude>
    <ClInclude Include="$(BSP_ROOT)\STM32H7xxxx\STM32H7xx_HAL_Driver\Inc\stm32h7xx_hal_ramecc.h">
      <Filter>STM32H7Cube\STM32H7xxxx\STM32H7xx_HAL_Driver\Inc</Filter>
    </ClInclude>
    <ClInclude Include="$(BSP_ROOT)\STM32H7xxxx\STM32H7xx_HAL_Driver\Inc\stm32h7xx_hal_rcc.h">
      <Filter>STM32H7Cube\STM32H7xxxx\STM32H7xx_HAL_Driver\Inc</Filter>
    </ClInclude>
    <ClInclude Include="$(BSP_ROOT)\STM32H7xxxx\STM32H7xx_HAL_Driver\Inc\stm32h7xx_hal_rcc_ex.h">
      <Filter>STM32H7Cube\STM32H7xxxx\STM32H7xx_HAL_Driver\Inc</Filter>
    </ClInclude>
    <ClInclude Include="$(BSP_ROOT)\STM32H7xxxx\STM32H7xx_HAL_Driver\Inc\stm32h7xx_hal_rng.h">
      <Filter>STM32H7Cube\STM32H7xxxx\STM32H7xx_HAL_Driver\Inc</Filter>
    </ClInclude>
    <ClInclude Include="$(BSP_ROOT)\STM32H7xxxx\STM32H7xx_HAL_Driver\Inc\stm32h7xx_hal_rng_ex.h">
      <Filter>STM32H7Cube\STM32H7xxxx\STM32H7xx_HAL_Driver\Inc</Filter>
    </ClInclude>
    <ClInclude Include="$(BSP_ROOT)\STM32H7xxxx\STM32H7xx_HAL_Driver\Inc\stm32h7xx_hal_rtc.h">
      <Filter>STM32H7Cube\STM32H7xxxx\STM32H7xx_HAL_Driver\Inc</Filter>
    </ClInclude>
    <ClInclude Include="$(BSP_ROOT)\STM32H7xxxx\STM32H7xx_HAL_Driver\Inc\stm32h7xx_hal_rtc_ex.h">
      <Filter>STM32H7Cube\STM32H7xxxx\STM32H7xx_HAL_Driver\Inc</Filter>
    </ClInclude>
    <ClInclude Include="$(BSP_ROOT)\STM32H7xxxx\STM32H7xx_HAL_Driver\Inc\stm32h7xx_hal_sai.h">
      <Filter>STM32H7Cube\STM32H7xxxx\STM32H7xx_HAL_Driver\Inc</Filter>
    </ClInclude>
    <ClInclude Include="$(BSP_ROOT)\STM32H7xxxx\STM32H7xx_HAL_Driver\Inc\stm32h7xx_hal_sai_ex.h">
      <Filter>STM32H7Cube\STM32H7xxxx\STM32H7xx_HAL_Driver\Inc</Filter>
    </ClInclude>
    <ClInclude Include="$(BSP_ROOT)\STM32H7xxxx\STM32H7xx_HAL_Driver\Inc\stm32h7xx_hal.h">
      <Filter>STM32H7Cube\STM32H7xxxx\STM32H7xx_HAL_Driver\Inc</Filter>
    </ClInclude>
    <ClInclude Include="$(BSP_ROOT)\STM32H7xxxx\STM32H7xx_HAL_Driver\Inc\stm32h7xx_hal_adc.h">
      <Filter>STM32H7Cube\STM32H7xxxx\STM32H7xx_HAL_Driver\Inc</Filter>
    </ClInclude>
    <ClInclude Include="$(BSP_ROOT)\STM32H7xxxx\STM32H7xx_HAL_Driver\Inc\stm32h7xx_hal_adc_ex.h">
      <Filter>STM32H7Cube\STM32H7xxxx\STM32H7xx_HAL_Driver\Inc</Filter>
    </ClInclude>
    <ClInclude Include="$(BSP_ROOT)\STM32H7xxxx\STM32H7xx_HAL_Driver\Inc\stm32h7xx_hal_cec.h">
      <Filter>STM32H7Cube\STM32H7xxxx\STM32H7xx_HAL_Driver\Inc</Filter>
    </ClInclude>
    <ClInclude Include="$(BSP_ROOT)\STM32H7xxxx\STM32H7xx_HAL_Driver\Inc\stm32h7xx_hal_comp.h">
      <Filter>STM32H7Cube\STM32H7xxxx\STM32H7xx_HAL_Driver\Inc</Filter>
    </ClInclude>
    <ClInclude Include="$(BSP_ROOT)\STM32H7xxxx\STM32H7xx_HAL_Driver\Inc\stm32h7xx_hal_cordic.h">
      <Filter>STM32H7Cube\STM32H7xxxx\STM32H7xx_HAL_Driver\Inc</Filter>
    </ClInclude>
    <ClInclude Include="$(BSP_ROOT)\STM32H7xxxx\STM32H7xx_HAL_Driver\Inc\stm32h7xx_hal_cortex.h">
      <Filter>STM32H7Cube\STM32H7xxxx\STM32H7xx_HAL_Driver\Inc</Filter>
    </ClInclude>
    <ClInclude Include="$(BSP_ROOT)\STM32H7xxxx\STM32H7xx_HAL_Driver\Inc\stm32h7xx_hal_crc.h">
      <Filter>STM32H7Cube\STM32H7xxxx\STM32H7xx_HAL_Driver\Inc</Filter>
    </ClInclude>
    <ClInclude Include="$(BSP_ROOT)\STM32H7xxxx\STM32H7xx_HAL_Driver\Inc\stm32h7xx_hal_crc_ex.h">
      <Filter>STM32H7Cube\STM32H7xxxx\STM32H7xx_HAL_Driver\Inc</Filter>
    </ClInclude>
    <ClInclude Include="$(BSP_ROOT)\STM32H7xxxx\STM32H7xx_HAL_Driver\Inc\stm32h7xx_hal_cryp.h">
      <Filter>STM32H7Cube\STM32H7xxxx\STM32H7xx_HAL_Driver\Inc</Filter>
    </ClInclude>
    <ClInclude Include="$(BSP_ROOT)\STM32H7xxxx\STM32H7xx_HAL_Driver\Inc\stm32h7xx_hal_cryp_ex.h">
      <Filter>STM32H7Cube\STM32H7xxxx\STM32H7xx_HAL_Driver\Inc</Filter>
    </ClInclude>
    <ClInclude Include="$(BSP_ROOT)\STM32H7xxxx\STM32H7xx_HAL_Driver\Inc\stm32h7xx_hal_dac.h">
      <Filter>STM32H7Cube\STM32H7xxxx\STM32H7xx_HAL_Driver\Inc</Filter>
    </ClInclude>
    <ClInclude Include="$(BSP_ROOT)\STM32H7xxxx\STM32H7xx_HAL_Driver\Inc\stm32h7xx_hal_dac_ex.h">
      <Filter>STM32H7Cube\STM32H7xxxx\STM32H7xx_HAL_Driver\Inc</Filter>
    </ClInclude>
    <ClInclude Include="$(BSP_ROOT)\STM32H7xxxx\STM32H7xx_HAL_Driver\Inc\stm32h7xx_hal_dcmi.h">
      <Filter>STM32H7Cube\STM32H7xxxx\STM32H7xx_HAL_Driver\Inc</Filter>
    </ClInclude>
    <ClInclude Include="$(BSP_ROOT)\STM32H7xxxx\STM32H7xx_HAL_Driver\Inc\stm32h7xx_hal_def.h">
      <Filter>STM32H7Cube\STM32H7xxxx\STM32H7xx_HAL_Driver\Inc</Filter>
    </ClInclude>
    <ClInclude Include="$(BSP_ROOT)\STM32H7xxxx\STM32H7xx_HAL_Driver\Inc\stm32h7xx_hal_dfsdm.h">
      <Filter>STM32H7Cube\STM32H7xxxx\STM32H7xx_HAL_Driver\Inc</Filter>
    </ClInclude>
    <ClInclude Include="$(BSP_ROOT)\STM32H7xxxx\STM32H7xx_HAL_Driver\Inc\stm32h7xx_hal_dfsdm_ex.h">
      <Filter>STM32H7Cube\STM32H7xxxx\STM32H7xx_HAL_Driver\Inc</Filter>
    </ClInclude>
    <ClInclude Include="$(BSP_ROOT)\STM32H7xxxx\STM32H7xx_HAL_Driver\Inc\stm32h7xx_hal_dma.h">
      <Filter>STM32H7Cube\STM32H7xxxx\STM32H7xx_HAL_Driver\Inc</Filter>
    </ClInclude>
    <ClInclude Include="$(BSP_ROOT)\STM32H7xxxx\STM32H7xx_HAL_Driver\Inc\stm32h7xx_hal_dma_ex.h">
      <Filter>STM32H7Cube\STM32H7xxxx\STM32H7xx_HAL_Driver\Inc</Filter>
    </ClInclude>
    <ClInclude Include="$(BSP_ROOT)\STM32H7xxxx\STM32H7xx_HAL_Driver\Inc\stm32h7xx_hal_dma2d.h">
      <Filter>STM32H7Cube\STM32H7xxxx\STM32H7xx_HAL_Driver\Inc</Filter>
    </ClInclude>
    <ClInclude Include="$(BSP_ROOT)\STM32H7xxxx\STM32H7xx_HAL_Driver\Inc\stm32h7xx_hal_dsi.h">
      <Filter>STM32H7Cube\STM32H7xxxx\STM32H7xx_HAL_Driver\Inc</Filter>
    </ClInclude>
    <ClInclude Include="$(BSP_ROOT)\STM32H7xxxx\STM32H7xx_HAL_Driver\Inc\stm32h7xx_hal_dts.h">
      <Filter>STM32H7Cube\STM32H7xxxx\STM32H7xx_HAL_Driver\Inc</Filter>
    </ClInclude>
    <ClInclude Include="$(BSP_ROOT)\STM32H7xxxx\STM32H7xx_HAL_Driver\Inc\stm32h7xx_hal_eth.h">
      <Filter>STM32H7Cube\STM32H7xxxx\STM32H7xx_HAL_Driver\Inc</Filter>
    </ClInclude>
    <ClInclude Include="$(BSP_ROOT)\STM32H7xxxx\STM32H7xx_HAL_Driver\Inc\stm32h7xx_hal_eth_ex.h">
      <Filter>STM32H7Cube\STM32H7xxxx\STM32H7xx_HAL_Driver\Inc</Filter>
    </ClInclude>
    <ClInclude Include="$(BSP_ROOT)\STM32H7xxxx\STM32H7xx_HAL_Driver\Inc\stm32h7xx_hal_exti.h">
      <Filter>STM32H7Cube\STM32H7xxxx\STM32H7xx_HAL_Driver\Inc</Filter>
    </ClInclude>
    <ClInclude Include="$(BSP_ROOT)\STM32H7xxxx\STM32H7xx_HAL_Driver\Inc\stm32h7xx_hal_fdcan.h">
      <Filter>STM32H7Cube\STM32H7xxxx\STM32H7xx_HAL_Driver\Inc</Filter>
    </ClInclude>
    <ClInclude Include="$(BSP_ROOT)\STM32H7xxxx\STM32H7xx_HAL_Driver\Inc\stm32h7xx_hal_flash.h">
      <Filter>STM32H7Cube\STM32H7xxxx\STM32H7xx_HAL_Driver\Inc</Filter>
    </ClInclude>
    <ClInclude Include="$(BSP_ROOT)\STM32H7xxxx\STM32H7xx_HAL_Driver\Inc\stm32h7xx_hal_flash_ex.h">
      <Filter>STM32H7Cube\STM32H7xxxx\STM32H7xx_HAL_Driver\Inc</Filter>
    </ClInclude>
    <ClInclude Include="$(BSP_ROOT)\STM32H7xxxx\STM32H7xx_HAL_Driver\Inc\stm32h7xx_hal_fmac.h">
      <Filter>STM32H7Cube\STM32H7xxxx\STM32H7xx_HAL_Driver\Inc</Filter>
    </ClInclude>
    <ClInclude Include="$(BSP_ROOT)\STM32H7xxxx\STM32H7xx_HAL_Driver\Inc\stm32h7xx_hal_gfxmmu.h">
      <Filter>STM32H7Cube\STM32H7xxxx\STM32H7xx_HAL_Driver\Inc</Filter>
    </ClInclude>
    <ClInclude Include="$(BSP_ROOT)\STM32H7xxxx\STM32H7xx_HAL_Driver\Inc\stm32h7xx_hal_gpio.h">
      <Filter>STM32H7Cube\STM32H7xxxx\STM32H7xx_HAL_Driver\Inc</Filter>
    </ClInclude>
    <ClInclude Include="$(BSP_ROOT)\STM32H7xxxx\STM32H7xx_HAL_Driver\Inc\stm32h7xx_hal_gpio_ex.h">
      <Filter>STM32H7Cube\STM32H7xxxx\STM32H7xx_HAL_Driver\Inc</Filter>
    </ClInclude>
    <ClInclude Include="$(BSP_ROOT)\STM32H7xxxx\STM32H7xx_HAL_Driver\Inc\stm32h7xx_hal_hash.h">
      <Filter>STM32H7Cube\STM32H7xxxx\STM32H7xx_HAL_Driver\Inc</Filter>
    </ClInclude>
    <ClInclude Include="$(BSP_ROOT)\STM32H7xxxx\STM32H7xx_HAL_Driver\Inc\stm32h7xx_hal_hash_ex.h">
      <Filter>STM32H7Cube\STM32H7xxxx\STM32H7xx_HAL_Driver\Inc</Filter>
    </ClInclude>
    <ClInclude Include="$(BSP_ROOT)\STM32H7xxxx\STM32H7xx_HAL_Driver\Inc\stm32h7xx_hal_hcd.h">
      <Filter>STM32H7Cube\STM32H7xxxx\STM32H7xx_HAL_Driver\Inc</Filter>
    </ClInclude>
    <ClInclude Include="$(BSP_ROOT)\STM32H7xxxx\STM32H7xx_HAL_Driver\Inc\stm32h7xx_hal_hrtim.h">
      <Filter>STM32H7Cube\STM32H7xxxx\STM32H7xx_HAL_Driver\Inc</Filter>
    </ClInclude>
    <ClInclude Include="$(BSP_ROOT)\STM32H7xxxx\STM32H7xx_HAL_Driver\Inc\stm32h7xx_hal_hsem.h">
      <Filter>STM32H7Cube\STM32H7xxxx\STM32H7xx_HAL_Driver\Inc</Filter>
    </ClInclude>
    <ClInclude Include="$(BSP_ROOT)\STM32H7xxxx\STM32H7xx_HAL_Driver\Inc\stm32h7xx_hal_i2c.h">
      <Filter>STM32H7Cube\STM32H7xxxx\STM32H7xx_HAL_Driver\Inc</Filter>
    </ClInclude>
    <ClInclude Include="$(BSP_ROOT)\STM32H7xxxx\STM32H7xx_HAL_Driver\Inc\stm32h7xx_hal_i2c_ex.h">
      <Filter>STM32H7Cube\STM32H7xxxx\STM32H7xx_HAL_Driver\Inc</Filter>
    </ClInclude>
    <ClInclude Include="$(BSP_ROOT)\STM32H7xxxx\STM32H7xx_HAL_Driver\Inc\stm32h7xx_hal_i2s.h">
      <Filter>STM32H7Cube\STM32H7xxxx\STM32H7xx_HAL_Driver\Inc</Filter>
    </ClInclude>
    <ClInclude Include="$(BSP_ROOT)\STM32H7xxxx\STM32H7xx_HAL_Driver\Inc\stm32h7xx_hal_i2s_ex.h">
      <Filter>STM32H7Cube\STM32H7xxxx\STM32H7xx_HAL_Driver\Inc</Filter>
    </ClInclude>
    <ClInclude Include="$(BSP_ROOT)\STM32H7xxxx\CMSIS_HAL\Include\cmsis_iccarm.h">
      <Filter>STM32H7Cube\STM32H7xxxx\STM32H7xx_HAL_Driver\CMSIS_HAL\Include</Filter>
    </ClInclude>
    <ClInclude Include="$(BSP_ROOT)\STM32H7xxxx\CMSIS_HAL\Include\cmsis_gcc.h">
      <Filter>STM32H7Cube\STM32H7xxxx\STM32H7xx_HAL_Driver\CMSIS_HAL\Include</Filter>
    </ClInclude>
    <ClInclude Include="$(BSP_ROOT)\STM32H7xxxx\CMSIS_HAL\Include\cmsis_compiler.h">
      <Filter>STM32H7Cube\STM32H7xxxx\STM32H7xx_HAL_Driver\CMSIS_HAL\Include</Filter>
    </ClInclude>
    <ClInclude Include="$(BSP_ROOT)\STM32H7xxxx\CMSIS_HAL\Include\cmsis_armclang.h">
      <Filter>STM32H7Cube\STM32H7xxxx\STM32H7xx_HAL_Driver\CMSIS_HAL\Include</Filter>
    </ClInclude>
    <ClInclude Include="$(BSP_ROOT)\STM32H7xxxx\CMSIS_HAL\Include\cmsis_armcc.h">
      <Filter>STM32H7Cube\STM32H7xxxx\STM32H7xx_HAL_Driver\CMSIS_HAL\Include</Filter>
    </ClInclude>
    <ClInclude Include="$(BSP_ROOT)\STM32H7xxxx\CMSIS_HAL\Include\mpu_armv8.h">
      <Filter>STM32H7Cube\STM32H7xxxx\STM32H7xx_HAL_Driver\CMSIS_HAL\Include</Filter>
    </ClInclude>
    <ClInclude Include="$(BSP_ROOT)\STM32H7xxxx\CMSIS_HAL\Include\mpu_armv7.h">
      <Filter>STM32H7Cube\STM32H7xxxx\STM32H7xx_HAL_Driver\CMSIS_HAL\Include</Filter>
    </ClInclude>
    <ClInclude Include="$(BSP_ROOT)\STM32H7xxxx\CMSIS_HAL\Include\core_sc300.h">
      <Filter>STM32H7Cube\STM32H7xxxx\STM32H7xx_HAL_Driver\CMSIS_HAL\Include</Filter>
    </ClInclude>
    <ClInclude Include="$(BSP_ROOT)\STM32H7xxxx\CMSIS_HAL\Include\core_sc000.h">
      <Filter>STM32H7Cube\STM32H7xxxx\STM32H7xx_HAL_Driver\CMSIS_HAL\Include</Filter>
    </ClInclude>
    <ClInclude Include="$(BSP_ROOT)\STM32H7xxxx\CMSIS_HAL\Include\core_cm33.h">
      <Filter>STM32H7Cube\STM32H7xxxx\STM32H7xx_HAL_Driver\CMSIS_HAL\Include</Filter>
    </ClInclude>
    <ClInclude Include="$(BSP_ROOT)\STM32H7xxxx\CMSIS_HAL\Include\core_cm23.h">
      <Filter>STM32H7Cube\STM32H7xxxx\STM32H7xx_HAL_Driver\CMSIS_HAL\Include</Filter>
    </ClInclude>
    <ClInclude Include="$(BSP_ROOT)\STM32H7xxxx\CMSIS_HAL\Include\core_cm7.h">
      <Filter>STM32H7Cube\STM32H7xxxx\STM32H7xx_HAL_Driver\CMSIS_HAL\Include</Filter>
    </ClInclude>
    <ClInclude Include="$(BSP_ROOT)\STM32H7xxxx\CMSIS_HAL\Include\core_cm4.h">
      <Filter>STM32H7Cube\STM32H7xxxx\STM32H7xx_HAL_Driver\CMSIS_HAL\Include</Filter>
    </ClInclude>
    <ClInclude Include="$(BSP_ROOT)\STM32H7xxxx\CMSIS_HAL\Include\core_cm3.h">
      <Filter>STM32H7Cube\STM32H7xxxx\STM32H7xx_HAL_Driver\CMSIS_HAL\Include</Filter>
    </ClInclude>
    <ClInclude Include="$(BSP_ROOT)\STM32H7xxxx\CMSIS_HAL\Include\core_cm1.h">
      <Filter>STM32H7Cube\STM32H7xxxx\STM32H7xx_HAL_Driver\CMSIS_HAL\Include</Filter>
    </ClInclude>
    <ClInclude Include="$(BSP_ROOT)\STM32H7xxxx\CMSIS_HAL\Include\core_cm0plus.h">
      <Filter>STM32H7Cube\STM32H7xxxx\STM32H7xx_HAL_Driver\CMSIS_HAL\Include</Filter>
    </ClInclude>
    <ClInclude Include="$(BSP_ROOT)\STM32H7xxxx\CMSIS_HAL\Include\core_cm0.h">
      <Filter>STM32H7Cube\STM32H7xxxx\STM32H7xx_HAL_Driver\CMSIS_HAL\Include</Filter>
    </ClInclude>
    <ClInclude Include="$(BSP_ROOT)\STM32H7xxxx\CMSIS_HAL\Include\core_armv8mml.h">
      <Filter>STM32H7Cube\STM32H7xxxx\STM32H7xx_HAL_Driver\CMSIS_HAL\Include</Filter>
    </ClInclude>
    <ClInclude Include="$(BSP_ROOT)\STM32H7xxxx\CMSIS_HAL\Include\core_armv8mbl.h">
      <Filter>STM32H7Cube\STM32H7xxxx\STM32H7xx_HAL_Driver\CMSIS_HAL\Include</Filter>
    </ClInclude>
    <ClInclude Include="$(BSP_ROOT)\STM32H7xxxx\CMSIS_HAL\Include\cmsis_version.h">
      <Filter>STM32H7Cube\STM32H7xxxx\STM32H7xx_HAL_Driver\CMSIS_HAL\Include</Filter>
    </ClInclude>
    <ClInclude Include="$(BSP_ROOT)\STM32H7xxxx\CMSIS_HAL\Device\ST\STM32H7xx\Include\system_stm32h7xx.h">
      <Filter>STM32H7Cube\STM32H7xxxx\STM32H7xx_HAL_Driver\CMSIS_HAL\Device\ST\STM32H7xx\Include</Filter>
    </ClInclude>
    <ClInclude Include="$(BSP_ROOT)\STM32H7xxxx\STM32H7xx_HAL_Driver\Inc\Legacy\stm32_hal_legacy.h">
      <Filter>STM32H7Cube\STM32H7xxxx\STM32H7xx_HAL_Driver\CMSIS_HAL\Device\ST\STM32H7xx\Include</Filter>
    </ClInclude>
    <ClInclude Include="$(BSP_ROOT)\STM32H7xxxx\CMSIS_HAL\Device\ST\STM32H7xx\Include\stm32h7a3xxq.h">
      <Filter>STM32H7Cube\STM32H7xxxx\STM32H7xx_HAL_Driver\CMSIS_HAL\Device\ST\STM32H7xx\Include</Filter>
    </ClInclude>
    <ClInclude Include="$(BSP_ROOT)\STM32H7xxxx\CMSIS_HAL\Device\ST\STM32H7xx\Include\stm32h7b0xxq.h">
      <Filter>STM32H7Cube\STM32H7xxxx\STM32H7xx_HAL_Driver\CMSIS_HAL\Device\ST\STM32H7xx\Include</Filter>
    </ClInclude>
    <ClInclude Include="$(BSP_ROOT)\STM32H7xxxx\CMSIS_HAL\Device\ST\STM32H7xx\Include\stm32h7b3xxq.h">
      <Filter>STM32H7Cube\STM32H7xxxx\STM32H7xx_HAL_Driver\CMSIS_HAL\Device\ST\STM32H7xx\Include</Filter>
    </ClInclude>
    <ClInclude Include="$(BSP_ROOT)\STM32H7xxxx\CMSIS_HAL\Device\ST\STM32H7xx\Include\stm32h7xx.h">
      <Filter>STM32H7Cube\STM32H7xxxx\STM32H7xx_HAL_Driver\CMSIS_HAL\Device\ST\STM32H7xx\Include</Filter>
    </ClInclude>
    <ClInclude Include="$(BSP_ROOT)\STM32H7xxxx\CMSIS_HAL\Device\ST\STM32H7xx\Include\stm32h730xxq.h">
      <Filter>STM32H7Cube\STM32H7xxxx\STM32H7xx_HAL_Driver\CMSIS_HAL\Device\ST\STM32H7xx\Include</Filter>
    </ClInclude>
    <ClInclude Include="STM32H7Cube\STM32H7xxxx\CMSIS_HAL\Device\ST\STM32H7xx\Include\stm32h7a3xx.h">
      <Filter>STM32H7Cube\STM32H7xxxx\STM32H7xx_HAL_Driver\CMSIS_HAL\Device\ST\STM32H7xx\Include</Filter>
    </ClInclude>
    <ClInclude Include="STM32H7Cube\STM32H7xxxx\CMSIS_HAL\Device\ST\STM32H7xx\Include\stm32h7b0xx.h">
      <Filter>STM32H7Cube\STM32H7xxxx\STM32H7xx_HAL_Driver\CMSIS_HAL\Device\ST\STM32H7xx\Include</Filter>
    </ClInclude>
    <ClInclude Include="STM32H7Cube\STM32H7xxxx\CMSIS_HAL\Device\ST\STM32H7xx\Include\stm32h7b3xx.h">
      <Filter>STM32H7Cube\STM32H7xxxx\STM32H7xx_HAL_Driver\CMSIS_HAL\Device\ST\STM32H7xx\Include</Filter>
    </ClInclude>
    <ClInclude Include="STM32H7Cube\STM32H7xxxx\CMSIS_HAL\Device\ST\STM32H7xx\Include\stm32h723xx.h">
      <Filter>STM32H7Cube\STM32H7xxxx\STM32H7xx_HAL_Driver\CMSIS_HAL\Device\ST\STM32H7xx\Include</Filter>
    </ClInclude>
    <ClInclude Include="STM32H7Cube\STM32H7xxxx\CMSIS_HAL\Device\ST\STM32H7xx\Include\stm32h725xx.h">
      <Filter>STM32H7Cube\STM32H7xxxx\STM32H7xx_HAL_Driver\CMSIS_HAL\Device\ST\STM32H7xx\Include</Filter>
    </ClInclude>
    <ClInclude Include="STM32H7Cube\STM32H7xxxx\CMSIS_HAL\Device\ST\STM32H7xx\Include\stm32h730xx.h">
      <Filter>STM32H7Cube\STM32H7xxxx\STM32H7xx_HAL_Driver\CMSIS_HAL\Device\ST\STM32H7xx\Include</Filter>
    </ClInclude>
    <ClInclude Include="STM32H7Cube\STM32H7xxxx\CMSIS_HAL\Device\ST\STM32H7xx\Include\stm32h733xx.h">
      <Filter>STM32H7Cube\STM32H7xxxx\STM32H7xx_HAL_Driver\CMSIS_HAL\Device\ST\STM32H7xx\Include</Filter>
    </ClInclude>
    <ClInclude Include="STM32H7Cube\STM32H7xxxx\CMSIS_HAL\Device\ST\STM32H7xx\Include\stm32h735xx.h">
      <Filter>STM32H7Cube\STM32H7xxxx\STM32H7xx_HAL_Driver\CMSIS_HAL\Device\ST\STM32H7xx\Include</Filter>
    </ClInclude>
    <ClInclude Include="STM32H7Cube\STM32H7xxxx\CMSIS_HAL\Device\ST\STM32H7xx\Include\stm32h742xx.h">
      <Filter>STM32H7Cube\STM32H7xxxx\STM32H7xx_HAL_Driver\CMSIS_HAL\Device\ST\STM32H7xx\Include</Filter>
    </ClInclude>
    <ClInclude Include="STM32H7Cube\STM32H7xxxx\CMSIS_HAL\Device\ST\STM32H7xx\Include\stm32h743xx.h">
      <Filter>STM32H7Cube\STM32H7xxxx\STM32H7xx_HAL_Driver\CMSIS_HAL\Device\ST\STM32H7xx\Include</Filter>
    </ClInclude>
    <ClInclude Include="STM32H7Cube\STM32H7xxxx\CMSIS_HAL\Device\ST\STM32H7xx\Include\stm32h745xx.h">
      <Filter>STM32H7Cube\STM32H7xxxx\STM32H7xx_HAL_Driver\CMSIS_HAL\Device\ST\STM32H7xx\Include</Filter>
    </ClInclude>
    <ClInclude Include="STM32H7Cube\STM32H7xxxx\CMSIS_HAL\Device\ST\STM32H7xx\Include\stm32h747xx.h">
      <Filter>STM32H7Cube\STM32H7xxxx\STM32H7xx_HAL_Driver\CMSIS_HAL\Device\ST\STM32H7xx\Include</Filter>
    </ClInclude>
    <ClInclude Include="STM32H7Cube\STM32H7xxxx\CMSIS_HAL\Device\ST\STM32H7xx\Include\stm32h750xx.h">
      <Filter>STM32H7Cube\STM32H7xxxx\STM32H7xx_HAL_Driver\CMSIS_HAL\Device\ST\STM32H7xx\Include</Filter>
    </ClInclude>
    <ClInclude Include="STM32H7Cube\STM32H7xxxx\CMSIS_HAL\Device\ST\STM32H7xx\Include\stm32h753xx.h">
      <Filter>STM32H7Cube\STM32H7xxxx\STM32H7xx_HAL_Driver\CMSIS_HAL\Device\ST\STM32H7xx\Include</Filter>
    </ClInclude>
    <ClInclude Include="STM32H7Cube\STM32H7xxxx\CMSIS_HAL\Device\ST\STM32H7xx\Include\stm32h755xx.h">
      <Filter>STM32H7Cube\STM32H7xxxx\STM32H7xx_HAL_Driver\CMSIS_HAL\Device\ST\STM32H7xx\Include</Filter>
    </ClInclude>
    <ClInclude Include="STM32H7Cube\STM32H7xxxx\CMSIS_HAL\Device\ST\STM32H7xx\Include\stm32h757xx.h">
      <Filter>STM32H7Cube\STM32H7xxxx\STM32H7xx_HAL_Driver\CMSIS_HAL\Device\ST\STM32H7xx\Include</Filter>
    </ClInclude>
    <ClInclude Include="STM32H7Cube\STM32H7xxxx\CMSIS_HAL\Core\Include\cmsis_armcc.h">
      <Filter>STM32H7Cube\STM32H7xxxx\STM32H7xx_HAL_Driver\CMSIS_HAL\Core\Include</Filter>
    </ClInclude>
    <ClInclude Include="STM32H7Cube\STM32H7xxxx\CMSIS_HAL\Core\Include\cmsis_armclang.h">
      <Filter>STM32H7Cube\STM32H7xxxx\STM32H7xx_HAL_Driver\CMSIS_HAL\Core\Include</Filter>
    </ClInclude>
    <ClInclude Include="STM32H7Cube\STM32H7xxxx\CMSIS_HAL\Core\Include\cmsis_compiler.h">
      <Filter>STM32H7Cube\STM32H7xxxx\STM32H7xx_HAL_Driver\CMSIS_HAL\Core\Include</Filter>
    </ClInclude>
    <ClInclude Include="STM32H7Cube\STM32H7xxxx\CMSIS_HAL\Core\Include\cmsis_gcc.h">
      <Filter>STM32H7Cube\STM32H7xxxx\STM32H7xx_HAL_Driver\CMSIS_HAL\Core\Include</Filter>
    </ClInclude>
    <ClInclude Include="STM32H7Cube\STM32H7xxxx\CMSIS_HAL\Core\Include\cmsis_iccarm.h">
      <Filter>STM32H7Cube\STM32H7xxxx\STM32H7xx_HAL_Driver\CMSIS_HAL\Core\Include</Filter>
    </ClInclude>
    <ClInclude Include="STM32H7Cube\STM32H7xxxx\CMSIS_HAL\Core\Include\cmsis_version.h">
      <Filter>STM32H7Cube\STM32H7xxxx\STM32H7xx_HAL_Driver\CMSIS_HAL\Core\Include</Filter>
    </ClInclude>
    <ClInclude Include="STM32H7Cube\STM32H7xxxx\CMSIS_HAL\Core\Include\core_cm7.h">
      <Filter>STM32H7Cube\STM32H7xxxx\STM32H7xx_HAL_Driver\CMSIS_HAL\Core\Include</Filter>
    </ClInclude>
    <ClInclude Include="STM32H7Cube\STM32H7xxxx\CMSIS_HAL\Core\Include\mpu_armv7.h">
      <Filter>STM32H7Cube\STM32H7xxxx\STM32H7xx_HAL_Driver\CMSIS_HAL\Core\Include</Filter>
    </ClInclude>
    <ClInclude Include="$(BSP_ROOT)\STM32H7xxxx\CMSIS_HAL\Include\tz_context.h">
      <Filter>STM32H7Cube\STM32H7xxxx\STM32H7xx_HAL_Driver\CMSIS_HAL\Include</Filter>
    </ClInclude>
    <ClInclude Include="Include\stm32h7xx_hal_conf.h">
      <Filter>Include</Filter>
    </ClInclude>
  </ItemGroup>
  <ItemGroup>
    <ClCompile Include="$(BSP_ROOT)\STM32H7xxxx\StartupFiles\startup_stm32h735xx.c">
      <Filter>Source</Filter>
    </ClCompile>
    <ClCompile Include="Source\ClrStartup.c">
      <Filter>Source</Filter>
    </ClCompile>
    <ClCompile Include="RIOS\RIOS_main.c">
      <Filter>RIOS</Filter>
    </ClCompile>
  </ItemGroup>
</Project>