<?xml version="1.0" encoding="utf-8"?>
<Project ToolsVersion="4.0" xmlns="http://schemas.microsoft.com/developer/msbuild/2003">
  <ItemGroup>
    <ClCompile Include="$(MSBuildThisFileDirectory)..\..\ExternalRepositories\mbedtls\library\arc4.c" />
    <ClCompile Include="$(MSBuildThisFileDirectory)..\..\ExternalRepositories\mbedtls\library\aria.c" />
    <ClCompile Include="$(MSBuildThisFileDirectory)..\..\ExternalRepositories\mbedtls\library\asn1parse.c" />
    <ClCompile Include="$(MSBuildThisFileDirectory)..\..\ExternalRepositories\mbedtls\library\asn1write.c" />
    <ClCompile Include="$(MSBuildThisFileDirectory)..\..\ExternalRepositories\mbedtls\library\base64.c" />
    <ClCompile Include="$(MSBuildThisFileDirectory)..\..\ExternalRepositories\mbedtls\library\bignum.c" />
    <ClCompile Include="$(MSBuildThisFileDirectory)..\..\ExternalRepositories\mbedtls\library\blowfish.c" />
    <ClCompile Include="$(MSBuildThisFileDirectory)..\..\ExternalRepositories\mbedtls\library\camellia.c" />
    <ClCompile Include="$(MSBuildThisFileDirectory)..\..\ExternalRepositories\mbedtls\library\ccm.c" />
    <ClCompile Include="$(MSBuildThisFileDirectory)..\..\ExternalRepositories\mbedtls\library\certs.c" />
    <ClCompile Include="$(MSBuildThisFileDirectory)..\..\ExternalRepositories\mbedtls\library\chacha20.c" />
    <ClCompile Include="$(MSBuildThisFileDirectory)..\..\ExternalRepositories\mbedtls\library\chachapoly.c" />
    <ClCompile Include="$(MSBuildThisFileDirectory)..\..\ExternalRepositories\mbedtls\library\cipher.c" />
    <ClCompile Include="$(MSBuildThisFileDirectory)..\..\ExternalRepositories\mbedtls\library\cipher_wrap.c" />
    <ClCompile Include="$(MSBuildThisFileDirectory)..\..\ExternalRepositories\mbedtls\library\cmac.c" />
    <ClCompile Include="$(MSBuildThisFileDirectory)..\..\ExternalRepositories\mbedtls\library\ctr_drbg.c" />
    <ClCompile Include="$(MSBuildThisFileDirectory)..\..\ExternalRepositories\mbedtls\library\debug.c" />
    <ClCompile Include="$(MSBuildThisFileDirectory)..\..\ExternalRepositories\mbedtls\library\des.c" />
    <ClCompile Include="$(MSBuildThisFileDirectory)..\..\ExternalRepositories\mbedtls\library\dhm.c" />
    <ClCompile Include="$(MSBuildThisFileDirectory)..\..\ExternalRepositories\mbedtls\library\ecdh.c" />
    <ClCompile Include="$(MSBuildThisFileDirectory)..\..\ExternalRepositories\mbedtls\library\ecdsa.c" />
    <ClCompile Include="$(MSBuildThisFileDirectory)..\..\ExternalRepositories\mbedtls\library\ecjpake.c" />
    <ClCompile Include="$(MSBuildThisFileDirectory)..\..\ExternalRepositories\mbedtls\library\ecp.c" />
    <ClCompile Include="$(MSBuildThisFileDirectory)..\..\ExternalRepositories\mbedtls\library\ecp_curves.c" />
    <ClCompile Include="$(MSBuildThisFileDirectory)..\..\ExternalRepositories\mbedtls\library\entropy.c" />
    <ClCompile Include="$(MSBuildThisFileDirectory)..\..\ExternalRepositories\mbedtls\library\entropy_poll.c" />
    <ClCompile Include="$(MSBuildThisFileDirectory)..\..\ExternalRepositories\mbedtls\library\error.c" />
    <ClCompile Include="$(MSBuildThisFileDirectory)..\..\ExternalRepositories\mbedtls\library\gcm.c" />
    <ClCompile Include="$(MSBuildThisFileDirectory)..\..\ExternalRepositories\mbedtls\library\havege.c" />
    <ClCompile Include="$(MSBuildThisFileDirectory)..\..\ExternalRepositories\mbedtls\library\hkdf.c" />
    <ClCompile Include="$(MSBuildThisFileDirectory)..\..\ExternalRepositories\mbedtls\library\hmac_drbg.c" />
    <ClCompile Include="$(MSBuildThisFileDirectory)..\..\ExternalRepositories\mbedtls\library\md.c" />
    <ClCompile Include="$(MSBuildThisFileDirectory)..\..\ExternalRepositories\mbedtls\library\md2.c" />
    <ClCompile Include="$(MSBuildThisFileDirectory)..\..\ExternalRepositories\mbedtls\library\md4.c" />
    <ClCompile Include="$(MSBuildThisFileDirectory)..\..\ExternalRepositories\mbedtls\library\md5.c" />
    <ClCompile Include="$(MSBuildThisFileDirectory)..\..\ExternalRepositories\mbedtls\library\memory_buffer_alloc.c" />
    <ClCompile Include="$(MSBuildThisFileDirectory)..\..\ExternalRepositories\mbedtls\library\net_sockets.c" />
    <ClCompile Include="$(MSBuildThisFileDirectory)..\..\ExternalRepositories\mbedtls\library\nist_kw.c" />
    <ClCompile Include="$(MSBuildThisFileDirectory)..\..\ExternalRepositories\mbedtls\library\oid.c" />
    <ClCompile Include="$(MSBuildThisFileDirectory)..\..\ExternalRepositories\mbedtls\library\padlock.c" />
    <ClCompile Include="$(MSBuildThisFileDirectory)..\..\ExternalRepositories\mbedtls\library\pem.c" />
    <ClCompile Include="$(MSBuildThisFileDirectory)..\..\ExternalRepositories\mbedtls\library\pk.c" />
    <ClCompile Include="$(MSBuildThisFileDirectory)..\..\ExternalRepositories\mbedtls\library\pkcs11.c" />
    <ClCompile Include="$(MSBuildThisFileDirectory)..\..\ExternalRepositories\mbedtls\library\pkcs12.c" />
    <ClCompile Include="$(MSBuildThisFileDirectory)..\..\ExternalRepositories\mbedtls\library\pkcs5.c" />
    <ClCompile Include="$(MSBuildThisFileDirectory)..\..\ExternalRepositories\mbedtls\library\pkparse.c" />
    <ClCompile Include="$(MSBuildThisFileDirectory)..\..\ExternalRepositories\mbedtls\library\pkwrite.c" />
    <ClCompile Include="$(MSBuildThisFileDirectory)..\..\ExternalRepositories\mbedtls\library\pk_wrap.c" />
    <ClCompile Include="$(MSBuildThisFileDirectory)..\..\ExternalRepositories\mbedtls\library\platform.c" />
    <ClCompile Include="$(MSBuildThisFileDirectory)..\..\ExternalRepositories\mbedtls\library\platform_util.c" />
    <ClCompile Include="$(MSBuildThisFileDirectory)..\..\ExternalRepositories\mbedtls\library\poly1305.c" />
    <ClCompile Include="$(MSBuildThisFileDirectory)..\..\ExternalRepositories\mbedtls\library\psa_crypto.c" />
    <ClCompile Include="$(MSBuildThisFileDirectory)..\..\ExternalRepositories\mbedtls\library\psa_crypto_se.c" />
    <ClCompile Include="$(MSBuildThisFileDirectory)..\..\ExternalRepositories\mbedtls\library\psa_crypto_slot_management.c" />
    <ClCompile Include="$(MSBuildThisFileDirectory)..\..\ExternalRepositories\mbedtls\library\psa_crypto_storage.c" />
    <ClCompile Include="$(MSBuildThisFileDirectory)..\..\ExternalRepositories\mbedtls\library\psa_its_file.c" />
    <ClCompile Include="$(MSBuildThisFileDirectory)..\..\ExternalRepositories\mbedtls\library\ripemd160.c" />
    <ClCompile Include="$(MSBuildThisFileDirectory)..\..\ExternalRepositories\mbedtls\library\rsa.c" />
    <ClCompile Include="$(MSBuildThisFileDirectory)..\..\ExternalRepositories\mbedtls\library\rsa_internal.c" />
    <ClCompile Include="$(MSBuildThisFileDirectory)..\..\ExternalRepositories\mbedtls\library\sha1.c" />
    <ClCompile Include="$(MSBuildThisFileDirectory)..\..\ExternalRepositories\mbedtls\library\sha256.c" />
    <ClCompile Include="$(MSBuildThisFileDirectory)..\..\ExternalRepositories\mbedtls\library\sha512.c" />
    <ClCompile Include="$(MSBuildThisFileDirectory)..\..\ExternalRepositories\mbedtls\library\ssl_cache.c" />
    <ClCompile Include="$(MSBuildThisFileDirectory)..\..\ExternalRepositories\mbedtls\library\ssl_ciphersuites.c" />
    <ClCompile Include="$(MSBuildThisFileDirectory)..\..\ExternalRepositories\mbedtls\library\ssl_cli.c" />
    <ClCompile Include="$(MSBuildThisFileDirectory)..\..\ExternalRepositories\mbedtls\library\ssl_cookie.c" />
    <ClCompile Include="$(MSBuildThisFileDirectory)..\..\ExternalRepositories\mbedtls\library\ssl_msg.c" />
    <ClCompile Include="$(MSBuildThisFileDirectory)..\..\ExternalRepositories\mbedtls\library\ssl_srv.c" />
    <ClCompile Include="$(MSBuildThisFileDirectory)..\..\ExternalRepositories\mbedtls\library\ssl_ticket.c" />
    <ClCompile Include="$(MSBuildThisFileDirectory)..\..\ExternalRepositories\mbedtls\library\ssl_tls.c" />
    <ClCompile Include="$(MSBuildThisFileDirectory)..\..\ExternalRepositories\mbedtls\library\threading.c" />
    <ClCompile Include="$(MSBuildThisFileDirectory)..\..\ExternalRepositories\mbedtls\library\timing.c" />
    <ClCompile Include="$(MSBuildThisFileDirectory)..\..\ExternalRepositories\mbedtls\library\version.c" />
    <ClCompile Include="$(MSBuildThisFileDirectory)..\..\ExternalRepositories\mbedtls\library\version_features.c" />
    <ClCompile Include="$(MSBuildThisFileDirectory)..\..\ExternalRepositories\mbedtls\library\x509.c" />
    <ClCompile Include="$(MSBuildThisFileDirectory)..\..\ExternalRepositories\mbedtls\library\x509write_crt.c" />
    <ClCompile Include="$(MSBuildThisFileDirectory)..\..\ExternalRepositories\mbedtls\library\x509write_csr.c" />
    <ClCompile Include="$(MSBuildThisFileDirectory)..\..\ExternalRepositories\mbedtls\library\x509_create.c" />
    <ClCompile Include="$(MSBuildThisFileDirectory)..\..\ExternalRepositories\mbedtls\library\x509_crl.c" />
    <ClCompile Include="$(MSBuildThisFileDirectory)..\..\ExternalRepositories\mbedtls\library\x509_crt.c" />
    <ClCompile Include="$(MSBuildThisFileDirectory)..\..\ExternalRepositories\mbedtls\library\x509_csr.c" />
    <ClCompile Include="$(MSBuildThisFileDirectory)..\..\ExternalRepositories\mbedtls\library\xtea.c" />
    <ClCompile Include="$(MSBuildThisFileDirectory)..\..\ExternalRepositories\mbedtls\programs\aes\aescrypt2.c" />
    <ClCompile Include="$(MSBuildThisFileDirectory)..\..\ExternalRepositories\mbedtls\programs\aes\crypt_and_hash.c" />
    <ClCompile Include="$(MSBuildThisFileDirectory)..\..\ExternalRepositories\mbedtls\programs\fuzz\common.c" />
    <ClCompile Include="$(MSBuildThisFileDirectory)..\..\ExternalRepositories\mbedtls\programs\fuzz\fuzz_client.c" />
    <ClCompile Include="$(MSBuildThisFileDirectory)..\..\ExternalRepositories\mbedtls\programs\fuzz\fuzz_dtlsclient.c" />
    <ClCompile Include="$(MSBuildThisFileDirectory)..\..\ExternalRepositories\mbedtls\programs\fuzz\fuzz_dtlsserver.c" />
    <ClCompile Include="$(MSBuildThisFileDirectory)..\..\ExternalRepositories\mbedtls\programs\fuzz\fuzz_privkey.c" />
    <ClCompile Include="$(MSBuildThisFileDirectory)..\..\ExternalRepositories\mbedtls\programs\fuzz\fuzz_pubkey.c" />
    <ClCompile Include="$(MSBuildThisFileDirectory)..\..\ExternalRepositories\mbedtls\programs\fuzz\fuzz_server.c" />
    <ClCompile Include="$(MSBuildThisFileDirectory)..\..\ExternalRepositories\mbedtls\programs\fuzz\fuzz_x509crl.c" />
    <ClCompile Include="$(MSBuildThisFileDirectory)..\..\ExternalRepositories\mbedtls\programs\fuzz\fuzz_x509crt.c" />
    <ClCompile Include="$(MSBuildThisFileDirectory)..\..\ExternalRepositories\mbedtls\programs\fuzz\fuzz_x509csr.c" />
    <ClCompile Include="$(MSBuildThisFileDirectory)..\..\ExternalRepositories\mbedtls\programs\fuzz\onefile.c" />
    <ClCompile Include="$(MSBuildThisFileDirectory)..\..\ExternalRepositories\mbedtls\programs\hash\generic_sum.c" />
    <ClCompile Include="$(MSBuildThisFileDirectory)..\..\ExternalRepositories\mbedtls\programs\hash\hello.c" />
    <ClCompile Include="$(MSBuildThisFileDirectory)..\..\ExternalRepositories\mbedtls\programs\pkey\dh_client.c" />
    <ClCompile Include="$(MSBuildThisFileDirectory)..\..\ExternalRepositories\mbedtls\programs\pkey\dh_genprime.c" />
    <ClCompile Include="$(MSBuildThisFileDirectory)..\..\ExternalRepositories\mbedtls\programs\pkey\dh_server.c" />
    <ClCompile Include="$(MSBuildThisFileDirectory)..\..\ExternalRepositories\mbedtls\programs\pkey\ecdh_curve25519.c" />
    <ClCompile Include="$(MSBuildThisFileDirectory)..\..\ExternalRepositories\mbedtls\programs\pkey\ecdsa.c" />
    <ClCompile Include="$(MSBuildThisFileDirectory)..\..\ExternalRepositories\mbedtls\programs\pkey\gen_key.c" />
    <ClCompile Include="$(MSBuildThisFileDirectory)..\..\ExternalRepositories\mbedtls\programs\pkey\key_app.c" />
    <ClCompile Include="$(MSBuildThisFileDirectory)..\..\ExternalRepositories\mbedtls\programs\pkey\key_app_writer.c" />
    <ClCompile Include="$(MSBuildThisFileDirectory)..\..\ExternalRepositories\mbedtls\programs\pkey\mpi_demo.c" />
    <ClCompile Include="$(MSBuildThisFileDirectory)..\..\ExternalRepositories\mbedtls\programs\pkey\pk_decrypt.c" />
    <ClCompile Include="$(MSBuildThisFileDirectory)..\..\ExternalRepositories\mbedtls\programs\pkey\pk_encrypt.c" />
    <ClCompile Include="$(MSBuildThisFileDirectory)..\..\ExternalRepositories\mbedtls\programs\pkey\pk_sign.c" />
    <ClCompile Include="$(MSBuildThisFileDirectory)..\..\ExternalRepositories\mbedtls\programs\pkey\pk_verify.c" />
    <ClCompile Include="$(MSBuildThisFileDirectory)..\..\ExternalRepositories\mbedtls\programs\pkey\rsa_decrypt.c" />
    <ClCompile Include="$(MSBuildThisFileDirectory)..\..\ExternalRepositories\mbedtls\programs\pkey\rsa_encrypt.c" />
    <ClCompile Include="$(MSBuildThisFileDirectory)..\..\ExternalRepositories\mbedtls\programs\pkey\rsa_genkey.c" />
    <ClCompile Include="$(MSBuildThisFileDirectory)..\..\ExternalRepositories\mbedtls\programs\pkey\rsa_sign.c" />
    <ClCompile Include="$(MSBuildThisFileDirectory)..\..\ExternalRepositories\mbedtls\programs\pkey\rsa_sign_pss.c" />
    <ClCompile Include="$(MSBuildThisFileDirectory)..\..\ExternalRepositories\mbedtls\programs\pkey\rsa_verify.c" />
    <ClCompile Include="$(MSBuildThisFileDirectory)..\..\ExternalRepositories\mbedtls\programs\pkey\rsa_verify_pss.c" />
    <ClCompile Include="$(MSBuildThisFileDirectory)..\..\ExternalRepositories\mbedtls\programs\psa\crypto_examples.c" />
    <ClCompile Include="$(MSBuildThisFileDirectory)..\..\ExternalRepositories\mbedtls\programs\psa\key_ladder_demo.c" />
    <ClCompile Include="$(MSBuildThisFileDirectory)..\..\ExternalRepositories\mbedtls\programs\psa\psa_constant_names.c" />
    <ClCompile Include="$(MSBuildThisFileDirectory)..\..\ExternalRepositories\mbedtls\programs\random\gen_entropy.c" />
    <ClCompile Include="$(MSBuildThisFileDirectory)..\..\ExternalRepositories\mbedtls\programs\random\gen_random_ctr_drbg.c" />
    <ClCompile Include="$(MSBuildThisFileDirectory)..\..\ExternalRepositories\mbedtls\programs\random\gen_random_havege.c" />
    <ClCompile Include="$(MSBuildThisFileDirectory)..\..\ExternalRepositories\mbedtls\programs\ssl\dtls_client.c" />
    <ClCompile Include="$(MSBuildThisFileDirectory)..\..\ExternalRepositories\mbedtls\programs\ssl\dtls_server.c" />
    <ClCompile Include="$(MSBuildThisFileDirectory)..\..\ExternalRepositories\mbedtls\programs\ssl\mini_client.c" />
    <ClCompile Include="$(MSBuildThisFileDirectory)..\..\ExternalRepositories\mbedtls\programs\ssl\ssl_client1.c" />
    <ClCompile Include="$(MSBuildThisFileDirectory)..\..\ExternalRepositories\mbedtls\programs\ssl\ssl_client2.c" />
    <ClCompile Include="$(MSBuildThisFileDirectory)..\..\ExternalRepositories\mbedtls\programs\ssl\ssl_context_info.c" />
    <ClCompile Include="$(MSBuildThisFileDirectory)..\..\ExternalRepositories\mbedtls\programs\ssl\ssl_fork_server.c" />
    <ClCompile Include="$(MSBuildThisFileDirectory)..\..\ExternalRepositories\mbedtls\programs\ssl\ssl_mail_client.c" />
    <ClCompile Include="$(MSBuildThisFileDirectory)..\..\ExternalRepositories\mbedtls\programs\ssl\ssl_pthread_server.c" />
    <ClCompile Include="$(MSBuildThisFileDirectory)..\..\ExternalRepositories\mbedtls\programs\ssl\ssl_server.c" />
    <ClCompile Include="$(MSBuildThisFileDirectory)..\..\ExternalRepositories\mbedtls\programs\ssl\ssl_server2.c" />
    <ClCompile Include="$(MSBuildThisFileDirectory)..\..\ExternalRepositories\mbedtls\programs\test\benchmark.c" />
    <ClCompile Include="$(MSBuildThisFileDirectory)..\..\ExternalRepositories\mbedtls\programs\test\cpp_dummy_build.cpp" />
    <ClCompile Include="$(MSBuildThisFileDirectory)..\..\ExternalRepositories\mbedtls\programs\test\query_compile_time_config.c" />
    <ClCompile Include="$(MSBuildThisFileDirectory)..\..\ExternalRepositories\mbedtls\programs\test\query_config.c" />
    <ClCompile Include="$(MSBuildThisFileDirectory)..\..\ExternalRepositories\mbedtls\programs\test\selftest.c" />
    <ClCompile Include="$(MSBuildThisFileDirectory)..\..\ExternalRepositories\mbedtls\programs\test\udp_proxy.c" />
    <ClCompile Include="$(MSBuildThisFileDirectory)..\..\ExternalRepositories\mbedtls\programs\test\zeroize.c" />
    <ClCompile Include="$(MSBuildThisFileDirectory)..\..\ExternalRepositories\mbedtls\programs\util\pem2der.c" />
    <ClCompile Include="$(MSBuildThisFileDirectory)..\..\ExternalRepositories\mbedtls\programs\util\strerror.c" />
    <ClCompile Include="$(MSBuildThisFileDirectory)..\..\ExternalRepositories\mbedtls\programs\wince_main.c" />
    <ClCompile Include="$(MSBuildThisFileDirectory)..\..\ExternalRepositories\mbedtls\programs\x509\cert_app.c" />
    <ClCompile Include="$(MSBuildThisFileDirectory)..\..\ExternalRepositories\mbedtls\programs\x509\cert_req.c" />
    <ClCompile Include="$(MSBuildThisFileDirectory)..\..\ExternalRepositories\mbedtls\programs\x509\cert_write.c" />
    <ClCompile Include="$(MSBuildThisFileDirectory)..\..\ExternalRepositories\mbedtls\programs\x509\crl_app.c" />
    <ClCompile Include="$(MSBuildThisFileDirectory)..\..\ExternalRepositories\mbedtls\programs\x509\req_app.c" />
  </ItemGroup>
  <ItemGroup>
    <ClInclude Include="$(MSBuildThisFileDirectory)..\..\ExternalRepositories\mbedtls\include\mbedtls\aes.h" />
    <ClInclude Include="$(MSBuildThisFileDirectory)..\..\ExternalRepositories\mbedtls\include\mbedtls\aesni.h" />
    <ClInclude Include="$(MSBuildThisFileDirectory)..\..\ExternalRepositories\mbedtls\include\mbedtls\arc4.h" />
    <ClInclude Include="$(MSBuildThisFileDirectory)..\..\ExternalRepositories\mbedtls\include\mbedtls\aria.h" />
    <ClInclude Include="$(MSBuildThisFileDirectory)..\..\ExternalRepositories\mbedtls\include\mbedtls\asn1.h" />
    <ClInclude Include="$(MSBuildThisFileDirectory)..\..\ExternalRepositories\mbedtls\include\mbedtls\asn1write.h" />
    <ClInclude Include="$(MSBuildThisFileDirectory)..\..\ExternalRepositories\mbedtls\include\mbedtls\base64.h" />
    <ClInclude Include="$(MSBuildThisFileDirectory)..\..\ExternalRepositories\mbedtls\include\mbedtls\bignum.h" />
    <ClInclude Include="$(MSBuildThisFileDirectory)..\..\ExternalRepositories\mbedtls\include\mbedtls\blowfish.h" />
    <ClInclude Include="$(MSBuildThisFileDirectory)..\..\ExternalRepositories\mbedtls\include\mbedtls\bn_mul.h" />
    <ClInclude Include="$(MSBuildThisFileDirectory)..\..\ExternalRepositories\mbedtls\include\mbedtls\camellia.h" />
    <ClInclude Include="$(MSBuildThisFileDirectory)..\..\ExternalRepositories\mbedtls\include\mbedtls\ccm.h" />
    <ClInclude Include="$(MSBuildThisFileDirectory)..\..\ExternalRepositories\mbedtls\include\mbedtls\certs.h" />
    <ClInclude Include="$(MSBuildThisFileDirectory)..\..\ExternalRepositories\mbedtls\include\mbedtls\chacha20.h" />
    <ClInclude Include="$(MSBuildThisFileDirectory)..\..\ExternalRepositories\mbedtls\include\mbedtls\chachapoly.h" />
    <ClInclude Include="$(MSBuildThisFileDirectory)..\..\ExternalRepositories\mbedtls\include\mbedtls\check_config.h" />
    <ClInclude Include="$(MSBuildThisFileDirectory)..\..\ExternalRepositories\mbedtls\include\mbedtls\cipher.h" />
    <ClInclude Include="$(MSBuildThisFileDirectory)..\..\ExternalRepositories\mbedtls\include\mbedtls\cipher_internal.h" />
    <ClInclude Include="$(MSBuildThisFileDirectory)..\..\ExternalRepositories\mbedtls\include\mbedtls\cmac.h" />
    <ClInclude Include="$(MSBuildThisFileDirectory)..\..\ExternalRepositories\mbedtls\include\mbedtls\compat-1.3.h" />
    <ClInclude Include="$(MSBuildThisFileDirectory)..\..\ExternalRepositories\mbedtls\include\mbedtls\config.h" />
    <ClInclude Include="$(MSBuildThisFileDirectory)..\..\ExternalRepositories\mbedtls\include\mbedtls\ctr_drbg.h" />
    <ClInclude Include="$(MSBuildThisFileDirectory)..\..\ExternalRepositories\mbedtls\include\mbedtls\debug.h" />
    <ClInclude Include="$(MSBuildThisFileDirectory)..\..\ExternalRepositories\mbedtls\include\mbedtls\des.h" />
    <ClInclude Include="$(MSBuildThisFileDirectory)..\..\ExternalRepositories\mbedtls\include\mbedtls\dhm.h" />
    <ClInclude Include="$(MSBuildThisFileDirectory)..\..\ExternalRepositories\mbedtls\include\mbedtls\ecdh.h" />
    <ClInclude Include="$(MSBuildThisFileDirectory)..\..\ExternalRepositories\mbedtls\include\mbedtls\ecdsa.h" />
    <ClInclude Include="$(MSBuildThisFileDirectory)..\..\ExternalRepositories\mbedtls\include\mbedtls\ecjpake.h" />
    <ClInclude Include="$(MSBuildThisFileDirectory)..\..\ExternalRepositories\mbedtls\include\mbedtls\ecp.h" />
    <ClInclude Include="$(MSBuildThisFileDirectory)..\..\ExternalRepositories\mbedtls\include\mbedtls\ecp_internal.h" />
    <ClInclude Include="$(MSBuildThisFileDirectory)..\..\ExternalRepositories\mbedtls\include\mbedtls\entropy.h" />
    <ClInclude Include="$(MSBuildThisFileDirectory)..\..\ExternalRepositories\mbedtls\include\mbedtls\entropy_poll.h" />
    <ClInclude Include="$(MSBuildThisFileDirectory)..\..\ExternalRepositories\mbedtls\include\mbedtls\error.h" />
    <ClInclude Include="$(MSBuildThisFileDirectory)..\..\ExternalRepositories\mbedtls\include\mbedtls\gcm.h" />
    <ClInclude Include="$(MSBuildThisFileDirectory)..\..\ExternalRepositories\mbedtls\include\mbedtls\havege.h" />
    <ClInclude Include="$(MSBuildThisFileDirectory)..\..\ExternalRepositories\mbedtls\include\mbedtls\hkdf.h" />
    <ClInclude Include="$(MSBuildThisFileDirectory)..\..\ExternalRepositories\mbedtls\include\mbedtls\hmac_drbg.h" />
    <ClInclude Include="$(MSBuildThisFileDirectory)..\..\ExternalRepositories\mbedtls\include\mbedtls\md.h" />
    <ClInclude Include="$(MSBuildThisFileDirectory)..\..\ExternalRepositories\mbedtls\include\mbedtls\md2.h" />
    <ClInclude Include="$(MSBuildThisFileDirectory)..\..\ExternalRepositories\mbedtls\include\mbedtls\md4.h" />
    <ClInclude Include="$(MSBuildThisFileDirectory)..\..\ExternalRepositories\mbedtls\include\mbedtls\md5.h" />
    <ClInclude Include="$(MSBuildThisFileDirectory)..\..\ExternalRepositories\mbedtls\include\mbedtls\md_internal.h" />
    <ClInclude Include="$(MSBuildThisFileDirectory)..\..\ExternalRepositories\mbedtls\include\mbedtls\memory_buffer_alloc.h" />
    <ClInclude Include="$(MSBuildThisFileDirectory)..\..\ExternalRepositories\mbedtls\include\mbedtls\net.h" />
    <ClInclude Include="$(MSBuildThisFileDirectory)..\..\ExternalRepositories\mbedtls\include\mbedtls\net_sockets.h" />
    <ClInclude Include="$(MSBuildThisFileDirectory)..\..\ExternalRepositories\mbedtls\include\mbedtls\nist_kw.h" />
    <ClInclude Include="$(MSBuildThisFileDirectory)..\..\ExternalRepositories\mbedtls\include\mbedtls\oid.h" />
    <ClInclude Include="$(MSBuildThisFileDirectory)..\..\ExternalRepositories\mbedtls\include\mbedtls\padlock.h" />
    <ClInclude Include="$(MSBuildThisFileDirectory)..\..\ExternalRepositories\mbedtls\include\mbedtls\pem.h" />
    <ClInclude Include="$(MSBuildThisFileDirectory)..\..\ExternalRepositories\mbedtls\include\mbedtls\pk.h" />
    <ClInclude Include="$(MSBuildThisFileDirectory)..\..\ExternalRepositories\mbedtls\include\mbedtls\pkcs11.h" />
    <ClInclude Include="$(MSBuildThisFileDirectory)..\..\ExternalRepositories\mbedtls\include\mbedtls\pkcs12.h" />
    <ClInclude Include="$(MSBuildThisFileDirectory)..\..\ExternalRepositories\mbedtls\include\mbedtls\pkcs5.h" />
    <ClInclude Include="$(MSBuildThisFileDirectory)..\..\ExternalRepositories\mbedtls\include\mbedtls\pk_internal.h" />
    <ClInclude Include="$(MSBuildThisFileDirectory)..\..\ExternalRepositories\mbedtls\include\mbedtls\platform.h" />
    <ClInclude Include="$(MSBuildThisFileDirectory)..\..\ExternalRepositories\mbedtls\include\mbedtls\platform_time.h" />
    <ClInclude Include="$(MSBuildThisFileDirectory)..\..\ExternalRepositories\mbedtls\include\mbedtls\platform_util.h" />
    <ClInclude Include="$(MSBuildThisFileDirectory)..\..\ExternalRepositories\mbedtls\include\mbedtls\poly1305.h" />
    <ClInclude Include="$(MSBuildThisFileDirectory)..\..\ExternalRepositories\mbedtls\include\mbedtls\psa_util.h" />
    <ClInclude Include="$(MSBuildThisFileDirectory)..\..\ExternalRepositories\mbedtls\include\mbedtls\ripemd160.h" />
    <ClInclude Include="$(MSBuildThisFileDirectory)..\..\ExternalRepositories\mbedtls\include\mbedtls\rsa.h" />
    <ClInclude Include="$(MSBuildThisFileDirectory)..\..\ExternalRepositories\mbedtls\include\mbedtls\rsa_internal.h" />
    <ClInclude Include="$(MSBuildThisFileDirectory)..\..\ExternalRepositories\mbedtls\include\mbedtls\sha1.h" />
    <ClInclude Include="$(MSBuildThisFileDirectory)..\..\ExternalRepositories\mbedtls\include\mbedtls\sha256.h" />
    <ClInclude Include="$(MSBuildThisFileDirectory)..\..\ExternalRepositories\mbedtls\include\mbedtls\sha512.h" />
    <ClInclude Include="$(MSBuildThisFileDirectory)..\..\ExternalRepositories\mbedtls\include\mbedtls\ssl.h" />
    <ClInclude Include="$(MSBuildThisFileDirectory)..\..\ExternalRepositories\mbedtls\include\mbedtls\ssl_cache.h" />
    <ClInclude Include="$(MSBuildThisFileDirectory)..\..\ExternalRepositories\mbedtls\include\mbedtls\ssl_ciphersuites.h" />
    <ClInclude Include="$(MSBuildThisFileDirectory)..\..\ExternalRepositories\mbedtls\include\mbedtls\ssl_cookie.h" />
    <ClInclude Include="$(MSBuildThisFileDirectory)..\..\ExternalRepositories\mbedtls\include\mbedtls\ssl_internal.h" />
    <ClInclude Include="$(MSBuildThisFileDirectory)..\..\ExternalRepositories\mbedtls\include\mbedtls\ssl_ticket.h" />
    <ClInclude Include="$(MSBuildThisFileDirectory)..\..\ExternalRepositories\mbedtls\include\mbedtls\threading.h" />
    <ClInclude Include="$(MSBuildThisFileDirectory)..\..\ExternalRepositories\mbedtls\include\mbedtls\timing.h" />
    <ClInclude Include="$(MSBuildThisFileDirectory)..\..\ExternalRepositories\mbedtls\include\mbedtls\version.h" />
    <ClInclude Include="$(MSBuildThisFileDirectory)..\..\ExternalRepositories\mbedtls\include\mbedtls\x509.h" />
    <ClInclude Include="$(MSBuildThisFileDirectory)..\..\ExternalRepositories\mbedtls\include\mbedtls\x509_crl.h" />
    <ClInclude Include="$(MSBuildThisFileDirectory)..\..\ExternalRepositories\mbedtls\include\mbedtls\x509_crt.h" />
    <ClInclude Include="$(MSBuildThisFileDirectory)..\..\ExternalRepositories\mbedtls\include\mbedtls\x509_csr.h" />
    <ClInclude Include="$(MSBuildThisFileDirectory)..\..\ExternalRepositories\mbedtls\include\mbedtls\xtea.h" />
    <ClInclude Include="$(MSBuildThisFileDirectory)..\..\ExternalRepositories\mbedtls\include\psa\crypto.h" />
    <ClInclude Include="$(MSBuildThisFileDirectory)..\..\ExternalRepositories\mbedtls\include\psa\crypto_accel_driver.h" />
    <ClInclude Include="$(MSBuildThisFileDirectory)..\..\ExternalRepositories\mbedtls\include\psa\crypto_compat.h" />
    <ClInclude Include="$(MSBuildThisFileDirectory)..\..\ExternalRepositories\mbedtls\include\psa\crypto_driver_common.h" />
    <ClInclude Include="$(MSBuildThisFileDirectory)..\..\ExternalRepositories\mbedtls\include\psa\crypto_entropy_driver.h" />
    <ClInclude Include="$(MSBuildThisFileDirectory)..\..\ExternalRepositories\mbedtls\include\psa\crypto_extra.h" />
    <ClInclude Include="$(MSBuildThisFileDirectory)..\..\ExternalRepositories\mbedtls\include\psa\crypto_platform.h" />
    <ClInclude Include="$(MSBuildThisFileDirectory)..\..\ExternalRepositories\mbedtls\include\psa\crypto_se_driver.h" />
    <ClInclude Include="$(MSBuildThisFileDirectory)..\..\ExternalRepositories\mbedtls\include\psa\crypto_sizes.h" />
    <ClInclude Include="$(MSBuildThisFileDirectory)..\..\ExternalRepositories\mbedtls\include\psa\crypto_struct.h" />
    <ClInclude Include="$(MSBuildThisFileDirectory)..\..\ExternalRepositories\mbedtls\include\psa\crypto_types.h" />
    <ClInclude Include="$(MSBuildThisFileDirectory)..\..\ExternalRepositories\mbedtls\include\psa\crypto_values.h" />
    <ClInclude Include="$(MSBuildThisFileDirectory)..\..\ExternalRepositories\mbedtls\library\common.h" />
    <ClInclude Include="$(MSBuildThisFileDirectory)..\..\ExternalRepositories\mbedtls\library\psa_crypto_core.h" />
    <ClInclude Include="$(MSBuildThisFileDirectory)..\..\ExternalRepositories\mbedtls\library\psa_crypto_invasive.h" />
    <ClInclude Include="$(MSBuildThisFileDirectory)..\..\ExternalRepositories\mbedtls\library\psa_crypto_its.h" />
    <ClInclude Include="$(MSBuildThisFileDirectory)..\..\ExternalRepositories\mbedtls\library\psa_crypto_se.h" />
    <ClInclude Include="$(MSBuildThisFileDirectory)..\..\ExternalRepositories\mbedtls\library\psa_crypto_service_integration.h" />
    <ClInclude Include="$(MSBuildThisFileDirectory)..\..\ExternalRepositories\mbedtls\library\psa_crypto_slot_management.h" />
    <ClInclude Include="$(MSBuildThisFileDirectory)..\..\ExternalRepositories\mbedtls\library\psa_crypto_storage.h" />
    <ClInclude Include="$(MSBuildThisFileDirectory)..\..\ExternalRepositories\mbedtls\programs\fuzz\common.h" />
  </ItemGroup>
  <ItemGroup>
    <None Include="$(MSBuildThisFileDirectory)..\..\ExternalRepositories\mbedtls\library\.gitignore" />
    <None Include="$(MSBuildThisFileDirectory)..\..\ExternalRepositories\mbedtls\library\Makefile" />
    <None Include="$(MSBuildThisFileDirectory)..\..\ExternalRepositories\mbedtls\programs\fuzz\corpuses\client" />
    <None Include="$(MSBuildThisFileDirectory)..\..\ExternalRepositories\mbedtls\programs\fuzz\corpuses\dtlsclient" />
    <None Include="$(MSBuildThisFileDirectory)..\..\ExternalRepositories\mbedtls\programs\fuzz\corpuses\dtlsserver" />
    <None Include="$(MSBuildThisFileDirectory)..\..\ExternalRepositories\mbedtls\programs\fuzz\corpuses\server" />
    <None Include="$(MSBuildThisFileDirectory)..\..\ExternalRepositories\mbedtls\programs\fuzz\fuzz_client.options" />
    <None Include="$(MSBuildThisFileDirectory)..\..\ExternalRepositories\mbedtls\programs\fuzz\fuzz_dtlsclient.options" />
    <None Include="$(MSBuildThisFileDirectory)..\..\ExternalRepositories\mbedtls\programs\fuzz\fuzz_dtlsserver.options" />
    <None Include="$(MSBuildThisFileDirectory)..\..\ExternalRepositories\mbedtls\programs\fuzz\fuzz_privkey.options" />
    <None Include="$(MSBuildThisFileDirectory)..\..\ExternalRepositories\mbedtls\programs\fuzz\fuzz_pubkey.options" />
    <None Include="$(MSBuildThisFileDirectory)..\..\ExternalRepositories\mbedtls\programs\fuzz\fuzz_server.options" />
    <None Include="$(MSBuildThisFileDirectory)..\..\ExternalRepositories\mbedtls\programs\fuzz\fuzz_x509crl.options" />
    <None Include="$(MSBuildThisFileDirectory)..\..\ExternalRepositories\mbedtls\programs\fuzz\fuzz_x509crt.options" />
    <None Include="$(MSBuildThisFileDirectory)..\..\ExternalRepositories\mbedtls\programs\fuzz\fuzz_x509csr.options" />
    <None Include="$(MSBuildThisFileDirectory)..\..\ExternalRepositories\mbedtls\programs\fuzz\Makefile" />
    <None Include="$(MSBuildThisFileDirectory)..\..\ExternalRepositories\mbedtls\programs\fuzz\README.md" />
    <None Include="$(MSBuildThisFileDirectory)..\..\ExternalRepositories\mbedtls\programs\psa\key_ladder_demo.sh" />
    <None Include="$(MSBuildThisFileDirectory)..\..\ExternalRepositories\mbedtls\programs\test\udp_proxy_wrapper.sh" />
    <None Include="$(MSBuildThisFileDirectory)..\..\ExternalRepositories\mbedtls\scripts\abi_check.py" />
    <None Include="$(MSBuildThisFileDirectory)..\..\ExternalRepositories\mbedtls\scripts\apidoc_full.sh" />
    <None Include="$(MSBuildThisFileDirectory)..\..\ExternalRepositories\mbedtls\scripts\assemble_changelog.py" />
    <None Include="$(MSBuildThisFileDirectory)..\..\ExternalRepositories\mbedtls\scripts\bump_version.sh" />
    <None Include="$(MSBuildThisFileDirectory)..\..\ExternalRepositories\mbedtls\scripts\config.pl" />
    <None Include="$(MSBuildThisFileDirectory)..\..\ExternalRepositories\mbedtls\scripts\config.py" />
    <None Include="$(MSBuildThisFileDirectory)..\..\ExternalRepositories\mbedtls\scripts\data_files\error.fmt" />
    <None Include="$(MSBuildThisFileDirectory)..\..\ExternalRepositories\mbedtls\scripts\data_files\query_config.fmt" />
    <None Include="$(MSBuildThisFileDirectory)..\..\ExternalRepositories\mbedtls\scripts\data_files\version_features.fmt" />
    <None Include="$(MSBuildThisFileDirectory)..\..\ExternalRepositories\mbedtls\scripts\data_files\vs2010-app-template.vcxproj" />
    <None Include="$(MSBuildThisFileDirectory)..\..\ExternalRepositories\mbedtls\scripts\data_files\vs2010-main-template.vcxproj" />
    <None Include="$(MSBuildThisFileDirectory)..\..\ExternalRepositories\mbedtls\scripts\data_files\vs2010-sln-template.sln" />
    <None Include="$(MSBuildThisFileDirectory)..\..\ExternalRepositories\mbedtls\scripts\data_files\vs6-app-template.dsp" />
    <None Include="$(MSBuildThisFileDirectory)..\..\ExternalRepositories\mbedtls\scripts\data_files\vs6-main-template.dsp" />
    <None Include="$(MSBuildThisFileDirectory)..\..\ExternalRepositories\mbedtls\scripts\data_files\vs6-workspace-template.dsw" />
    <None Include="$(MSBuildThisFileDirectory)..\..\ExternalRepositories\mbedtls\scripts\ecc-heap.sh" />
    <None Include="$(MSBuildThisFileDirectory)..\..\ExternalRepositories\mbedtls\scripts\find-mem-leak.cocci" />
    <None Include="$(MSBuildThisFileDirectory)..\..\ExternalRepositories\mbedtls\scripts\footprint.sh" />
    <None Include="$(MSBuildThisFileDirectory)..\..\ExternalRepositories\mbedtls\scripts\generate_errors.pl" />
    <None Include="$(MSBuildThisFileDirectory)..\..\ExternalRepositories\mbedtls\scripts\generate_features.pl" />
    <None Include="$(MSBuildThisFileDirectory)..\..\ExternalRepositories\mbedtls\scripts\generate_psa_constants.py" />
    <None Include="$(MSBuildThisFileDirectory)..\..\ExternalRepositories\mbedtls\scripts\generate_query_config.pl" />
    <None Include="$(MSBuildThisFileDirectory)..\..\ExternalRepositories\mbedtls\scripts\generate_visualc_files.pl" />
    <None Include="$(MSBuildThisFileDirectory)..\..\ExternalRepositories\mbedtls\scripts\massif_max.pl" />
    <None Include="$(MSBuildThisFileDirectory)..\..\ExternalRepositories\mbedtls\scripts\memory.sh" />
    <None Include="$(MSBuildThisFileDirectory)..\..\ExternalRepositories\mbedtls\scripts\output_env.sh" />
    <None Include="$(MSBuildThisFileDirectory)..\..\ExternalRepositories\mbedtls\scripts\rename.pl" />
    <None Include="$(MSBuildThisFileDirectory)..\..\ExternalRepositories\mbedtls\scripts\rm-calloc-cast.cocci" />
    <None Include="$(MSBuildThisFileDirectory)..\..\ExternalRepositories\mbedtls\scripts\tmp_ignore_makefiles.sh" />
    <None Include="$(MSBuildThisFileDirectory)..\..\ExternalRepositories\mbedtls\scripts\windows_msbuild.bat" />
  </ItemGroup>
  <ItemGroup>
    <Text Include="$(MSBuildThisFileDirectory)..\..\ExternalRepositories\mbedtls\library\CMakeLists.txt" />
    <Text Include="$(MSBuildThisFileDirectory)..\..\ExternalRepositories\mbedtls\programs\aes\CMakeLists.txt" />
    <Text Include="$(MSBuildThisFileDirectory)..\..\ExternalRepositories\mbedtls\programs\hash\CMakeLists.txt" />
    <Text Include="$(MSBuildThisFileDirectory)..\..\ExternalRepositories\mbedtls\programs\pkey\CMakeLists.txt" />
    <Text Include="$(MSBuildThisFileDirectory)..\..\ExternalRepositories\mbedtls\programs\pkey\dh_prime.txt" />
    <Text Include="$(MSBuildThisFileDirectory)..\..\ExternalRepositories\mbedtls\programs\pkey\rsa_priv.txt" />
    <Text Include="$(MSBuildThisFileDirectory)..\..\ExternalRepositories\mbedtls\programs\pkey\rsa_pub.txt" />
    <Text Include="$(MSBuildThisFileDirectory)..\..\ExternalRepositories\mbedtls\programs\psa\CMakeLists.txt" />
    <Text Include="$(MSBuildThisFileDirectory)..\..\ExternalRepositories\mbedtls\programs\random\CMakeLists.txt" />
    <Text Include="$(MSBuildThisFileDirectory)..\..\ExternalRepositories\mbedtls\programs\ssl\CMakeLists.txt" />
    <Text Include="$(MSBuildThisFileDirectory)..\..\ExternalRepositories\mbedtls\programs\test\CMakeLists.txt" />
    <Text Include="$(MSBuildThisFileDirectory)..\..\ExternalRepositories\mbedtls\programs\util\CMakeLists.txt" />
    <Text Include="$(MSBuildThisFileDirectory)..\..\ExternalRepositories\mbedtls\programs\x509\CMakeLists.txt" />
    <Text Include="$(MSBuildThisFileDirectory)..\..\ExternalRepositories\mbedtls\scripts\data_files\rename-1.3-2.0.txt" />
  </ItemGroup>
</Project>